// !$*UTF8*$!
{
	archiveVersion = 1;
	classes = {
	};
	objectVersion = 46;
	objects = {

/* Begin PBXBuildFile section */
		4A2D96891BC6A80F0038CC7D /* TestCaseRecord.m in Sources */ = {isa = PBXBuildFile; fileRef = 4A2D96881BC6A80F0038CC7D /* TestCaseRecord.m */; settings = {ASSET_TAGS = (); }; };
		4A925B991BC2DFC500CC3244 /* CTPersistanceTable.m in Sources */ = {isa = PBXBuildFile; fileRef = 4A925B981BC2DFC500CC3244 /* CTPersistanceTable.m */; settings = {ASSET_TAGS = (); }; };
		4A925BA51BC2EDB500CC3244 /* CTPersistanceTable+Delete.m in Sources */ = {isa = PBXBuildFile; fileRef = 4A925BA41BC2EDB500CC3244 /* CTPersistanceTable+Delete.m */; settings = {ASSET_TAGS = (); }; };
		4A925BA81BC2EDC300CC3244 /* CTPersistanceTable+Find.m in Sources */ = {isa = PBXBuildFile; fileRef = 4A925BA71BC2EDC300CC3244 /* CTPersistanceTable+Find.m */; settings = {ASSET_TAGS = (); }; };
		4A925BAB1BC2EDCE00CC3244 /* CTPersistanceTable+Insert.m in Sources */ = {isa = PBXBuildFile; fileRef = 4A925BAA1BC2EDCE00CC3244 /* CTPersistanceTable+Insert.m */; settings = {ASSET_TAGS = (); }; };
		4A925BAE1BC2EDDA00CC3244 /* CTPersistanceTable+Update.m in Sources */ = {isa = PBXBuildFile; fileRef = 4A925BAD1BC2EDDA00CC3244 /* CTPersistanceTable+Update.m */; settings = {ASSET_TAGS = (); }; };
		4A925BB51BC38F5000CC3244 /* CTPersistanceRecord.m in Sources */ = {isa = PBXBuildFile; fileRef = 4A925BB41BC38F5000CC3244 /* CTPersistanceRecord.m */; settings = {ASSET_TAGS = (); }; };
		4A925BB91BC39CCD00CC3244 /* CTPersistanceCriteria.m in Sources */ = {isa = PBXBuildFile; fileRef = 4A925BB81BC39CCD00CC3244 /* CTPersistanceCriteria.m */; settings = {ASSET_TAGS = (); }; };
		4A925BBD1BC3A0C500CC3244 /* NSString+SQL.m in Sources */ = {isa = PBXBuildFile; fileRef = 4A925BBC1BC3A0C500CC3244 /* NSString+SQL.m */; settings = {ASSET_TAGS = (); }; };
		4A925BC21BC3AA4100CC3244 /* NSArray+CTPersistanceRecordTransform.m in Sources */ = {isa = PBXBuildFile; fileRef = 4A925BC11BC3AA4100CC3244 /* NSArray+CTPersistanceRecordTransform.m */; settings = {ASSET_TAGS = (); }; };
		4A925BCA1BC3E83D00CC3244 /* TestRecord.m in Sources */ = {isa = PBXBuildFile; fileRef = 4A925BC61BC3E83D00CC3244 /* TestRecord.m */; settings = {ASSET_TAGS = (); }; };
		4A925BCB1BC3E83D00CC3244 /* TestTable.m in Sources */ = {isa = PBXBuildFile; fileRef = 4A925BC91BC3E83D00CC3244 /* TestTable.m */; settings = {ASSET_TAGS = (); }; };
		4A925BCE1BC3E85500CC3244 /* TestInsertData.m in Sources */ = {isa = PBXBuildFile; fileRef = 4A925BCD1BC3E85500CC3244 /* TestInsertData.m */; settings = {ASSET_TAGS = (); }; };
		4A925BD11BC3E86800CC3244 /* TestUpdateData.m in Sources */ = {isa = PBXBuildFile; fileRef = 4A925BD01BC3E86800CC3244 /* TestUpdateData.m */; settings = {ASSET_TAGS = (); }; };
		4A925BD41BC3E87600CC3244 /* TestFetchData.m in Sources */ = {isa = PBXBuildFile; fileRef = 4A925BD31BC3E87600CC3244 /* TestFetchData.m */; settings = {ASSET_TAGS = (); }; };
		4A925BD71BC3E88C00CC3244 /* TestDeleteData.m in Sources */ = {isa = PBXBuildFile; fileRef = 4A925BD61BC3E88C00CC3244 /* TestDeleteData.m */; settings = {ASSET_TAGS = (); }; };
		4A9E4FE31BC4C3F60009E111 /* NSString+ReqularExpression.m in Sources */ = {isa = PBXBuildFile; fileRef = 4A9E4FE21BC4C3F60009E111 /* NSString+ReqularExpression.m */; settings = {ASSET_TAGS = (); }; };
		4A9E4FE51BC4C76D0009E111 /* CTPersistanceConfiguration.plist in Resources */ = {isa = PBXBuildFile; fileRef = 4A9E4FE41BC4C76D0009E111 /* CTPersistanceConfiguration.plist */; settings = {ASSET_TAGS = (); }; };
		4A9E4FE91BC4CCB90009E111 /* TestMigrator.m in Sources */ = {isa = PBXBuildFile; fileRef = 4A9E4FE81BC4CCB90009E111 /* TestMigrator.m */; settings = {ASSET_TAGS = (); }; };
		4A9E4FF11BC4CF770009E111 /* CTPersistanceVersionTable.m in Sources */ = {isa = PBXBuildFile; fileRef = 4A9E4FEF1BC4CF770009E111 /* CTPersistanceVersionTable.m */; settings = {ASSET_TAGS = (); }; };
		4A9E4FF41BC4CFA00009E111 /* CTPersistanceVersionRecord.m in Sources */ = {isa = PBXBuildFile; fileRef = 4A9E4FF31BC4CFA00009E111 /* CTPersistanceVersionRecord.m */; settings = {ASSET_TAGS = (); }; };
		4A9E4FFD1BC4DA850009E111 /* MigrationStep1_0.m in Sources */ = {isa = PBXBuildFile; fileRef = 4A9E4FFB1BC4DA850009E111 /* MigrationStep1_0.m */; settings = {ASSET_TAGS = (); }; };
		4A9E50001BC4DA980009E111 /* MigrationStep2_0.m in Sources */ = {isa = PBXBuildFile; fileRef = 4A9E4FFF1BC4DA980009E111 /* MigrationStep2_0.m */; settings = {ASSET_TAGS = (); }; };
		4AD2D65C1BBFCD5E00E1F37D /* main.m in Sources */ = {isa = PBXBuildFile; fileRef = 4AD2D65B1BBFCD5E00E1F37D /* main.m */; };
		4AF066171BC189A70042288C /* libsqlite3.tbd in Frameworks */ = {isa = PBXBuildFile; fileRef = 4AF066161BC189A70042288C /* libsqlite3.tbd */; };
		4AF066271BC217280042288C /* CTPersistanceDataBase.m in Sources */ = {isa = PBXBuildFile; fileRef = 4AF066211BC217280042288C /* CTPersistanceDataBase.m */; settings = {ASSET_TAGS = (); }; };
		4AF066281BC217280042288C /* CTPersistanceDatabasePool.m in Sources */ = {isa = PBXBuildFile; fileRef = 4AF066231BC217280042288C /* CTPersistanceDatabasePool.m */; settings = {ASSET_TAGS = (); }; };
		4AF066291BC217280042288C /* CTPersistanceMigrator.m in Sources */ = {isa = PBXBuildFile; fileRef = 4AF066261BC217280042288C /* CTPersistanceMigrator.m */; settings = {ASSET_TAGS = (); }; };
		4AF066381BC276C40042288C /* CTPersistanceQueryCommand.m in Sources */ = {isa = PBXBuildFile; fileRef = 4AF066371BC276C40042288C /* CTPersistanceQueryCommand.m */; settings = {ASSET_TAGS = (); }; };
		4AF066421BC2819D0042288C /* CTPersistanceQueryCommand+ReadMethods.m in Sources */ = {isa = PBXBuildFile; fileRef = 4AF066401BC2819D0042288C /* CTPersistanceQueryCommand+ReadMethods.m */; settings = {ASSET_TAGS = (); }; };
		4AF066451BC281F00042288C /* CTPersistanceQueryCommand+DataManipulations.m in Sources */ = {isa = PBXBuildFile; fileRef = 4AF066441BC281F00042288C /* CTPersistanceQueryCommand+DataManipulations.m */; settings = {ASSET_TAGS = (); }; };
		4AF0664C1BC2821B0042288C /* CTPersistanceQueryCommand+SchemaManipulations.m in Sources */ = {isa = PBXBuildFile; fileRef = 4AF0664B1BC2821B0042288C /* CTPersistanceQueryCommand+SchemaManipulations.m */; settings = {ASSET_TAGS = (); }; };
/* End PBXBuildFile section */

/* Begin PBXFileReference section */
		4A2D96871BC6A80F0038CC7D /* TestCaseRecord.h */ = {isa = PBXFileReference; fileEncoding = 4; lastKnownFileType = sourcecode.c.h; path = TestCaseRecord.h; sourceTree = "<group>"; };
		4A2D96881BC6A80F0038CC7D /* TestCaseRecord.m */ = {isa = PBXFileReference; fileEncoding = 4; lastKnownFileType = sourcecode.c.objc; path = TestCaseRecord.m; sourceTree = "<group>"; };
		4A925B911BC2AD1A00CC3244 /* CTPersistanceMarcos.h */ = {isa = PBXFileReference; lastKnownFileType = sourcecode.c.h; path = CTPersistanceMarcos.h; sourceTree = "<group>"; };
		4A925B971BC2DFC500CC3244 /* CTPersistanceTable.h */ = {isa = PBXFileReference; fileEncoding = 4; lastKnownFileType = sourcecode.c.h; path = CTPersistanceTable.h; sourceTree = "<group>"; };
		4A925B981BC2DFC500CC3244 /* CTPersistanceTable.m */ = {isa = PBXFileReference; fileEncoding = 4; lastKnownFileType = sourcecode.c.objc; path = CTPersistanceTable.m; sourceTree = "<group>"; };
		4A925BA31BC2EDB500CC3244 /* CTPersistanceTable+Delete.h */ = {isa = PBXFileReference; fileEncoding = 4; lastKnownFileType = sourcecode.c.h; path = "CTPersistanceTable+Delete.h"; sourceTree = "<group>"; };
		4A925BA41BC2EDB500CC3244 /* CTPersistanceTable+Delete.m */ = {isa = PBXFileReference; fileEncoding = 4; lastKnownFileType = sourcecode.c.objc; path = "CTPersistanceTable+Delete.m"; sourceTree = "<group>"; };
		4A925BA61BC2EDC300CC3244 /* CTPersistanceTable+Find.h */ = {isa = PBXFileReference; fileEncoding = 4; lastKnownFileType = sourcecode.c.h; path = "CTPersistanceTable+Find.h"; sourceTree = "<group>"; };
		4A925BA71BC2EDC300CC3244 /* CTPersistanceTable+Find.m */ = {isa = PBXFileReference; fileEncoding = 4; lastKnownFileType = sourcecode.c.objc; path = "CTPersistanceTable+Find.m"; sourceTree = "<group>"; };
		4A925BA91BC2EDCE00CC3244 /* CTPersistanceTable+Insert.h */ = {isa = PBXFileReference; fileEncoding = 4; lastKnownFileType = sourcecode.c.h; path = "CTPersistanceTable+Insert.h"; sourceTree = "<group>"; };
		4A925BAA1BC2EDCE00CC3244 /* CTPersistanceTable+Insert.m */ = {isa = PBXFileReference; fileEncoding = 4; lastKnownFileType = sourcecode.c.objc; path = "CTPersistanceTable+Insert.m"; sourceTree = "<group>"; };
		4A925BAC1BC2EDDA00CC3244 /* CTPersistanceTable+Update.h */ = {isa = PBXFileReference; fileEncoding = 4; lastKnownFileType = sourcecode.c.h; path = "CTPersistanceTable+Update.h"; sourceTree = "<group>"; };
		4A925BAD1BC2EDDA00CC3244 /* CTPersistanceTable+Update.m */ = {isa = PBXFileReference; fileEncoding = 4; lastKnownFileType = sourcecode.c.objc; path = "CTPersistanceTable+Update.m"; sourceTree = "<group>"; };
		4A925BB31BC38F5000CC3244 /* CTPersistanceRecord.h */ = {isa = PBXFileReference; fileEncoding = 4; lastKnownFileType = sourcecode.c.h; path = CTPersistanceRecord.h; sourceTree = "<group>"; };
		4A925BB41BC38F5000CC3244 /* CTPersistanceRecord.m */ = {isa = PBXFileReference; fileEncoding = 4; lastKnownFileType = sourcecode.c.objc; path = CTPersistanceRecord.m; sourceTree = "<group>"; };
		4A925BB71BC39CCD00CC3244 /* CTPersistanceCriteria.h */ = {isa = PBXFileReference; fileEncoding = 4; lastKnownFileType = sourcecode.c.h; path = CTPersistanceCriteria.h; sourceTree = "<group>"; };
		4A925BB81BC39CCD00CC3244 /* CTPersistanceCriteria.m */ = {isa = PBXFileReference; fileEncoding = 4; lastKnownFileType = sourcecode.c.objc; path = CTPersistanceCriteria.m; sourceTree = "<group>"; };
		4A925BBB1BC3A0C500CC3244 /* NSString+SQL.h */ = {isa = PBXFileReference; fileEncoding = 4; lastKnownFileType = sourcecode.c.h; path = "NSString+SQL.h"; sourceTree = "<group>"; };
		4A925BBC1BC3A0C500CC3244 /* NSString+SQL.m */ = {isa = PBXFileReference; fileEncoding = 4; lastKnownFileType = sourcecode.c.objc; path = "NSString+SQL.m"; sourceTree = "<group>"; };
		4A925BC01BC3AA4100CC3244 /* NSArray+CTPersistanceRecordTransform.h */ = {isa = PBXFileReference; fileEncoding = 4; lastKnownFileType = sourcecode.c.h; path = "NSArray+CTPersistanceRecordTransform.h"; sourceTree = "<group>"; };
		4A925BC11BC3AA4100CC3244 /* NSArray+CTPersistanceRecordTransform.m */ = {isa = PBXFileReference; fileEncoding = 4; lastKnownFileType = sourcecode.c.objc; path = "NSArray+CTPersistanceRecordTransform.m"; sourceTree = "<group>"; };
		4A925BC51BC3E83D00CC3244 /* TestRecord.h */ = {isa = PBXFileReference; fileEncoding = 4; lastKnownFileType = sourcecode.c.h; path = TestRecord.h; sourceTree = "<group>"; };
		4A925BC61BC3E83D00CC3244 /* TestRecord.m */ = {isa = PBXFileReference; fileEncoding = 4; lastKnownFileType = sourcecode.c.objc; path = TestRecord.m; sourceTree = "<group>"; };
		4A925BC81BC3E83D00CC3244 /* TestTable.h */ = {isa = PBXFileReference; fileEncoding = 4; lastKnownFileType = sourcecode.c.h; path = TestTable.h; sourceTree = "<group>"; };
		4A925BC91BC3E83D00CC3244 /* TestTable.m */ = {isa = PBXFileReference; fileEncoding = 4; lastKnownFileType = sourcecode.c.objc; path = TestTable.m; sourceTree = "<group>"; };
		4A925BCC1BC3E85500CC3244 /* TestInsertData.h */ = {isa = PBXFileReference; fileEncoding = 4; lastKnownFileType = sourcecode.c.h; path = TestInsertData.h; sourceTree = "<group>"; };
		4A925BCD1BC3E85500CC3244 /* TestInsertData.m */ = {isa = PBXFileReference; fileEncoding = 4; lastKnownFileType = sourcecode.c.objc; path = TestInsertData.m; sourceTree = "<group>"; };
		4A925BCF1BC3E86800CC3244 /* TestUpdateData.h */ = {isa = PBXFileReference; fileEncoding = 4; lastKnownFileType = sourcecode.c.h; path = TestUpdateData.h; sourceTree = "<group>"; };
		4A925BD01BC3E86800CC3244 /* TestUpdateData.m */ = {isa = PBXFileReference; fileEncoding = 4; lastKnownFileType = sourcecode.c.objc; path = TestUpdateData.m; sourceTree = "<group>"; };
		4A925BD21BC3E87600CC3244 /* TestFetchData.h */ = {isa = PBXFileReference; fileEncoding = 4; lastKnownFileType = sourcecode.c.h; path = TestFetchData.h; sourceTree = "<group>"; };
		4A925BD31BC3E87600CC3244 /* TestFetchData.m */ = {isa = PBXFileReference; fileEncoding = 4; lastKnownFileType = sourcecode.c.objc; path = TestFetchData.m; sourceTree = "<group>"; };
		4A925BD51BC3E88C00CC3244 /* TestDeleteData.h */ = {isa = PBXFileReference; fileEncoding = 4; lastKnownFileType = sourcecode.c.h; path = TestDeleteData.h; sourceTree = "<group>"; };
		4A925BD61BC3E88C00CC3244 /* TestDeleteData.m */ = {isa = PBXFileReference; fileEncoding = 4; lastKnownFileType = sourcecode.c.objc; path = TestDeleteData.m; sourceTree = "<group>"; };
		4A925BD81BC4016A00CC3244 /* CTPersistanceRecordProtocol.h */ = {isa = PBXFileReference; lastKnownFileType = sourcecode.c.h; path = CTPersistanceRecordProtocol.h; sourceTree = "<group>"; };
		4A9E4FE11BC4C3F60009E111 /* NSString+ReqularExpression.h */ = {isa = PBXFileReference; fileEncoding = 4; lastKnownFileType = sourcecode.c.h; path = "NSString+ReqularExpression.h"; sourceTree = "<group>"; };
		4A9E4FE21BC4C3F60009E111 /* NSString+ReqularExpression.m */ = {isa = PBXFileReference; fileEncoding = 4; lastKnownFileType = sourcecode.c.objc; path = "NSString+ReqularExpression.m"; sourceTree = "<group>"; };
		4A9E4FE41BC4C76D0009E111 /* CTPersistanceConfiguration.plist */ = {isa = PBXFileReference; fileEncoding = 4; lastKnownFileType = text.plist.xml; path = CTPersistanceConfiguration.plist; sourceTree = "<group>"; };
		4A9E4FE71BC4CCB90009E111 /* TestMigrator.h */ = {isa = PBXFileReference; fileEncoding = 4; lastKnownFileType = sourcecode.c.h; path = TestMigrator.h; sourceTree = "<group>"; };
		4A9E4FE81BC4CCB90009E111 /* TestMigrator.m */ = {isa = PBXFileReference; fileEncoding = 4; lastKnownFileType = sourcecode.c.objc; path = TestMigrator.m; sourceTree = "<group>"; };
		4A9E4FEE1BC4CF770009E111 /* CTPersistanceVersionTable.h */ = {isa = PBXFileReference; fileEncoding = 4; lastKnownFileType = sourcecode.c.h; path = CTPersistanceVersionTable.h; sourceTree = "<group>"; };
		4A9E4FEF1BC4CF770009E111 /* CTPersistanceVersionTable.m */ = {isa = PBXFileReference; fileEncoding = 4; lastKnownFileType = sourcecode.c.objc; path = CTPersistanceVersionTable.m; sourceTree = "<group>"; };
		4A9E4FF21BC4CFA00009E111 /* CTPersistanceVersionRecord.h */ = {isa = PBXFileReference; fileEncoding = 4; lastKnownFileType = sourcecode.c.h; path = CTPersistanceVersionRecord.h; sourceTree = "<group>"; };
		4A9E4FF31BC4CFA00009E111 /* CTPersistanceVersionRecord.m */ = {isa = PBXFileReference; fileEncoding = 4; lastKnownFileType = sourcecode.c.objc; path = CTPersistanceVersionRecord.m; sourceTree = "<group>"; };
		4A9E4FFA1BC4DA850009E111 /* MigrationStep1_0.h */ = {isa = PBXFileReference; fileEncoding = 4; lastKnownFileType = sourcecode.c.h; path = MigrationStep1_0.h; sourceTree = "<group>"; };
		4A9E4FFB1BC4DA850009E111 /* MigrationStep1_0.m */ = {isa = PBXFileReference; fileEncoding = 4; lastKnownFileType = sourcecode.c.objc; path = MigrationStep1_0.m; sourceTree = "<group>"; };
		4A9E4FFE1BC4DA980009E111 /* MigrationStep2_0.h */ = {isa = PBXFileReference; fileEncoding = 4; lastKnownFileType = sourcecode.c.h; path = MigrationStep2_0.h; sourceTree = "<group>"; };
		4A9E4FFF1BC4DA980009E111 /* MigrationStep2_0.m */ = {isa = PBXFileReference; fileEncoding = 4; lastKnownFileType = sourcecode.c.objc; path = MigrationStep2_0.m; sourceTree = "<group>"; };
		4AD2D6571BBFCD5E00E1F37D /* CTPersistance.app */ = {isa = PBXFileReference; explicitFileType = wrapper.application; includeInIndex = 0; path = CTPersistance.app; sourceTree = BUILT_PRODUCTS_DIR; };
		4AD2D65B1BBFCD5E00E1F37D /* main.m */ = {isa = PBXFileReference; lastKnownFileType = sourcecode.c.objc; path = main.m; sourceTree = "<group>"; };
		4AD2D66B1BBFCD5E00E1F37D /* Info.plist */ = {isa = PBXFileReference; lastKnownFileType = text.plist.xml; path = Info.plist; sourceTree = "<group>"; };
		4AF066111BC00D020042288C /* CTPersistance.h */ = {isa = PBXFileReference; lastKnownFileType = sourcecode.c.h; path = CTPersistance.h; sourceTree = "<group>"; };
		4AF066121BC00E660042288C /* CTPersistanceConfiguration.h */ = {isa = PBXFileReference; lastKnownFileType = sourcecode.c.h; path = CTPersistanceConfiguration.h; sourceTree = "<group>"; };
		4AF066161BC189A70042288C /* libsqlite3.tbd */ = {isa = PBXFileReference; lastKnownFileType = "sourcecode.text-based-dylib-definition"; name = libsqlite3.tbd; path = usr/lib/libsqlite3.tbd; sourceTree = SDKROOT; };
		4AF066201BC217280042288C /* CTPersistanceDataBase.h */ = {isa = PBXFileReference; fileEncoding = 4; lastKnownFileType = sourcecode.c.h; path = CTPersistanceDataBase.h; sourceTree = "<group>"; };
		4AF066211BC217280042288C /* CTPersistanceDataBase.m */ = {isa = PBXFileReference; fileEncoding = 4; lastKnownFileType = sourcecode.c.objc; path = CTPersistanceDataBase.m; sourceTree = "<group>"; };
		4AF066221BC217280042288C /* CTPersistanceDatabasePool.h */ = {isa = PBXFileReference; fileEncoding = 4; lastKnownFileType = sourcecode.c.h; path = CTPersistanceDatabasePool.h; sourceTree = "<group>"; };
		4AF066231BC217280042288C /* CTPersistanceDatabasePool.m */ = {isa = PBXFileReference; fileEncoding = 4; lastKnownFileType = sourcecode.c.objc; path = CTPersistanceDatabasePool.m; sourceTree = "<group>"; };
		4AF066251BC217280042288C /* CTPersistanceMigrator.h */ = {isa = PBXFileReference; fileEncoding = 4; lastKnownFileType = sourcecode.c.h; path = CTPersistanceMigrator.h; sourceTree = "<group>"; };
		4AF066261BC217280042288C /* CTPersistanceMigrator.m */ = {isa = PBXFileReference; fileEncoding = 4; lastKnownFileType = sourcecode.c.objc; path = CTPersistanceMigrator.m; sourceTree = "<group>"; };
		4AF066361BC276C40042288C /* CTPersistanceQueryCommand.h */ = {isa = PBXFileReference; fileEncoding = 4; lastKnownFileType = sourcecode.c.h; path = CTPersistanceQueryCommand.h; sourceTree = "<group>"; };
		4AF066371BC276C40042288C /* CTPersistanceQueryCommand.m */ = {isa = PBXFileReference; fileEncoding = 4; lastKnownFileType = sourcecode.c.objc; path = CTPersistanceQueryCommand.m; sourceTree = "<group>"; };
		4AF0663F1BC2819D0042288C /* CTPersistanceQueryCommand+ReadMethods.h */ = {isa = PBXFileReference; fileEncoding = 4; lastKnownFileType = sourcecode.c.h; path = "CTPersistanceQueryCommand+ReadMethods.h"; sourceTree = "<group>"; };
		4AF066401BC2819D0042288C /* CTPersistanceQueryCommand+ReadMethods.m */ = {isa = PBXFileReference; fileEncoding = 4; lastKnownFileType = sourcecode.c.objc; path = "CTPersistanceQueryCommand+ReadMethods.m"; sourceTree = "<group>"; };
		4AF066431BC281F00042288C /* CTPersistanceQueryCommand+DataManipulations.h */ = {isa = PBXFileReference; fileEncoding = 4; lastKnownFileType = sourcecode.c.h; path = "CTPersistanceQueryCommand+DataManipulations.h"; sourceTree = "<group>"; };
		4AF066441BC281F00042288C /* CTPersistanceQueryCommand+DataManipulations.m */ = {isa = PBXFileReference; fileEncoding = 4; lastKnownFileType = sourcecode.c.objc; path = "CTPersistanceQueryCommand+DataManipulations.m"; sourceTree = "<group>"; };
		4AF0664A1BC2821B0042288C /* CTPersistanceQueryCommand+SchemaManipulations.h */ = {isa = PBXFileReference; fileEncoding = 4; lastKnownFileType = sourcecode.c.h; path = "CTPersistanceQueryCommand+SchemaManipulations.h"; sourceTree = "<group>"; };
		4AF0664B1BC2821B0042288C /* CTPersistanceQueryCommand+SchemaManipulations.m */ = {isa = PBXFileReference; fileEncoding = 4; lastKnownFileType = sourcecode.c.objc; path = "CTPersistanceQueryCommand+SchemaManipulations.m"; sourceTree = "<group>"; };
/* End PBXFileReference section */

/* Begin PBXFrameworksBuildPhase section */
		4AD2D6541BBFCD5E00E1F37D /* Frameworks */ = {
			isa = PBXFrameworksBuildPhase;
			buildActionMask = 2147483647;
			files = (
				4AF066171BC189A70042288C /* libsqlite3.tbd in Frameworks */,
			);
			runOnlyForDeploymentPostprocessing = 0;
		};
/* End PBXFrameworksBuildPhase section */

/* Begin PBXGroup section */
		4A925B871BC295C600CC3244 /* Categories */ = {
			isa = PBXGroup;
			children = (
				4A925BBE1BC3AA2800CC3244 /* NSArray */,
				4A925B881BC295C600CC3244 /* NSString */,
			);
			path = Categories;
			sourceTree = "<group>";
		};
		4A925B881BC295C600CC3244 /* NSString */ = {
			isa = PBXGroup;
			children = (
				4A9E4FE01BC4C3CF0009E111 /* ReqularExpression */,
				4A925BBA1BC3A0C500CC3244 /* SQL */,
			);
			path = NSString;
			sourceTree = "<group>";
		};
		4A925B961BC2DFC500CC3244 /* Table */ = {
			isa = PBXGroup;
			children = (
				4A925B9E1BC2ED3A00CC3244 /* Categories */,
				4A925B971BC2DFC500CC3244 /* CTPersistanceTable.h */,
				4A925B981BC2DFC500CC3244 /* CTPersistanceTable.m */,
			);
			path = Table;
			sourceTree = "<group>";
		};
		4A925B9E1BC2ED3A00CC3244 /* Categories */ = {
			isa = PBXGroup;
			children = (
				4A925B9F1BC2ED5F00CC3244 /* Delete */,
				4A925BA01BC2ED5F00CC3244 /* Find */,
				4A925BA11BC2ED5F00CC3244 /* Insert */,
				4A925BA21BC2ED5F00CC3244 /* Update */,
			);
			path = Categories;
			sourceTree = "<group>";
		};
		4A925B9F1BC2ED5F00CC3244 /* Delete */ = {
			isa = PBXGroup;
			children = (
				4A925BA31BC2EDB500CC3244 /* CTPersistanceTable+Delete.h */,
				4A925BA41BC2EDB500CC3244 /* CTPersistanceTable+Delete.m */,
			);
			path = Delete;
			sourceTree = "<group>";
		};
		4A925BA01BC2ED5F00CC3244 /* Find */ = {
			isa = PBXGroup;
			children = (
				4A925BA61BC2EDC300CC3244 /* CTPersistanceTable+Find.h */,
				4A925BA71BC2EDC300CC3244 /* CTPersistanceTable+Find.m */,
			);
			path = Find;
			sourceTree = "<group>";
		};
		4A925BA11BC2ED5F00CC3244 /* Insert */ = {
			isa = PBXGroup;
			children = (
				4A925BA91BC2EDCE00CC3244 /* CTPersistanceTable+Insert.h */,
				4A925BAA1BC2EDCE00CC3244 /* CTPersistanceTable+Insert.m */,
			);
			path = Insert;
			sourceTree = "<group>";
		};
		4A925BA21BC2ED5F00CC3244 /* Update */ = {
			isa = PBXGroup;
			children = (
				4A925BAC1BC2EDDA00CC3244 /* CTPersistanceTable+Update.h */,
				4A925BAD1BC2EDDA00CC3244 /* CTPersistanceTable+Update.m */,
			);
			path = Update;
			sourceTree = "<group>";
		};
		4A925BB21BC38F3C00CC3244 /* Record */ = {
			isa = PBXGroup;
			children = (
				4A925BD81BC4016A00CC3244 /* CTPersistanceRecordProtocol.h */,
				4A925BB31BC38F5000CC3244 /* CTPersistanceRecord.h */,
				4A925BB41BC38F5000CC3244 /* CTPersistanceRecord.m */,
			);
			path = Record;
			sourceTree = "<group>";
		};
		4A925BB61BC39CBB00CC3244 /* Criteria */ = {
			isa = PBXGroup;
			children = (
				4A925BB71BC39CCD00CC3244 /* CTPersistanceCriteria.h */,
				4A925BB81BC39CCD00CC3244 /* CTPersistanceCriteria.m */,
			);
			path = Criteria;
			sourceTree = "<group>";
		};
		4A925BBA1BC3A0C500CC3244 /* SQL */ = {
			isa = PBXGroup;
			children = (
				4A925BBB1BC3A0C500CC3244 /* NSString+SQL.h */,
				4A925BBC1BC3A0C500CC3244 /* NSString+SQL.m */,
			);
			path = SQL;
			sourceTree = "<group>";
		};
		4A925BBE1BC3AA2800CC3244 /* NSArray */ = {
			isa = PBXGroup;
			children = (
				4A925BBF1BC3AA2800CC3244 /* CTPersistanceRecordTransform */,
			);
			path = NSArray;
			sourceTree = "<group>";
		};
		4A925BBF1BC3AA2800CC3244 /* CTPersistanceRecordTransform */ = {
			isa = PBXGroup;
			children = (
				4A925BC01BC3AA4100CC3244 /* NSArray+CTPersistanceRecordTransform.h */,
				4A925BC11BC3AA4100CC3244 /* NSArray+CTPersistanceRecordTransform.m */,
			);
			path = CTPersistanceRecordTransform;
			sourceTree = "<group>";
		};
		4A925BC31BC3E83D00CC3244 /* TestModel */ = {
			isa = PBXGroup;
			children = (
				4A9E4FE61BC4CCA10009E111 /* Migrator */,
				4A925BC41BC3E83D00CC3244 /* Record */,
				4A925BC71BC3E83D00CC3244 /* Table */,
			);
			path = TestModel;
			sourceTree = "<group>";
		};
		4A925BC41BC3E83D00CC3244 /* Record */ = {
			isa = PBXGroup;
			children = (
				4A925BC51BC3E83D00CC3244 /* TestRecord.h */,
				4A925BC61BC3E83D00CC3244 /* TestRecord.m */,
			);
			path = Record;
			sourceTree = "<group>";
		};
		4A925BC71BC3E83D00CC3244 /* Table */ = {
			isa = PBXGroup;
			children = (
				4A925BC81BC3E83D00CC3244 /* TestTable.h */,
				4A925BC91BC3E83D00CC3244 /* TestTable.m */,
			);
			path = Table;
			sourceTree = "<group>";
		};
		4A9E4FE01BC4C3CF0009E111 /* ReqularExpression */ = {
			isa = PBXGroup;
			children = (
				4A9E4FE11BC4C3F60009E111 /* NSString+ReqularExpression.h */,
				4A9E4FE21BC4C3F60009E111 /* NSString+ReqularExpression.m */,
			);
			path = ReqularExpression;
			sourceTree = "<group>";
		};
		4A9E4FE61BC4CCA10009E111 /* Migrator */ = {
			isa = PBXGroup;
			children = (
				4A9E4FF51BC4D98E0009E111 /* MigrationSteps */,
				4A9E4FE71BC4CCB90009E111 /* TestMigrator.h */,
				4A9E4FE81BC4CCB90009E111 /* TestMigrator.m */,
			);
			path = Migrator;
			sourceTree = "<group>";
		};
		4A9E4FED1BC4CF770009E111 /* MigrationVersionTable */ = {
			isa = PBXGroup;
			children = (
				4A9E4FF01BC4CF770009E111 /* Record */,
				4A9E4FEE1BC4CF770009E111 /* CTPersistanceVersionTable.h */,
				4A9E4FEF1BC4CF770009E111 /* CTPersistanceVersionTable.m */,
			);
			path = MigrationVersionTable;
			sourceTree = "<group>";
		};
		4A9E4FF01BC4CF770009E111 /* Record */ = {
			isa = PBXGroup;
			children = (
				4A9E4FF21BC4CFA00009E111 /* CTPersistanceVersionRecord.h */,
				4A9E4FF31BC4CFA00009E111 /* CTPersistanceVersionRecord.m */,
			);
			path = Record;
			sourceTree = "<group>";
		};
		4A9E4FF51BC4D98E0009E111 /* MigrationSteps */ = {
			isa = PBXGroup;
			children = (
				4A9E4FF91BC4DA850009E111 /* 1_0 */,
				4A9E4FFC1BC4DA850009E111 /* 2_0 */,
			);
			path = MigrationSteps;
			sourceTree = "<group>";
		};
		4A9E4FF91BC4DA850009E111 /* 1_0 */ = {
			isa = PBXGroup;
			children = (
				4A9E4FFA1BC4DA850009E111 /* MigrationStep1_0.h */,
				4A9E4FFB1BC4DA850009E111 /* MigrationStep1_0.m */,
			);
			path = 1_0;
			sourceTree = "<group>";
		};
		4A9E4FFC1BC4DA850009E111 /* 2_0 */ = {
			isa = PBXGroup;
			children = (
				4A9E4FFE1BC4DA980009E111 /* MigrationStep2_0.h */,
				4A9E4FFF1BC4DA980009E111 /* MigrationStep2_0.m */,
			);
			path = 2_0;
			sourceTree = "<group>";
		};
		4AD2D64E1BBFCD5E00E1F37D = {
			isa = PBXGroup;
			children = (
				4AD2D6591BBFCD5E00E1F37D /* CTPersistance */,
				4AD2D6581BBFCD5E00E1F37D /* Products */,
			);
			sourceTree = "<group>";
		};
		4AD2D6581BBFCD5E00E1F37D /* Products */ = {
			isa = PBXGroup;
			children = (
				4AD2D6571BBFCD5E00E1F37D /* CTPersistance.app */,
			);
			name = Products;
			sourceTree = "<group>";
		};
		4AD2D6591BBFCD5E00E1F37D /* CTPersistance */ = {
			isa = PBXGroup;
			children = (
				4AD2D6711BBFCD7200E1F37D /* CTPersistance */,
				4AF0662E1BC21EF80042288C /* Test */,
				4AD2D65A1BBFCD5E00E1F37D /* Supporting Files */,
				4A9E4FE41BC4C76D0009E111 /* CTPersistanceConfiguration.plist */,
			);
			path = CTPersistance;
			sourceTree = "<group>";
		};
		4AD2D65A1BBFCD5E00E1F37D /* Supporting Files */ = {
			isa = PBXGroup;
			children = (
				4AD2D66B1BBFCD5E00E1F37D /* Info.plist */,
				4AF066161BC189A70042288C /* libsqlite3.tbd */,
				4AD2D65B1BBFCD5E00E1F37D /* main.m */,
			);
			name = "Supporting Files";
			sourceTree = "<group>";
		};
		4AD2D6711BBFCD7200E1F37D /* CTPersistance */ = {
			isa = PBXGroup;
			children = (
				4A925B871BC295C600CC3244 /* Categories */,
				4AF0661F1BC217280042288C /* Database */,
				4A925B961BC2DFC500CC3244 /* Table */,
				4A925BB21BC38F3C00CC3244 /* Record */,
				4AF066351BC276C40042288C /* QueryCommand */,
				4AF066241BC217280042288C /* Migration */,
				4A925BB61BC39CBB00CC3244 /* Criteria */,
				4AF066111BC00D020042288C /* CTPersistance.h */,
				4AF066121BC00E660042288C /* CTPersistanceConfiguration.h */,
				4A925B911BC2AD1A00CC3244 /* CTPersistanceMarcos.h */,
			);
			path = CTPersistance;
			sourceTree = "<group>";
		};
		4AF0661F1BC217280042288C /* Database */ = {
			isa = PBXGroup;
			children = (
				4AF066201BC217280042288C /* CTPersistanceDataBase.h */,
				4AF066211BC217280042288C /* CTPersistanceDataBase.m */,
				4AF066221BC217280042288C /* CTPersistanceDatabasePool.h */,
				4AF066231BC217280042288C /* CTPersistanceDatabasePool.m */,
			);
			path = Database;
			sourceTree = "<group>";
		};
		4AF066241BC217280042288C /* Migration */ = {
			isa = PBXGroup;
			children = (
				4A9E4FED1BC4CF770009E111 /* MigrationVersionTable */,
				4AF066251BC217280042288C /* CTPersistanceMigrator.h */,
				4AF066261BC217280042288C /* CTPersistanceMigrator.m */,
			);
			path = Migration;
			sourceTree = "<group>";
		};
		4AF0662E1BC21EF80042288C /* Test */ = {
			isa = PBXGroup;
			children = (
				4A925BC31BC3E83D00CC3244 /* TestModel */,
				4A925BCC1BC3E85500CC3244 /* TestInsertData.h */,
				4A925BCD1BC3E85500CC3244 /* TestInsertData.m */,
				4A925BCF1BC3E86800CC3244 /* TestUpdateData.h */,
				4A925BD01BC3E86800CC3244 /* TestUpdateData.m */,
				4A925BD21BC3E87600CC3244 /* TestFetchData.h */,
				4A925BD31BC3E87600CC3244 /* TestFetchData.m */,
				4A925BD51BC3E88C00CC3244 /* TestDeleteData.h */,
				4A925BD61BC3E88C00CC3244 /* TestDeleteData.m */,
				4A2D96871BC6A80F0038CC7D /* TestCaseRecord.h */,
				4A2D96881BC6A80F0038CC7D /* TestCaseRecord.m */,
			);
			path = Test;
			sourceTree = "<group>";
		};
		4AF066351BC276C40042288C /* QueryCommand */ = {
			isa = PBXGroup;
			children = (
				4AF066391BC27F8B0042288C /* Categories */,
				4AF066361BC276C40042288C /* CTPersistanceQueryCommand.h */,
				4AF066371BC276C40042288C /* CTPersistanceQueryCommand.m */,
			);
			path = QueryCommand;
			sourceTree = "<group>";
		};
		4AF066391BC27F8B0042288C /* Categories */ = {
			isa = PBXGroup;
			children = (
				4AF066491BC2821B0042288C /* SchemaManipulations */,
				4AF0663D1BC2819D0042288C /* DataManipulations */,
				4AF0663E1BC2819D0042288C /* ReadingMethods */,
			);
			path = Categories;
			sourceTree = "<group>";
		};
		4AF0663D1BC2819D0042288C /* DataManipulations */ = {
			isa = PBXGroup;
			children = (
				4AF066431BC281F00042288C /* CTPersistanceQueryCommand+DataManipulations.h */,
				4AF066441BC281F00042288C /* CTPersistanceQueryCommand+DataManipulations.m */,
			);
			path = DataManipulations;
			sourceTree = "<group>";
		};
		4AF0663E1BC2819D0042288C /* ReadingMethods */ = {
			isa = PBXGroup;
			children = (
				4AF0663F1BC2819D0042288C /* CTPersistanceQueryCommand+ReadMethods.h */,
				4AF066401BC2819D0042288C /* CTPersistanceQueryCommand+ReadMethods.m */,
			);
			path = ReadingMethods;
			sourceTree = "<group>";
		};
		4AF066491BC2821B0042288C /* SchemaManipulations */ = {
			isa = PBXGroup;
			children = (
				4AF0664A1BC2821B0042288C /* CTPersistanceQueryCommand+SchemaManipulations.h */,
				4AF0664B1BC2821B0042288C /* CTPersistanceQueryCommand+SchemaManipulations.m */,
			);
			path = SchemaManipulations;
			sourceTree = "<group>";
		};
/* End PBXGroup section */

/* Begin PBXNativeTarget section */
		4AD2D6561BBFCD5E00E1F37D /* CTPersistance */ = {
			isa = PBXNativeTarget;
			buildConfigurationList = 4AD2D66E1BBFCD5E00E1F37D /* Build configuration list for PBXNativeTarget "CTPersistance" */;
			buildPhases = (
				4AD2D6531BBFCD5E00E1F37D /* Sources */,
				4AD2D6541BBFCD5E00E1F37D /* Frameworks */,
				4AD2D6551BBFCD5E00E1F37D /* Resources */,
			);
			buildRules = (
			);
			dependencies = (
			);
			name = CTPersistance;
			productName = CTPersistance;
			productReference = 4AD2D6571BBFCD5E00E1F37D /* CTPersistance.app */;
			productType = "com.apple.product-type.application";
		};
/* End PBXNativeTarget section */

/* Begin PBXProject section */
		4AD2D64F1BBFCD5E00E1F37D /* Project object */ = {
			isa = PBXProject;
			attributes = {
				LastUpgradeCheck = 0700;
				ORGANIZATIONNAME = casa;
				TargetAttributes = {
					4AD2D6561BBFCD5E00E1F37D = {
						CreatedOnToolsVersion = 7.0.1;
					};
				};
			};
			buildConfigurationList = 4AD2D6521BBFCD5E00E1F37D /* Build configuration list for PBXProject "CTPersistance" */;
			compatibilityVersion = "Xcode 3.2";
			developmentRegion = English;
			hasScannedForEncodings = 0;
			knownRegions = (
				en,
				Base,
			);
			mainGroup = 4AD2D64E1BBFCD5E00E1F37D;
			productRefGroup = 4AD2D6581BBFCD5E00E1F37D /* Products */;
			projectDirPath = "";
			projectRoot = "";
			targets = (
				4AD2D6561BBFCD5E00E1F37D /* CTPersistance */,
			);
		};
/* End PBXProject section */

/* Begin PBXResourcesBuildPhase section */
		4AD2D6551BBFCD5E00E1F37D /* Resources */ = {
			isa = PBXResourcesBuildPhase;
			buildActionMask = 2147483647;
			files = (
				4A9E4FE51BC4C76D0009E111 /* CTPersistanceConfiguration.plist in Resources */,
			);
			runOnlyForDeploymentPostprocessing = 0;
		};
/* End PBXResourcesBuildPhase section */

/* Begin PBXSourcesBuildPhase section */
		4AD2D6531BBFCD5E00E1F37D /* Sources */ = {
			isa = PBXSourcesBuildPhase;
			buildActionMask = 2147483647;
			files = (
				4A9E4FFD1BC4DA850009E111 /* MigrationStep1_0.m in Sources */,
				4AF066451BC281F00042288C /* CTPersistanceQueryCommand+DataManipulations.m in Sources */,
				4AF066421BC2819D0042288C /* CTPersistanceQueryCommand+ReadMethods.m in Sources */,
				4A9E4FF11BC4CF770009E111 /* CTPersistanceVersionTable.m in Sources */,
				4A925BA51BC2EDB500CC3244 /* CTPersistanceTable+Delete.m in Sources */,
				4A925BCE1BC3E85500CC3244 /* TestInsertData.m in Sources */,
				4A925BB51BC38F5000CC3244 /* CTPersistanceRecord.m in Sources */,
				4A925BD41BC3E87600CC3244 /* TestFetchData.m in Sources */,
				4A925B991BC2DFC500CC3244 /* CTPersistanceTable.m in Sources */,
				4A925BAB1BC2EDCE00CC3244 /* CTPersistanceTable+Insert.m in Sources */,
				4AF066281BC217280042288C /* CTPersistanceDatabasePool.m in Sources */,
				4A9E4FE91BC4CCB90009E111 /* TestMigrator.m in Sources */,
				4A925BD11BC3E86800CC3244 /* TestUpdateData.m in Sources */,
				4AD2D65C1BBFCD5E00E1F37D /* main.m in Sources */,
				4A925BA81BC2EDC300CC3244 /* CTPersistanceTable+Find.m in Sources */,
				4A925BBD1BC3A0C500CC3244 /* NSString+SQL.m in Sources */,
				4A925BD71BC3E88C00CC3244 /* TestDeleteData.m in Sources */,
				4A9E50001BC4DA980009E111 /* MigrationStep2_0.m in Sources */,
				4A925BCB1BC3E83D00CC3244 /* TestTable.m in Sources */,
				4AF066271BC217280042288C /* CTPersistanceDataBase.m in Sources */,
				4AF066291BC217280042288C /* CTPersistanceMigrator.m in Sources */,
				4A925BC21BC3AA4100CC3244 /* NSArray+CTPersistanceRecordTransform.m in Sources */,
				4A2D96891BC6A80F0038CC7D /* TestCaseRecord.m in Sources */,
				4AF066381BC276C40042288C /* CTPersistanceQueryCommand.m in Sources */,
				4A925BB91BC39CCD00CC3244 /* CTPersistanceCriteria.m in Sources */,
				4AF0664C1BC2821B0042288C /* CTPersistanceQueryCommand+SchemaManipulations.m in Sources */,
				4A925BCA1BC3E83D00CC3244 /* TestRecord.m in Sources */,
				4A9E4FE31BC4C3F60009E111 /* NSString+ReqularExpression.m in Sources */,
				4A9E4FF41BC4CFA00009E111 /* CTPersistanceVersionRecord.m in Sources */,
				4A925BAE1BC2EDDA00CC3244 /* CTPersistanceTable+Update.m in Sources */,
			);
			runOnlyForDeploymentPostprocessing = 0;
		};
/* End PBXSourcesBuildPhase section */

/* Begin XCBuildConfiguration section */
		4AD2D66C1BBFCD5E00E1F37D /* Debug */ = {
			isa = XCBuildConfiguration;
			buildSettings = {
				ALWAYS_SEARCH_USER_PATHS = NO;
				CLANG_CXX_LANGUAGE_STANDARD = "gnu++0x";
				CLANG_CXX_LIBRARY = "libc++";
				CLANG_ENABLE_MODULES = YES;
				CLANG_ENABLE_OBJC_ARC = YES;
				CLANG_WARN_BOOL_CONVERSION = YES;
				CLANG_WARN_CONSTANT_CONVERSION = YES;
				CLANG_WARN_DIRECT_OBJC_ISA_USAGE = YES_ERROR;
				CLANG_WARN_EMPTY_BODY = YES;
				CLANG_WARN_ENUM_CONVERSION = YES;
				CLANG_WARN_INT_CONVERSION = YES;
				CLANG_WARN_OBJC_ROOT_CLASS = YES_ERROR;
				CLANG_WARN_UNREACHABLE_CODE = YES;
				CLANG_WARN__DUPLICATE_METHOD_MATCH = YES;
				"CODE_SIGN_IDENTITY[sdk=iphoneos*]" = "iPhone Developer";
				COPY_PHASE_STRIP = NO;
				DEBUG_INFORMATION_FORMAT = dwarf;
				ENABLE_STRICT_OBJC_MSGSEND = YES;
				ENABLE_TESTABILITY = YES;
				GCC_C_LANGUAGE_STANDARD = gnu99;
				GCC_DYNAMIC_NO_PIC = NO;
				GCC_NO_COMMON_BLOCKS = YES;
				GCC_OPTIMIZATION_LEVEL = 0;
				GCC_PREPROCESSOR_DEFINITIONS = (
					"DEBUG=1",
					"$(inherited)",
				);
				GCC_WARN_64_TO_32_BIT_CONVERSION = YES;
				GCC_WARN_ABOUT_RETURN_TYPE = YES_ERROR;
				GCC_WARN_UNDECLARED_SELECTOR = YES;
				GCC_WARN_UNINITIALIZED_AUTOS = YES_AGGRESSIVE;
				GCC_WARN_UNUSED_FUNCTION = YES;
				GCC_WARN_UNUSED_VARIABLE = YES;
				IPHONEOS_DEPLOYMENT_TARGET = 9.0;
				MTL_ENABLE_DEBUG_INFO = YES;
				ONLY_ACTIVE_ARCH = YES;
				SDKROOT = iphoneos;
			};
			name = Debug;
		};
		4AD2D66D1BBFCD5E00E1F37D /* Release */ = {
			isa = XCBuildConfiguration;
			buildSettings = {
				ALWAYS_SEARCH_USER_PATHS = NO;
				CLANG_CXX_LANGUAGE_STANDARD = "gnu++0x";
				CLANG_CXX_LIBRARY = "libc++";
				CLANG_ENABLE_MODULES = YES;
				CLANG_ENABLE_OBJC_ARC = YES;
				CLANG_WARN_BOOL_CONVERSION = YES;
				CLANG_WARN_CONSTANT_CONVERSION = YES;
				CLANG_WARN_DIRECT_OBJC_ISA_USAGE = YES_ERROR;
				CLANG_WARN_EMPTY_BODY = YES;
				CLANG_WARN_ENUM_CONVERSION = YES;
				CLANG_WARN_INT_CONVERSION = YES;
				CLANG_WARN_OBJC_ROOT_CLASS = YES_ERROR;
				CLANG_WARN_UNREACHABLE_CODE = YES;
				CLANG_WARN__DUPLICATE_METHOD_MATCH = YES;
				"CODE_SIGN_IDENTITY[sdk=iphoneos*]" = "iPhone Developer";
				COPY_PHASE_STRIP = NO;
				DEBUG_INFORMATION_FORMAT = "dwarf-with-dsym";
				ENABLE_NS_ASSERTIONS = NO;
				ENABLE_STRICT_OBJC_MSGSEND = YES;
				GCC_C_LANGUAGE_STANDARD = gnu99;
				GCC_NO_COMMON_BLOCKS = YES;
				GCC_WARN_64_TO_32_BIT_CONVERSION = YES;
				GCC_WARN_ABOUT_RETURN_TYPE = YES_ERROR;
				GCC_WARN_UNDECLARED_SELECTOR = YES;
				GCC_WARN_UNINITIALIZED_AUTOS = YES_AGGRESSIVE;
				GCC_WARN_UNUSED_FUNCTION = YES;
				GCC_WARN_UNUSED_VARIABLE = YES;
				IPHONEOS_DEPLOYMENT_TARGET = 9.0;
				MTL_ENABLE_DEBUG_INFO = NO;
				SDKROOT = iphoneos;
				VALIDATE_PRODUCT = YES;
			};
			name = Release;
		};
		4AD2D66F1BBFCD5E00E1F37D /* Debug */ = {
			isa = XCBuildConfiguration;
			buildSettings = {
				ASSETCATALOG_COMPILER_APPICON_NAME = AppIcon;
				INFOPLIST_FILE = CTPersistance/Info.plist;
				LD_RUNPATH_SEARCH_PATHS = "$(inherited) @executable_path/Frameworks";
				PRODUCT_BUNDLE_IDENTIFIER = casa.CTPersistance;
				PRODUCT_NAME = "$(TARGET_NAME)";
			};
			name = Debug;
		};
		4AD2D6701BBFCD5E00E1F37D /* Release */ = {
			isa = XCBuildConfiguration;
			buildSettings = {
				ASSETCATALOG_COMPILER_APPICON_NAME = AppIcon;
				INFOPLIST_FILE = CTPersistance/Info.plist;
				LD_RUNPATH_SEARCH_PATHS = "$(inherited) @executable_path/Frameworks";
				PRODUCT_BUNDLE_IDENTIFIER = casa.CTPersistance;
				PRODUCT_NAME = "$(TARGET_NAME)";
			};
			name = Release;
		};
/* End XCBuildConfiguration section */

/* Begin XCConfigurationList section */
		4AD2D6521BBFCD5E00E1F37D /* Build configuration list for PBXProject "CTPersistance" */ = {
			isa = XCConfigurationList;
			buildConfigurations = (
				4AD2D66C1BBFCD5E00E1F37D /* Debug */,
				4AD2D66D1BBFCD5E00E1F37D /* Release */,
			);
			defaultConfigurationIsVisible = 0;
			defaultConfigurationName = Release;
		};
		4AD2D66E1BBFCD5E00E1F37D /* Build configuration list for PBXNativeTarget "CTPersistance" */ = {
			isa = XCConfigurationList;
			buildConfigurations = (
				4AD2D66F1BBFCD5E00E1F37D /* Debug */,
				4AD2D6701BBFCD5E00E1F37D /* Release */,
			);
			defaultConfigurationIsVisible = 0;
			defaultConfigurationName = Release;
		};
/* End XCConfigurationList section */
	};
	rootObject = 4AD2D64F1BBFCD5E00E1F37D /* Project object */;
}
