// !$*UTF8*$!
{
	archiveVersion = 1;
	classes = {
	};
	objectVersion = 46;
	objects = {

/* Begin PBXBuildFile section */
		4A0E002A1F2C384E00E6A4DA /* main.m in Sources */ = {isa = PBXBuildFile; fileRef = 4A0E00291F2C384E00E6A4DA /* main.m */; };
		4A0E002D1F2C384E00E6A4DA /* AppDelegate.m in Sources */ = {isa = PBXBuildFile; fileRef = 4A0E002C1F2C384E00E6A4DA /* AppDelegate.m */; };
		4A0E00301F2C384E00E6A4DA /* ViewController.m in Sources */ = {isa = PBXBuildFile; fileRef = 4A0E002F1F2C384E00E6A4DA /* ViewController.m */; };
		4A0E00331F2C384E00E6A4DA /* Main.storyboard in Resources */ = {isa = PBXBuildFile; fileRef = 4A0E00311F2C384E00E6A4DA /* Main.storyboard */; };
		4A0E00351F2C384E00E6A4DA /* Assets.xcassets in Resources */ = {isa = PBXBuildFile; fileRef = 4A0E00341F2C384E00E6A4DA /* Assets.xcassets */; };
		4A0E00381F2C384E00E6A4DA /* LaunchScreen.storyboard in Resources */ = {isa = PBXBuildFile; fileRef = 4A0E00361F2C384E00E6A4DA /* LaunchScreen.storyboard */; };
		4A0E004F1F2C388200E6A4DA /* libsqlite3.tbd in Frameworks */ = {isa = PBXBuildFile; fileRef = 4A0E004E1F2C388200E6A4DA /* libsqlite3.tbd */; };
		4A0E009B1F2CBD6300E6A4DA /* CTPersistanceAsyncExecutor.m in Sources */ = {isa = PBXBuildFile; fileRef = 4A0E00531F2CBD6300E6A4DA /* CTPersistanceAsyncExecutor.m */; };
		4A0E009C1F2CBD6300E6A4DA /* NSArray+CTPersistanceRecordTransform.m in Sources */ = {isa = PBXBuildFile; fileRef = 4A0E00581F2CBD6300E6A4DA /* NSArray+CTPersistanceRecordTransform.m */; };
		4A0E009F1F2CBD6300E6A4DA /* CTPersistanceCriteria.m in Sources */ = {isa = PBXBuildFile; fileRef = 4A0E00621F2CBD6300E6A4DA /* CTPersistanceCriteria.m */; };
		4A0E00A01F2CBD6300E6A4DA /* CTPersistanceDataBase.m in Sources */ = {isa = PBXBuildFile; fileRef = 4A0E00681F2CBD6300E6A4DA /* CTPersistanceDataBase.m */; };
		4A0E00A11F2CBD6300E6A4DA /* CTPersistanceDatabasePool.m in Sources */ = {isa = PBXBuildFile; fileRef = 4A0E006A1F2CBD6300E6A4DA /* CTPersistanceDatabasePool.m */; };
		4A0E00A21F2CBD6300E6A4DA /* CTPersistanceMigrator.m in Sources */ = {isa = PBXBuildFile; fileRef = 4A0E006D1F2CBD6300E6A4DA /* CTPersistanceMigrator.m */; };
		4A0E00A31F2CBD6300E6A4DA /* CTPersistanceVersionTable.m in Sources */ = {isa = PBXBuildFile; fileRef = 4A0E00701F2CBD6300E6A4DA /* CTPersistanceVersionTable.m */; };
		4A0E00A41F2CBD6300E6A4DA /* CTPersistanceVersionRecord.m in Sources */ = {isa = PBXBuildFile; fileRef = 4A0E00731F2CBD6300E6A4DA /* CTPersistanceVersionRecord.m */; };
		4A0E00A51F2CBD6300E6A4DA /* CTPersistanceQueryCommand+DataManipulations.m in Sources */ = {isa = PBXBuildFile; fileRef = 4A0E00781F2CBD6300E6A4DA /* CTPersistanceQueryCommand+DataManipulations.m */; };
		4A0E00A71F2CBD6300E6A4DA /* CTPersistanceQueryCommand+SchemaManipulations.m in Sources */ = {isa = PBXBuildFile; fileRef = 4A0E007E1F2CBD6300E6A4DA /* CTPersistanceQueryCommand+SchemaManipulations.m */; };
		4A0E00A81F2CBD6300E6A4DA /* CTPersistanceQueryCommand+Status.m in Sources */ = {isa = PBXBuildFile; fileRef = 4A0E00811F2CBD6300E6A4DA /* CTPersistanceQueryCommand+Status.m */; };
		4A0E00A91F2CBD6300E6A4DA /* CTPersistanceQueryCommand.m in Sources */ = {isa = PBXBuildFile; fileRef = 4A0E00831F2CBD6300E6A4DA /* CTPersistanceQueryCommand.m */; };
		4A0E00AA1F2CBD6300E6A4DA /* CTPersistanceRecord.m in Sources */ = {isa = PBXBuildFile; fileRef = 4A0E00861F2CBD6300E6A4DA /* CTPersistanceRecord.m */; };
		4A0E00AB1F2CBD6300E6A4DA /* CTPersistanceTable+Delete.m in Sources */ = {isa = PBXBuildFile; fileRef = 4A0E008C1F2CBD6300E6A4DA /* CTPersistanceTable+Delete.m */; };
		4A0E00AC1F2CBD6300E6A4DA /* CTPersistanceTable+Find.m in Sources */ = {isa = PBXBuildFile; fileRef = 4A0E008F1F2CBD6300E6A4DA /* CTPersistanceTable+Find.m */; };
		4A0E00AD1F2CBD6300E6A4DA /* CTPersistanceTable+Insert.m in Sources */ = {isa = PBXBuildFile; fileRef = 4A0E00921F2CBD6300E6A4DA /* CTPersistanceTable+Insert.m */; };
		4A0E00AE1F2CBD6300E6A4DA /* CTPersistanceTable+Update.m in Sources */ = {isa = PBXBuildFile; fileRef = 4A0E00951F2CBD6300E6A4DA /* CTPersistanceTable+Update.m */; };
		4A0E00AF1F2CBD6300E6A4DA /* CTPersistanceTable.m in Sources */ = {isa = PBXBuildFile; fileRef = 4A0E00971F2CBD6300E6A4DA /* CTPersistanceTable.m */; };
		4A0E00B01F2CBD6300E6A4DA /* CTPersistanceTransaction.m in Sources */ = {isa = PBXBuildFile; fileRef = 4A0E009A1F2CBD6300E6A4DA /* CTPersistanceTransaction.m */; };
		4A0E00B41F2CBDBD00E6A4DA /* CTPersistanceTestInsert.m in Sources */ = {isa = PBXBuildFile; fileRef = 4A0E00B31F2CBDBD00E6A4DA /* CTPersistanceTestInsert.m */; };
		4A0E00BF1F2CC25A00E6A4DA /* TestRecord.m in Sources */ = {isa = PBXBuildFile; fileRef = 4A0E00BA1F2CC25A00E6A4DA /* TestRecord.m */; };
		4A0E00C01F2CC25A00E6A4DA /* TestTable.m in Sources */ = {isa = PBXBuildFile; fileRef = 4A0E00BE1F2CC25A00E6A4DA /* TestTable.m */; };
		4A0E00C61F2D84FB00E6A4DA /* NSMutableArray+CTPersistanceBindValue.m in Sources */ = {isa = PBXBuildFile; fileRef = 4A0E00C51F2D84FB00E6A4DA /* NSMutableArray+CTPersistanceBindValue.m */; };
		4A0E00C81F2DAB5000E6A4DA /* TestRecord.png in Resources */ = {isa = PBXBuildFile; fileRef = 4A0E00C71F2DAB5000E6A4DA /* TestRecord.png */; };
		4A0E00CA1F2DBBB400E6A4DA /* CTPersistanceTestUpdate.m in Sources */ = {isa = PBXBuildFile; fileRef = 4A0E00C91F2DBBB400E6A4DA /* CTPersistanceTestUpdate.m */; };
		4A17A9601F32D094009356D7 /* TestMiagratorVersion_1_to_3.m in Sources */ = {isa = PBXBuildFile; fileRef = 4A17A95F1F32D094009356D7 /* TestMiagratorVersion_1_to_3.m */; };
		4A17A9631F32D09D009356D7 /* TestMiagratorVersion_1_to_4.m in Sources */ = {isa = PBXBuildFile; fileRef = 4A17A9621F32D09D009356D7 /* TestMiagratorVersion_1_to_4.m */; };
		4A17A9661F32D0A7009356D7 /* TestMiagratorVersion_2_to_3.m in Sources */ = {isa = PBXBuildFile; fileRef = 4A17A9651F32D0A7009356D7 /* TestMiagratorVersion_2_to_3.m */; };
		4A17A9691F32D0B5009356D7 /* TestMiagratorVersion_2_to_4.m in Sources */ = {isa = PBXBuildFile; fileRef = 4A17A9681F32D0B5009356D7 /* TestMiagratorVersion_2_to_4.m */; };
		4A17A96C1F32D0C0009356D7 /* TestMiagratorVersion_3_to_4.m in Sources */ = {isa = PBXBuildFile; fileRef = 4A17A96B1F32D0C0009356D7 /* TestMiagratorVersion_3_to_4.m */; };
		4A17A96F1F32D45A009356D7 /* MigrationStep_2.m in Sources */ = {isa = PBXBuildFile; fileRef = 4A17A96E1F32D45A009356D7 /* MigrationStep_2.m */; };
		4A17A9721F32D461009356D7 /* MigrationStep_3.m in Sources */ = {isa = PBXBuildFile; fileRef = 4A17A9711F32D461009356D7 /* MigrationStep_3.m */; };
		4A17A9751F32D46A009356D7 /* MigrationStep_4.m in Sources */ = {isa = PBXBuildFile; fileRef = 4A17A9741F32D46A009356D7 /* MigrationStep_4.m */; };
		4A17A9931F32F392009356D7 /* TestRecordVersion1.m in Sources */ = {isa = PBXBuildFile; fileRef = 4A17A97A1F32F392009356D7 /* TestRecordVersion1.m */; };
		4A17A9941F32F392009356D7 /* TestTableVersion1.m in Sources */ = {isa = PBXBuildFile; fileRef = 4A17A97D1F32F392009356D7 /* TestTableVersion1.m */; };
		4A17A9951F32F392009356D7 /* TestRecordVersion2.m in Sources */ = {isa = PBXBuildFile; fileRef = 4A17A9811F32F392009356D7 /* TestRecordVersion2.m */; };
		4A17A9961F32F392009356D7 /* TestTableVersion2.m in Sources */ = {isa = PBXBuildFile; fileRef = 4A17A9841F32F392009356D7 /* TestTableVersion2.m */; };
		4A17A9971F32F392009356D7 /* TestRecordVersion3.m in Sources */ = {isa = PBXBuildFile; fileRef = 4A17A9881F32F392009356D7 /* TestRecordVersion3.m */; };
		4A17A9981F32F392009356D7 /* TestTableVersion3.m in Sources */ = {isa = PBXBuildFile; fileRef = 4A17A98B1F32F392009356D7 /* TestTableVersion3.m */; };
		4A17A9991F32F392009356D7 /* TestRecordVersion4.m in Sources */ = {isa = PBXBuildFile; fileRef = 4A17A98F1F32F392009356D7 /* TestRecordVersion4.m */; };
		4A17A99A1F32F392009356D7 /* TestTableVersion4.m in Sources */ = {isa = PBXBuildFile; fileRef = 4A17A9921F32F392009356D7 /* TestTableVersion4.m */; };
		4A51505D1F2F2402004BA79C /* CTPersistanceTestDelete.m in Sources */ = {isa = PBXBuildFile; fileRef = 4A51505C1F2F2402004BA79C /* CTPersistanceTestDelete.m */; };
		4A532C9B1F37FDCE0074BA46 /* CTPersistanceTestCriteria.m in Sources */ = {isa = PBXBuildFile; fileRef = 4A532C9A1F37FDCE0074BA46 /* CTPersistanceTestCriteria.m */; };
		4A532C9D1F3804BF0074BA46 /* CTPersistanceTestAsync.m in Sources */ = {isa = PBXBuildFile; fileRef = 4A532C9C1F3804BF0074BA46 /* CTPersistanceTestAsync.m */; };
		4A532CAB1F3C51250074BA46 /* Target_CTPersistanceConfiguration.m in Sources */ = {isa = PBXBuildFile; fileRef = 4A532CA91F3C4F750074BA46 /* Target_CTPersistanceConfiguration.m */; };
		4A7844C31F32BD6700CF4809 /* CTPersistanceTestMigration.m in Sources */ = {isa = PBXBuildFile; fileRef = 4A7844C21F32BD6700CF4809 /* CTPersistanceTestMigration.m */; };
		4A9A9DE11F32CCC400090F73 /* Target_MigrationTestDatabase_version1_sqlite.m in Sources */ = {isa = PBXBuildFile; fileRef = 4A9A9DE01F32CCC400090F73 /* Target_MigrationTestDatabase_version1_sqlite.m */; };
		4A9A9DE41F32CCDE00090F73 /* Target_MigrationTestDatabase_version2_sqlite.m in Sources */ = {isa = PBXBuildFile; fileRef = 4A9A9DE31F32CCDE00090F73 /* Target_MigrationTestDatabase_version2_sqlite.m */; };
		4A9A9DE71F32CCEA00090F73 /* Target_MigrationTestDatabase_version3_sqlite.m in Sources */ = {isa = PBXBuildFile; fileRef = 4A9A9DE61F32CCEA00090F73 /* Target_MigrationTestDatabase_version3_sqlite.m */; };
		4A9A9DF41F32D06F00090F73 /* TestMiagratorVersion_1_to_2.m in Sources */ = {isa = PBXBuildFile; fileRef = 4A9A9DF31F32D06F00090F73 /* TestMiagratorVersion_1_to_2.m */; };
		4AB165E81F302AA60043E6A2 /* CTPersistanceTestFind.m in Sources */ = {isa = PBXBuildFile; fileRef = 4AB165E71F302AA60043E6A2 /* CTPersistanceTestFind.m */; };
		4ACE635B1F340E54007F3E6D /* NSDictionary+KeyValueBind.m in Sources */ = {isa = PBXBuildFile; fileRef = 4ACE635A1F340E54007F3E6D /* NSDictionary+KeyValueBind.m */; };
		4ACE635F1F341102007F3E6D /* NSString+Where.m in Sources */ = {isa = PBXBuildFile; fileRef = 4ACE635E1F341102007F3E6D /* NSString+Where.m */; };
		4ADFAB681F3316A0008EA281 /* CTPersistanceTable+Schema.m in Sources */ = {isa = PBXBuildFile; fileRef = 4ADFAB671F3316A0008EA281 /* CTPersistanceTable+Schema.m */; };
		6284DE2109EF43B7A3D56F18 /* libPods-CTPersistance.a in Frameworks */ = {isa = PBXBuildFile; fileRef = 24975DE09A62B809BFED181C /* libPods-CTPersistance.a */; };
		DAEEF1BE411F617114764D0F /* libPods-CTPersistanceTests.a in Frameworks */ = {isa = PBXBuildFile; fileRef = 4D31FADFF56BDD50C7FD9C94 /* libPods-CTPersistanceTests.a */; };
/* End PBXBuildFile section */

/* Begin PBXContainerItemProxy section */
		4A0E003F1F2C384E00E6A4DA /* PBXContainerItemProxy */ = {
			isa = PBXContainerItemProxy;
			containerPortal = 4A0E001D1F2C384E00E6A4DA /* Project object */;
			proxyType = 1;
			remoteGlobalIDString = 4A0E00241F2C384E00E6A4DA;
			remoteInfo = CTPersistance;
		};
/* End PBXContainerItemProxy section */

/* Begin PBXFileReference section */
		0E3659C0BE44F61448420F54 /* Pods-CTPersistance.release.xcconfig */ = {isa = PBXFileReference; includeInIndex = 1; lastKnownFileType = text.xcconfig; name = "Pods-CTPersistance.release.xcconfig"; path = "Pods/Target Support Files/Pods-CTPersistance/Pods-CTPersistance.release.xcconfig"; sourceTree = "<group>"; };
		24975DE09A62B809BFED181C /* libPods-CTPersistance.a */ = {isa = PBXFileReference; explicitFileType = archive.ar; includeInIndex = 0; path = "libPods-CTPersistance.a"; sourceTree = BUILT_PRODUCTS_DIR; };
		4A0E00251F2C384E00E6A4DA /* CTPersistance.app */ = {isa = PBXFileReference; explicitFileType = wrapper.application; includeInIndex = 0; path = CTPersistance.app; sourceTree = BUILT_PRODUCTS_DIR; };
		4A0E00291F2C384E00E6A4DA /* main.m */ = {isa = PBXFileReference; lastKnownFileType = sourcecode.c.objc; path = main.m; sourceTree = "<group>"; };
		4A0E002B1F2C384E00E6A4DA /* AppDelegate.h */ = {isa = PBXFileReference; lastKnownFileType = sourcecode.c.h; path = AppDelegate.h; sourceTree = "<group>"; };
		4A0E002C1F2C384E00E6A4DA /* AppDelegate.m */ = {isa = PBXFileReference; lastKnownFileType = sourcecode.c.objc; path = AppDelegate.m; sourceTree = "<group>"; };
		4A0E002E1F2C384E00E6A4DA /* ViewController.h */ = {isa = PBXFileReference; lastKnownFileType = sourcecode.c.h; path = ViewController.h; sourceTree = "<group>"; };
		4A0E002F1F2C384E00E6A4DA /* ViewController.m */ = {isa = PBXFileReference; lastKnownFileType = sourcecode.c.objc; path = ViewController.m; sourceTree = "<group>"; };
		4A0E00321F2C384E00E6A4DA /* Base */ = {isa = PBXFileReference; lastKnownFileType = file.storyboard; name = Base; path = Base.lproj/Main.storyboard; sourceTree = "<group>"; };
		4A0E00341F2C384E00E6A4DA /* Assets.xcassets */ = {isa = PBXFileReference; lastKnownFileType = folder.assetcatalog; path = Assets.xcassets; sourceTree = "<group>"; };
		4A0E00371F2C384E00E6A4DA /* Base */ = {isa = PBXFileReference; lastKnownFileType = file.storyboard; name = Base; path = Base.lproj/LaunchScreen.storyboard; sourceTree = "<group>"; };
		4A0E00391F2C384E00E6A4DA /* Info.plist */ = {isa = PBXFileReference; lastKnownFileType = text.plist.xml; path = Info.plist; sourceTree = "<group>"; };
		4A0E003E1F2C384E00E6A4DA /* CTPersistanceTests.xctest */ = {isa = PBXFileReference; explicitFileType = wrapper.cfbundle; includeInIndex = 0; path = CTPersistanceTests.xctest; sourceTree = BUILT_PRODUCTS_DIR; };
		4A0E00441F2C384E00E6A4DA /* Info.plist */ = {isa = PBXFileReference; lastKnownFileType = text.plist.xml; path = Info.plist; sourceTree = "<group>"; };
		4A0E004E1F2C388200E6A4DA /* libsqlite3.tbd */ = {isa = PBXFileReference; lastKnownFileType = "sourcecode.text-based-dylib-definition"; name = libsqlite3.tbd; path = usr/lib/libsqlite3.tbd; sourceTree = SDKROOT; };
		4A0E00521F2CBD6300E6A4DA /* CTPersistanceAsyncExecutor.h */ = {isa = PBXFileReference; fileEncoding = 4; lastKnownFileType = sourcecode.c.h; path = CTPersistanceAsyncExecutor.h; sourceTree = "<group>"; };
		4A0E00531F2CBD6300E6A4DA /* CTPersistanceAsyncExecutor.m */ = {isa = PBXFileReference; fileEncoding = 4; lastKnownFileType = sourcecode.c.objc; path = CTPersistanceAsyncExecutor.m; sourceTree = "<group>"; };
		4A0E00571F2CBD6300E6A4DA /* NSArray+CTPersistanceRecordTransform.h */ = {isa = PBXFileReference; fileEncoding = 4; lastKnownFileType = sourcecode.c.h; path = "NSArray+CTPersistanceRecordTransform.h"; sourceTree = "<group>"; };
		4A0E00581F2CBD6300E6A4DA /* NSArray+CTPersistanceRecordTransform.m */ = {isa = PBXFileReference; fileEncoding = 4; lastKnownFileType = sourcecode.c.objc; path = "NSArray+CTPersistanceRecordTransform.m"; sourceTree = "<group>"; };
		4A0E00611F2CBD6300E6A4DA /* CTPersistanceCriteria.h */ = {isa = PBXFileReference; fileEncoding = 4; lastKnownFileType = sourcecode.c.h; path = CTPersistanceCriteria.h; sourceTree = "<group>"; };
		4A0E00621F2CBD6300E6A4DA /* CTPersistanceCriteria.m */ = {isa = PBXFileReference; fileEncoding = 4; lastKnownFileType = sourcecode.c.objc; path = CTPersistanceCriteria.m; sourceTree = "<group>"; };
		4A0E00631F2CBD6300E6A4DA /* CTPersistance.h */ = {isa = PBXFileReference; fileEncoding = 4; lastKnownFileType = sourcecode.c.h; path = CTPersistance.h; sourceTree = "<group>"; };
		4A0E00641F2CBD6300E6A4DA /* CTPersistanceConfiguration.h */ = {isa = PBXFileReference; fileEncoding = 4; lastKnownFileType = sourcecode.c.h; path = CTPersistanceConfiguration.h; sourceTree = "<group>"; };
		4A0E00651F2CBD6300E6A4DA /* CTPersistanceMarcos.h */ = {isa = PBXFileReference; fileEncoding = 4; lastKnownFileType = sourcecode.c.h; path = CTPersistanceMarcos.h; sourceTree = "<group>"; };
		4A0E00671F2CBD6300E6A4DA /* CTPersistanceDataBase.h */ = {isa = PBXFileReference; fileEncoding = 4; lastKnownFileType = sourcecode.c.h; path = CTPersistanceDataBase.h; sourceTree = "<group>"; };
		4A0E00681F2CBD6300E6A4DA /* CTPersistanceDataBase.m */ = {isa = PBXFileReference; fileEncoding = 4; lastKnownFileType = sourcecode.c.objc; path = CTPersistanceDataBase.m; sourceTree = "<group>"; };
		4A0E00691F2CBD6300E6A4DA /* CTPersistanceDatabasePool.h */ = {isa = PBXFileReference; fileEncoding = 4; lastKnownFileType = sourcecode.c.h; path = CTPersistanceDatabasePool.h; sourceTree = "<group>"; };
		4A0E006A1F2CBD6300E6A4DA /* CTPersistanceDatabasePool.m */ = {isa = PBXFileReference; fileEncoding = 4; lastKnownFileType = sourcecode.c.objc; path = CTPersistanceDatabasePool.m; sourceTree = "<group>"; };
		4A0E006C1F2CBD6300E6A4DA /* CTPersistanceMigrator.h */ = {isa = PBXFileReference; fileEncoding = 4; lastKnownFileType = sourcecode.c.h; path = CTPersistanceMigrator.h; sourceTree = "<group>"; };
		4A0E006D1F2CBD6300E6A4DA /* CTPersistanceMigrator.m */ = {isa = PBXFileReference; fileEncoding = 4; lastKnownFileType = sourcecode.c.objc; path = CTPersistanceMigrator.m; sourceTree = "<group>"; };
		4A0E006F1F2CBD6300E6A4DA /* CTPersistanceVersionTable.h */ = {isa = PBXFileReference; fileEncoding = 4; lastKnownFileType = sourcecode.c.h; path = CTPersistanceVersionTable.h; sourceTree = "<group>"; };
		4A0E00701F2CBD6300E6A4DA /* CTPersistanceVersionTable.m */ = {isa = PBXFileReference; fileEncoding = 4; lastKnownFileType = sourcecode.c.objc; path = CTPersistanceVersionTable.m; sourceTree = "<group>"; };
		4A0E00721F2CBD6300E6A4DA /* CTPersistanceVersionRecord.h */ = {isa = PBXFileReference; fileEncoding = 4; lastKnownFileType = sourcecode.c.h; path = CTPersistanceVersionRecord.h; sourceTree = "<group>"; };
		4A0E00731F2CBD6300E6A4DA /* CTPersistanceVersionRecord.m */ = {isa = PBXFileReference; fileEncoding = 4; lastKnownFileType = sourcecode.c.objc; path = CTPersistanceVersionRecord.m; sourceTree = "<group>"; };
		4A0E00771F2CBD6300E6A4DA /* CTPersistanceQueryCommand+DataManipulations.h */ = {isa = PBXFileReference; fileEncoding = 4; lastKnownFileType = sourcecode.c.h; path = "CTPersistanceQueryCommand+DataManipulations.h"; sourceTree = "<group>"; };
		4A0E00781F2CBD6300E6A4DA /* CTPersistanceQueryCommand+DataManipulations.m */ = {isa = PBXFileReference; fileEncoding = 4; lastKnownFileType = sourcecode.c.objc; path = "CTPersistanceQueryCommand+DataManipulations.m"; sourceTree = "<group>"; };
		4A0E007D1F2CBD6300E6A4DA /* CTPersistanceQueryCommand+SchemaManipulations.h */ = {isa = PBXFileReference; fileEncoding = 4; lastKnownFileType = sourcecode.c.h; path = "CTPersistanceQueryCommand+SchemaManipulations.h"; sourceTree = "<group>"; };
		4A0E007E1F2CBD6300E6A4DA /* CTPersistanceQueryCommand+SchemaManipulations.m */ = {isa = PBXFileReference; fileEncoding = 4; lastKnownFileType = sourcecode.c.objc; path = "CTPersistanceQueryCommand+SchemaManipulations.m"; sourceTree = "<group>"; };
		4A0E00801F2CBD6300E6A4DA /* CTPersistanceQueryCommand+Status.h */ = {isa = PBXFileReference; fileEncoding = 4; lastKnownFileType = sourcecode.c.h; path = "CTPersistanceQueryCommand+Status.h"; sourceTree = "<group>"; };
		4A0E00811F2CBD6300E6A4DA /* CTPersistanceQueryCommand+Status.m */ = {isa = PBXFileReference; fileEncoding = 4; lastKnownFileType = sourcecode.c.objc; path = "CTPersistanceQueryCommand+Status.m"; sourceTree = "<group>"; };
		4A0E00821F2CBD6300E6A4DA /* CTPersistanceQueryCommand.h */ = {isa = PBXFileReference; fileEncoding = 4; lastKnownFileType = sourcecode.c.h; path = CTPersistanceQueryCommand.h; sourceTree = "<group>"; };
		4A0E00831F2CBD6300E6A4DA /* CTPersistanceQueryCommand.m */ = {isa = PBXFileReference; fileEncoding = 4; lastKnownFileType = sourcecode.c.objc; path = CTPersistanceQueryCommand.m; sourceTree = "<group>"; };
		4A0E00851F2CBD6300E6A4DA /* CTPersistanceRecord.h */ = {isa = PBXFileReference; fileEncoding = 4; lastKnownFileType = sourcecode.c.h; path = CTPersistanceRecord.h; sourceTree = "<group>"; };
		4A0E00861F2CBD6300E6A4DA /* CTPersistanceRecord.m */ = {isa = PBXFileReference; fileEncoding = 4; lastKnownFileType = sourcecode.c.objc; path = CTPersistanceRecord.m; sourceTree = "<group>"; };
		4A0E00871F2CBD6300E6A4DA /* CTPersistanceRecordProtocol.h */ = {isa = PBXFileReference; fileEncoding = 4; lastKnownFileType = sourcecode.c.h; path = CTPersistanceRecordProtocol.h; sourceTree = "<group>"; };
		4A0E008B1F2CBD6300E6A4DA /* CTPersistanceTable+Delete.h */ = {isa = PBXFileReference; fileEncoding = 4; lastKnownFileType = sourcecode.c.h; path = "CTPersistanceTable+Delete.h"; sourceTree = "<group>"; };
		4A0E008C1F2CBD6300E6A4DA /* CTPersistanceTable+Delete.m */ = {isa = PBXFileReference; fileEncoding = 4; lastKnownFileType = sourcecode.c.objc; path = "CTPersistanceTable+Delete.m"; sourceTree = "<group>"; };
		4A0E008E1F2CBD6300E6A4DA /* CTPersistanceTable+Find.h */ = {isa = PBXFileReference; fileEncoding = 4; lastKnownFileType = sourcecode.c.h; path = "CTPersistanceTable+Find.h"; sourceTree = "<group>"; };
		4A0E008F1F2CBD6300E6A4DA /* CTPersistanceTable+Find.m */ = {isa = PBXFileReference; fileEncoding = 4; lastKnownFileType = sourcecode.c.objc; path = "CTPersistanceTable+Find.m"; sourceTree = "<group>"; };
		4A0E00911F2CBD6300E6A4DA /* CTPersistanceTable+Insert.h */ = {isa = PBXFileReference; fileEncoding = 4; lastKnownFileType = sourcecode.c.h; path = "CTPersistanceTable+Insert.h"; sourceTree = "<group>"; };
		4A0E00921F2CBD6300E6A4DA /* CTPersistanceTable+Insert.m */ = {isa = PBXFileReference; fileEncoding = 4; lastKnownFileType = sourcecode.c.objc; path = "CTPersistanceTable+Insert.m"; sourceTree = "<group>"; };
		4A0E00941F2CBD6300E6A4DA /* CTPersistanceTable+Update.h */ = {isa = PBXFileReference; fileEncoding = 4; lastKnownFileType = sourcecode.c.h; path = "CTPersistanceTable+Update.h"; sourceTree = "<group>"; };
		4A0E00951F2CBD6300E6A4DA /* CTPersistanceTable+Update.m */ = {isa = PBXFileReference; fileEncoding = 4; lastKnownFileType = sourcecode.c.objc; path = "CTPersistanceTable+Update.m"; sourceTree = "<group>"; };
		4A0E00961F2CBD6300E6A4DA /* CTPersistanceTable.h */ = {isa = PBXFileReference; fileEncoding = 4; lastKnownFileType = sourcecode.c.h; path = CTPersistanceTable.h; sourceTree = "<group>"; };
		4A0E00971F2CBD6300E6A4DA /* CTPersistanceTable.m */ = {isa = PBXFileReference; fileEncoding = 4; lastKnownFileType = sourcecode.c.objc; path = CTPersistanceTable.m; sourceTree = "<group>"; };
		4A0E00991F2CBD6300E6A4DA /* CTPersistanceTransaction.h */ = {isa = PBXFileReference; fileEncoding = 4; lastKnownFileType = sourcecode.c.h; path = CTPersistanceTransaction.h; sourceTree = "<group>"; };
		4A0E009A1F2CBD6300E6A4DA /* CTPersistanceTransaction.m */ = {isa = PBXFileReference; fileEncoding = 4; lastKnownFileType = sourcecode.c.objc; path = CTPersistanceTransaction.m; sourceTree = "<group>"; };
		4A0E00B31F2CBDBD00E6A4DA /* CTPersistanceTestInsert.m */ = {isa = PBXFileReference; fileEncoding = 4; lastKnownFileType = sourcecode.c.objc; path = CTPersistanceTestInsert.m; sourceTree = "<group>"; };
		4A0E00B91F2CC25A00E6A4DA /* TestRecord.h */ = {isa = PBXFileReference; fileEncoding = 4; lastKnownFileType = sourcecode.c.h; path = TestRecord.h; sourceTree = "<group>"; };
		4A0E00BA1F2CC25A00E6A4DA /* TestRecord.m */ = {isa = PBXFileReference; fileEncoding = 4; lastKnownFileType = sourcecode.c.objc; path = TestRecord.m; sourceTree = "<group>"; };
		4A0E00BD1F2CC25A00E6A4DA /* TestTable.h */ = {isa = PBXFileReference; fileEncoding = 4; lastKnownFileType = sourcecode.c.h; path = TestTable.h; sourceTree = "<group>"; };
		4A0E00BE1F2CC25A00E6A4DA /* TestTable.m */ = {isa = PBXFileReference; fileEncoding = 4; lastKnownFileType = sourcecode.c.objc; path = TestTable.m; sourceTree = "<group>"; };
		4A0E00C41F2D84FB00E6A4DA /* NSMutableArray+CTPersistanceBindValue.h */ = {isa = PBXFileReference; fileEncoding = 4; lastKnownFileType = sourcecode.c.h; path = "NSMutableArray+CTPersistanceBindValue.h"; sourceTree = "<group>"; };
		4A0E00C51F2D84FB00E6A4DA /* NSMutableArray+CTPersistanceBindValue.m */ = {isa = PBXFileReference; fileEncoding = 4; lastKnownFileType = sourcecode.c.objc; path = "NSMutableArray+CTPersistanceBindValue.m"; sourceTree = "<group>"; };
		4A0E00C71F2DAB5000E6A4DA /* TestRecord.png */ = {isa = PBXFileReference; lastKnownFileType = image.png; path = TestRecord.png; sourceTree = "<group>"; };
		4A0E00C91F2DBBB400E6A4DA /* CTPersistanceTestUpdate.m */ = {isa = PBXFileReference; fileEncoding = 4; lastKnownFileType = sourcecode.c.objc; path = CTPersistanceTestUpdate.m; sourceTree = "<group>"; };
		4A17A95E1F32D094009356D7 /* TestMiagratorVersion_1_to_3.h */ = {isa = PBXFileReference; fileEncoding = 4; lastKnownFileType = sourcecode.c.h; path = TestMiagratorVersion_1_to_3.h; sourceTree = "<group>"; };
		4A17A95F1F32D094009356D7 /* TestMiagratorVersion_1_to_3.m */ = {isa = PBXFileReference; fileEncoding = 4; lastKnownFileType = sourcecode.c.objc; path = TestMiagratorVersion_1_to_3.m; sourceTree = "<group>"; };
		4A17A9611F32D09D009356D7 /* TestMiagratorVersion_1_to_4.h */ = {isa = PBXFileReference; fileEncoding = 4; lastKnownFileType = sourcecode.c.h; path = TestMiagratorVersion_1_to_4.h; sourceTree = "<group>"; };
		4A17A9621F32D09D009356D7 /* TestMiagratorVersion_1_to_4.m */ = {isa = PBXFileReference; fileEncoding = 4; lastKnownFileType = sourcecode.c.objc; path = TestMiagratorVersion_1_to_4.m; sourceTree = "<group>"; };
		4A17A9641F32D0A7009356D7 /* TestMiagratorVersion_2_to_3.h */ = {isa = PBXFileReference; fileEncoding = 4; lastKnownFileType = sourcecode.c.h; path = TestMiagratorVersion_2_to_3.h; sourceTree = "<group>"; };
		4A17A9651F32D0A7009356D7 /* TestMiagratorVersion_2_to_3.m */ = {isa = PBXFileReference; fileEncoding = 4; lastKnownFileType = sourcecode.c.objc; path = TestMiagratorVersion_2_to_3.m; sourceTree = "<group>"; };
		4A17A9671F32D0B5009356D7 /* TestMiagratorVersion_2_to_4.h */ = {isa = PBXFileReference; fileEncoding = 4; lastKnownFileType = sourcecode.c.h; path = TestMiagratorVersion_2_to_4.h; sourceTree = "<group>"; };
		4A17A9681F32D0B5009356D7 /* TestMiagratorVersion_2_to_4.m */ = {isa = PBXFileReference; fileEncoding = 4; lastKnownFileType = sourcecode.c.objc; path = TestMiagratorVersion_2_to_4.m; sourceTree = "<group>"; };
		4A17A96A1F32D0C0009356D7 /* TestMiagratorVersion_3_to_4.h */ = {isa = PBXFileReference; fileEncoding = 4; lastKnownFileType = sourcecode.c.h; path = TestMiagratorVersion_3_to_4.h; sourceTree = "<group>"; };
		4A17A96B1F32D0C0009356D7 /* TestMiagratorVersion_3_to_4.m */ = {isa = PBXFileReference; fileEncoding = 4; lastKnownFileType = sourcecode.c.objc; path = TestMiagratorVersion_3_to_4.m; sourceTree = "<group>"; };
		4A17A96D1F32D45A009356D7 /* MigrationStep_2.h */ = {isa = PBXFileReference; fileEncoding = 4; lastKnownFileType = sourcecode.c.h; path = MigrationStep_2.h; sourceTree = "<group>"; };
		4A17A96E1F32D45A009356D7 /* MigrationStep_2.m */ = {isa = PBXFileReference; fileEncoding = 4; lastKnownFileType = sourcecode.c.objc; path = MigrationStep_2.m; sourceTree = "<group>"; };
		4A17A9701F32D461009356D7 /* MigrationStep_3.h */ = {isa = PBXFileReference; fileEncoding = 4; lastKnownFileType = sourcecode.c.h; path = MigrationStep_3.h; sourceTree = "<group>"; };
		4A17A9711F32D461009356D7 /* MigrationStep_3.m */ = {isa = PBXFileReference; fileEncoding = 4; lastKnownFileType = sourcecode.c.objc; path = MigrationStep_3.m; sourceTree = "<group>"; };
		4A17A9731F32D46A009356D7 /* MigrationStep_4.h */ = {isa = PBXFileReference; fileEncoding = 4; lastKnownFileType = sourcecode.c.h; path = MigrationStep_4.h; sourceTree = "<group>"; };
		4A17A9741F32D46A009356D7 /* MigrationStep_4.m */ = {isa = PBXFileReference; fileEncoding = 4; lastKnownFileType = sourcecode.c.objc; path = MigrationStep_4.m; sourceTree = "<group>"; };
		4A17A9791F32F392009356D7 /* TestRecordVersion1.h */ = {isa = PBXFileReference; fileEncoding = 4; lastKnownFileType = sourcecode.c.h; path = TestRecordVersion1.h; sourceTree = "<group>"; };
		4A17A97A1F32F392009356D7 /* TestRecordVersion1.m */ = {isa = PBXFileReference; fileEncoding = 4; lastKnownFileType = sourcecode.c.objc; path = TestRecordVersion1.m; sourceTree = "<group>"; };
		4A17A97C1F32F392009356D7 /* TestTableVersion1.h */ = {isa = PBXFileReference; fileEncoding = 4; lastKnownFileType = sourcecode.c.h; path = TestTableVersion1.h; sourceTree = "<group>"; };
		4A17A97D1F32F392009356D7 /* TestTableVersion1.m */ = {isa = PBXFileReference; fileEncoding = 4; lastKnownFileType = sourcecode.c.objc; path = TestTableVersion1.m; sourceTree = "<group>"; };
		4A17A9801F32F392009356D7 /* TestRecordVersion2.h */ = {isa = PBXFileReference; fileEncoding = 4; lastKnownFileType = sourcecode.c.h; path = TestRecordVersion2.h; sourceTree = "<group>"; };
		4A17A9811F32F392009356D7 /* TestRecordVersion2.m */ = {isa = PBXFileReference; fileEncoding = 4; lastKnownFileType = sourcecode.c.objc; path = TestRecordVersion2.m; sourceTree = "<group>"; };
		4A17A9831F32F392009356D7 /* TestTableVersion2.h */ = {isa = PBXFileReference; fileEncoding = 4; lastKnownFileType = sourcecode.c.h; path = TestTableVersion2.h; sourceTree = "<group>"; };
		4A17A9841F32F392009356D7 /* TestTableVersion2.m */ = {isa = PBXFileReference; fileEncoding = 4; lastKnownFileType = sourcecode.c.objc; path = TestTableVersion2.m; sourceTree = "<group>"; };
		4A17A9871F32F392009356D7 /* TestRecordVersion3.h */ = {isa = PBXFileReference; fileEncoding = 4; lastKnownFileType = sourcecode.c.h; path = TestRecordVersion3.h; sourceTree = "<group>"; };
		4A17A9881F32F392009356D7 /* TestRecordVersion3.m */ = {isa = PBXFileReference; fileEncoding = 4; lastKnownFileType = sourcecode.c.objc; path = TestRecordVersion3.m; sourceTree = "<group>"; };
		4A17A98A1F32F392009356D7 /* TestTableVersion3.h */ = {isa = PBXFileReference; fileEncoding = 4; lastKnownFileType = sourcecode.c.h; path = TestTableVersion3.h; sourceTree = "<group>"; };
		4A17A98B1F32F392009356D7 /* TestTableVersion3.m */ = {isa = PBXFileReference; fileEncoding = 4; lastKnownFileType = sourcecode.c.objc; path = TestTableVersion3.m; sourceTree = "<group>"; };
		4A17A98E1F32F392009356D7 /* TestRecordVersion4.h */ = {isa = PBXFileReference; fileEncoding = 4; lastKnownFileType = sourcecode.c.h; path = TestRecordVersion4.h; sourceTree = "<group>"; };
		4A17A98F1F32F392009356D7 /* TestRecordVersion4.m */ = {isa = PBXFileReference; fileEncoding = 4; lastKnownFileType = sourcecode.c.objc; path = TestRecordVersion4.m; sourceTree = "<group>"; };
		4A17A9911F32F392009356D7 /* TestTableVersion4.h */ = {isa = PBXFileReference; fileEncoding = 4; lastKnownFileType = sourcecode.c.h; path = TestTableVersion4.h; sourceTree = "<group>"; };
		4A17A9921F32F392009356D7 /* TestTableVersion4.m */ = {isa = PBXFileReference; fileEncoding = 4; lastKnownFileType = sourcecode.c.objc; path = TestTableVersion4.m; sourceTree = "<group>"; };
		4A51505C1F2F2402004BA79C /* CTPersistanceTestDelete.m */ = {isa = PBXFileReference; fileEncoding = 4; lastKnownFileType = sourcecode.c.objc; path = CTPersistanceTestDelete.m; sourceTree = "<group>"; };
		4A532C9A1F37FDCE0074BA46 /* CTPersistanceTestCriteria.m */ = {isa = PBXFileReference; fileEncoding = 4; lastKnownFileType = sourcecode.c.objc; path = CTPersistanceTestCriteria.m; sourceTree = "<group>"; };
		4A532C9C1F3804BF0074BA46 /* CTPersistanceTestAsync.m */ = {isa = PBXFileReference; fileEncoding = 4; lastKnownFileType = sourcecode.c.objc; path = CTPersistanceTestAsync.m; sourceTree = "<group>"; };
		4A532CA81F3C4F750074BA46 /* Target_CTPersistanceConfiguration.h */ = {isa = PBXFileReference; fileEncoding = 4; lastKnownFileType = sourcecode.c.h; path = Target_CTPersistanceConfiguration.h; sourceTree = "<group>"; };
		4A532CA91F3C4F750074BA46 /* Target_CTPersistanceConfiguration.m */ = {isa = PBXFileReference; fileEncoding = 4; lastKnownFileType = sourcecode.c.objc; path = Target_CTPersistanceConfiguration.m; sourceTree = "<group>"; };
		4A7844C21F32BD6700CF4809 /* CTPersistanceTestMigration.m */ = {isa = PBXFileReference; fileEncoding = 4; lastKnownFileType = sourcecode.c.objc; path = CTPersistanceTestMigration.m; sourceTree = "<group>"; };
		4A9A9DDF1F32CCC400090F73 /* Target_MigrationTestDatabase_version1_sqlite.h */ = {isa = PBXFileReference; fileEncoding = 4; lastKnownFileType = sourcecode.c.h; path = Target_MigrationTestDatabase_version1_sqlite.h; sourceTree = "<group>"; };
		4A9A9DE01F32CCC400090F73 /* Target_MigrationTestDatabase_version1_sqlite.m */ = {isa = PBXFileReference; fileEncoding = 4; lastKnownFileType = sourcecode.c.objc; path = Target_MigrationTestDatabase_version1_sqlite.m; sourceTree = "<group>"; };
		4A9A9DE21F32CCDE00090F73 /* Target_MigrationTestDatabase_version2_sqlite.h */ = {isa = PBXFileReference; fileEncoding = 4; lastKnownFileType = sourcecode.c.h; path = Target_MigrationTestDatabase_version2_sqlite.h; sourceTree = "<group>"; };
		4A9A9DE31F32CCDE00090F73 /* Target_MigrationTestDatabase_version2_sqlite.m */ = {isa = PBXFileReference; fileEncoding = 4; lastKnownFileType = sourcecode.c.objc; path = Target_MigrationTestDatabase_version2_sqlite.m; sourceTree = "<group>"; };
		4A9A9DE51F32CCEA00090F73 /* Target_MigrationTestDatabase_version3_sqlite.h */ = {isa = PBXFileReference; fileEncoding = 4; lastKnownFileType = sourcecode.c.h; path = Target_MigrationTestDatabase_version3_sqlite.h; sourceTree = "<group>"; };
		4A9A9DE61F32CCEA00090F73 /* Target_MigrationTestDatabase_version3_sqlite.m */ = {isa = PBXFileReference; fileEncoding = 4; lastKnownFileType = sourcecode.c.objc; path = Target_MigrationTestDatabase_version3_sqlite.m; sourceTree = "<group>"; };
		4A9A9DF21F32D06F00090F73 /* TestMiagratorVersion_1_to_2.h */ = {isa = PBXFileReference; fileEncoding = 4; lastKnownFileType = sourcecode.c.h; path = TestMiagratorVersion_1_to_2.h; sourceTree = "<group>"; };
		4A9A9DF31F32D06F00090F73 /* TestMiagratorVersion_1_to_2.m */ = {isa = PBXFileReference; fileEncoding = 4; lastKnownFileType = sourcecode.c.objc; path = TestMiagratorVersion_1_to_2.m; sourceTree = "<group>"; };
		4AB165E71F302AA60043E6A2 /* CTPersistanceTestFind.m */ = {isa = PBXFileReference; fileEncoding = 4; lastKnownFileType = sourcecode.c.objc; path = CTPersistanceTestFind.m; sourceTree = "<group>"; };
		4ACE63591F340E54007F3E6D /* NSDictionary+KeyValueBind.h */ = {isa = PBXFileReference; fileEncoding = 4; lastKnownFileType = sourcecode.c.h; path = "NSDictionary+KeyValueBind.h"; sourceTree = "<group>"; };
		4ACE635A1F340E54007F3E6D /* NSDictionary+KeyValueBind.m */ = {isa = PBXFileReference; fileEncoding = 4; lastKnownFileType = sourcecode.c.objc; path = "NSDictionary+KeyValueBind.m"; sourceTree = "<group>"; };
		4ACE635D1F341102007F3E6D /* NSString+Where.h */ = {isa = PBXFileReference; fileEncoding = 4; lastKnownFileType = sourcecode.c.h; path = "NSString+Where.h"; sourceTree = "<group>"; };
		4ACE635E1F341102007F3E6D /* NSString+Where.m */ = {isa = PBXFileReference; fileEncoding = 4; lastKnownFileType = sourcecode.c.objc; path = "NSString+Where.m"; sourceTree = "<group>"; };
		4ADFAB661F3316A0008EA281 /* CTPersistanceTable+Schema.h */ = {isa = PBXFileReference; fileEncoding = 4; lastKnownFileType = sourcecode.c.h; path = "CTPersistanceTable+Schema.h"; sourceTree = "<group>"; };
		4ADFAB671F3316A0008EA281 /* CTPersistanceTable+Schema.m */ = {isa = PBXFileReference; fileEncoding = 4; lastKnownFileType = sourcecode.c.objc; path = "CTPersistanceTable+Schema.m"; sourceTree = "<group>"; };
		4D31FADFF56BDD50C7FD9C94 /* libPods-CTPersistanceTests.a */ = {isa = PBXFileReference; explicitFileType = archive.ar; includeInIndex = 0; path = "libPods-CTPersistanceTests.a"; sourceTree = BUILT_PRODUCTS_DIR; };
		89D41C6489863CB58D4966E5 /* Pods-CTPersistance.debug.xcconfig */ = {isa = PBXFileReference; includeInIndex = 1; lastKnownFileType = text.xcconfig; name = "Pods-CTPersistance.debug.xcconfig"; path = "Pods/Target Support Files/Pods-CTPersistance/Pods-CTPersistance.debug.xcconfig"; sourceTree = "<group>"; };
		AD102503C09A04454242FAC0 /* Pods-CTPersistanceTests.debug.xcconfig */ = {isa = PBXFileReference; includeInIndex = 1; lastKnownFileType = text.xcconfig; name = "Pods-CTPersistanceTests.debug.xcconfig"; path = "Pods/Target Support Files/Pods-CTPersistanceTests/Pods-CTPersistanceTests.debug.xcconfig"; sourceTree = "<group>"; };
		D9D5304E203B48D737D87E6F /* Pods-CTPersistanceTests.release.xcconfig */ = {isa = PBXFileReference; includeInIndex = 1; lastKnownFileType = text.xcconfig; name = "Pods-CTPersistanceTests.release.xcconfig"; path = "Pods/Target Support Files/Pods-CTPersistanceTests/Pods-CTPersistanceTests.release.xcconfig"; sourceTree = "<group>"; };
/* End PBXFileReference section */

/* Begin PBXFrameworksBuildPhase section */
		4A0E00221F2C384E00E6A4DA /* Frameworks */ = {
			isa = PBXFrameworksBuildPhase;
			buildActionMask = 2147483647;
			files = (
				4A0E004F1F2C388200E6A4DA /* libsqlite3.tbd in Frameworks */,
				6284DE2109EF43B7A3D56F18 /* libPods-CTPersistance.a in Frameworks */,
			);
			runOnlyForDeploymentPostprocessing = 0;
		};
		4A0E003B1F2C384E00E6A4DA /* Frameworks */ = {
			isa = PBXFrameworksBuildPhase;
			buildActionMask = 2147483647;
			files = (
				DAEEF1BE411F617114764D0F /* libPods-CTPersistanceTests.a in Frameworks */,
			);
			runOnlyForDeploymentPostprocessing = 0;
		};
/* End PBXFrameworksBuildPhase section */

/* Begin PBXGroup section */
		294F445EBA019B695CE4DE66 /* Pods */ = {
			isa = PBXGroup;
			children = (
				89D41C6489863CB58D4966E5 /* Pods-CTPersistance.debug.xcconfig */,
				0E3659C0BE44F61448420F54 /* Pods-CTPersistance.release.xcconfig */,
				AD102503C09A04454242FAC0 /* Pods-CTPersistanceTests.debug.xcconfig */,
				D9D5304E203B48D737D87E6F /* Pods-CTPersistanceTests.release.xcconfig */,
			);
			name = Pods;
			sourceTree = "<group>";
		};
		4A0E001C1F2C384E00E6A4DA = {
			isa = PBXGroup;
			children = (
				4A0E00271F2C384E00E6A4DA /* CTPersistance */,
				4A0E00411F2C384E00E6A4DA /* CTPersistanceTests */,
				4A0E00261F2C384E00E6A4DA /* Products */,
				4A0E004D1F2C388200E6A4DA /* Frameworks */,
				294F445EBA019B695CE4DE66 /* Pods */,
			);
			sourceTree = "<group>";
		};
		4A0E00261F2C384E00E6A4DA /* Products */ = {
			isa = PBXGroup;
			children = (
				4A0E00251F2C384E00E6A4DA /* CTPersistance.app */,
				4A0E003E1F2C384E00E6A4DA /* CTPersistanceTests.xctest */,
			);
			name = Products;
			sourceTree = "<group>";
		};
		4A0E00271F2C384E00E6A4DA /* CTPersistance */ = {
			isa = PBXGroup;
			children = (
				4A0E00501F2C405A00E6A4DA /* CTPersistance */,
				4A0E002B1F2C384E00E6A4DA /* AppDelegate.h */,
				4A0E002C1F2C384E00E6A4DA /* AppDelegate.m */,
				4A0E002E1F2C384E00E6A4DA /* ViewController.h */,
				4A0E002F1F2C384E00E6A4DA /* ViewController.m */,
				4A532CA81F3C4F750074BA46 /* Target_CTPersistanceConfiguration.h */,
				4A532CA91F3C4F750074BA46 /* Target_CTPersistanceConfiguration.m */,
				4A0E00311F2C384E00E6A4DA /* Main.storyboard */,
				4A0E00341F2C384E00E6A4DA /* Assets.xcassets */,
				4A0E00361F2C384E00E6A4DA /* LaunchScreen.storyboard */,
				4A0E00391F2C384E00E6A4DA /* Info.plist */,
				4A0E00281F2C384E00E6A4DA /* Supporting Files */,
			);
			path = CTPersistance;
			sourceTree = "<group>";
		};
		4A0E00281F2C384E00E6A4DA /* Supporting Files */ = {
			isa = PBXGroup;
			children = (
				4A0E00291F2C384E00E6A4DA /* main.m */,
			);
			name = "Supporting Files";
			sourceTree = "<group>";
		};
		4A0E00411F2C384E00E6A4DA /* CTPersistanceTests */ = {
			isa = PBXGroup;
			children = (
				4A0E00C71F2DAB5000E6A4DA /* TestRecord.png */,
				4A0E00B71F2CC25A00E6A4DA /* TestModel */,
				4A0E00B31F2CBDBD00E6A4DA /* CTPersistanceTestInsert.m */,
				4A0E00C91F2DBBB400E6A4DA /* CTPersistanceTestUpdate.m */,
				4A51505C1F2F2402004BA79C /* CTPersistanceTestDelete.m */,
				4AB165E71F302AA60043E6A2 /* CTPersistanceTestFind.m */,
				4A7844C21F32BD6700CF4809 /* CTPersistanceTestMigration.m */,
				4A532C9A1F37FDCE0074BA46 /* CTPersistanceTestCriteria.m */,
				4A532C9C1F3804BF0074BA46 /* CTPersistanceTestAsync.m */,
				4A7844C41F32C1F500CF4809 /* MigrationTestModel */,
				4A0E00441F2C384E00E6A4DA /* Info.plist */,
			);
			path = CTPersistanceTests;
			sourceTree = "<group>";
		};
		4A0E004D1F2C388200E6A4DA /* Frameworks */ = {
			isa = PBXGroup;
			children = (
				4A0E004E1F2C388200E6A4DA /* libsqlite3.tbd */,
				24975DE09A62B809BFED181C /* libPods-CTPersistance.a */,
				4D31FADFF56BDD50C7FD9C94 /* libPods-CTPersistanceTests.a */,
			);
			name = Frameworks;
			sourceTree = "<group>";
		};
		4A0E00501F2C405A00E6A4DA /* CTPersistance */ = {
			isa = PBXGroup;
			children = (
				4A0E00631F2CBD6300E6A4DA /* CTPersistance.h */,
				4A0E00641F2CBD6300E6A4DA /* CTPersistanceConfiguration.h */,
				4A0E00651F2CBD6300E6A4DA /* CTPersistanceMarcos.h */,
				4A0E00511F2CBD6300E6A4DA /* Async */,
				4A0E00541F2CBD6300E6A4DA /* Categories */,
				4A0E00601F2CBD6300E6A4DA /* Criteria */,
				4A0E00661F2CBD6300E6A4DA /* Database */,
				4A0E006B1F2CBD6300E6A4DA /* Migration */,
				4A0E00741F2CBD6300E6A4DA /* QueryCommand */,
				4A0E00841F2CBD6300E6A4DA /* Record */,
				4A0E00881F2CBD6300E6A4DA /* Table */,
				4A0E00981F2CBD6300E6A4DA /* Transaction */,
			);
			path = CTPersistance;
			sourceTree = "<group>";
		};
		4A0E00511F2CBD6300E6A4DA /* Async */ = {
			isa = PBXGroup;
			children = (
				4A0E00521F2CBD6300E6A4DA /* CTPersistanceAsyncExecutor.h */,
				4A0E00531F2CBD6300E6A4DA /* CTPersistanceAsyncExecutor.m */,
			);
			path = Async;
			sourceTree = "<group>";
		};
		4A0E00541F2CBD6300E6A4DA /* Categories */ = {
			isa = PBXGroup;
			children = (
				4ACE63571F340E29007F3E6D /* NSDictionary */,
				4A0E00C11F2D84C500E6A4DA /* NSMutableArray */,
				4A0E00551F2CBD6300E6A4DA /* NSArray */,
				4A0E00591F2CBD6300E6A4DA /* NSString */,
			);
			path = Categories;
			sourceTree = "<group>";
		};
		4A0E00551F2CBD6300E6A4DA /* NSArray */ = {
			isa = PBXGroup;
			children = (
				4A0E00561F2CBD6300E6A4DA /* CTPersistanceRecordTransform */,
			);
			path = NSArray;
			sourceTree = "<group>";
		};
		4A0E00561F2CBD6300E6A4DA /* CTPersistanceRecordTransform */ = {
			isa = PBXGroup;
			children = (
				4A0E00571F2CBD6300E6A4DA /* NSArray+CTPersistanceRecordTransform.h */,
				4A0E00581F2CBD6300E6A4DA /* NSArray+CTPersistanceRecordTransform.m */,
			);
			path = CTPersistanceRecordTransform;
			sourceTree = "<group>";
		};
		4A0E00591F2CBD6300E6A4DA /* NSString */ = {
			isa = PBXGroup;
			children = (
				4ACE635C1F3410F4007F3E6D /* Where */,
			);
			path = NSString;
			sourceTree = "<group>";
		};
		4A0E00601F2CBD6300E6A4DA /* Criteria */ = {
			isa = PBXGroup;
			children = (
				4A0E00611F2CBD6300E6A4DA /* CTPersistanceCriteria.h */,
				4A0E00621F2CBD6300E6A4DA /* CTPersistanceCriteria.m */,
			);
			path = Criteria;
			sourceTree = "<group>";
		};
		4A0E00661F2CBD6300E6A4DA /* Database */ = {
			isa = PBXGroup;
			children = (
				4A0E00671F2CBD6300E6A4DA /* CTPersistanceDataBase.h */,
				4A0E00681F2CBD6300E6A4DA /* CTPersistanceDataBase.m */,
				4A0E00691F2CBD6300E6A4DA /* CTPersistanceDatabasePool.h */,
				4A0E006A1F2CBD6300E6A4DA /* CTPersistanceDatabasePool.m */,
			);
			path = Database;
			sourceTree = "<group>";
		};
		4A0E006B1F2CBD6300E6A4DA /* Migration */ = {
			isa = PBXGroup;
			children = (
				4A0E006C1F2CBD6300E6A4DA /* CTPersistanceMigrator.h */,
				4A0E006D1F2CBD6300E6A4DA /* CTPersistanceMigrator.m */,
				4A0E006E1F2CBD6300E6A4DA /* MigrationVersionTable */,
			);
			path = Migration;
			sourceTree = "<group>";
		};
		4A0E006E1F2CBD6300E6A4DA /* MigrationVersionTable */ = {
			isa = PBXGroup;
			children = (
				4A0E006F1F2CBD6300E6A4DA /* CTPersistanceVersionTable.h */,
				4A0E00701F2CBD6300E6A4DA /* CTPersistanceVersionTable.m */,
				4A0E00711F2CBD6300E6A4DA /* Record */,
			);
			path = MigrationVersionTable;
			sourceTree = "<group>";
		};
		4A0E00711F2CBD6300E6A4DA /* Record */ = {
			isa = PBXGroup;
			children = (
				4A0E00721F2CBD6300E6A4DA /* CTPersistanceVersionRecord.h */,
				4A0E00731F2CBD6300E6A4DA /* CTPersistanceVersionRecord.m */,
			);
			path = Record;
			sourceTree = "<group>";
		};
		4A0E00741F2CBD6300E6A4DA /* QueryCommand */ = {
			isa = PBXGroup;
			children = (
				4A0E00751F2CBD6300E6A4DA /* Categories */,
				4A0E00821F2CBD6300E6A4DA /* CTPersistanceQueryCommand.h */,
				4A0E00831F2CBD6300E6A4DA /* CTPersistanceQueryCommand.m */,
			);
			path = QueryCommand;
			sourceTree = "<group>";
		};
		4A0E00751F2CBD6300E6A4DA /* Categories */ = {
			isa = PBXGroup;
			children = (
				4A0E00761F2CBD6300E6A4DA /* DataManipulations */,
				4A0E007C1F2CBD6300E6A4DA /* SchemaManipulations */,
				4A0E007F1F2CBD6300E6A4DA /* StatusMethods */,
			);
			path = Categories;
			sourceTree = "<group>";
		};
		4A0E00761F2CBD6300E6A4DA /* DataManipulations */ = {
			isa = PBXGroup;
			children = (
				4A0E00771F2CBD6300E6A4DA /* CTPersistanceQueryCommand+DataManipulations.h */,
				4A0E00781F2CBD6300E6A4DA /* CTPersistanceQueryCommand+DataManipulations.m */,
			);
			path = DataManipulations;
			sourceTree = "<group>";
		};
		4A0E007C1F2CBD6300E6A4DA /* SchemaManipulations */ = {
			isa = PBXGroup;
			children = (
				4A0E007D1F2CBD6300E6A4DA /* CTPersistanceQueryCommand+SchemaManipulations.h */,
				4A0E007E1F2CBD6300E6A4DA /* CTPersistanceQueryCommand+SchemaManipulations.m */,
			);
			path = SchemaManipulations;
			sourceTree = "<group>";
		};
		4A0E007F1F2CBD6300E6A4DA /* StatusMethods */ = {
			isa = PBXGroup;
			children = (
				4A0E00801F2CBD6300E6A4DA /* CTPersistanceQueryCommand+Status.h */,
				4A0E00811F2CBD6300E6A4DA /* CTPersistanceQueryCommand+Status.m */,
			);
			path = StatusMethods;
			sourceTree = "<group>";
		};
		4A0E00841F2CBD6300E6A4DA /* Record */ = {
			isa = PBXGroup;
			children = (
				4A0E00851F2CBD6300E6A4DA /* CTPersistanceRecord.h */,
				4A0E00861F2CBD6300E6A4DA /* CTPersistanceRecord.m */,
				4A0E00871F2CBD6300E6A4DA /* CTPersistanceRecordProtocol.h */,
			);
			path = Record;
			sourceTree = "<group>";
		};
		4A0E00881F2CBD6300E6A4DA /* Table */ = {
			isa = PBXGroup;
			children = (
				4A0E00891F2CBD6300E6A4DA /* Categories */,
				4A0E00961F2CBD6300E6A4DA /* CTPersistanceTable.h */,
				4A0E00971F2CBD6300E6A4DA /* CTPersistanceTable.m */,
			);
			path = Table;
			sourceTree = "<group>";
		};
		4A0E00891F2CBD6300E6A4DA /* Categories */ = {
			isa = PBXGroup;
			children = (
				4ADFAB651F331685008EA281 /* Schema */,
				4A0E008A1F2CBD6300E6A4DA /* Delete */,
				4A0E008D1F2CBD6300E6A4DA /* Find */,
				4A0E00901F2CBD6300E6A4DA /* Insert */,
				4A0E00931F2CBD6300E6A4DA /* Update */,
			);
			path = Categories;
			sourceTree = "<group>";
		};
		4A0E008A1F2CBD6300E6A4DA /* Delete */ = {
			isa = PBXGroup;
			children = (
				4A0E008B1F2CBD6300E6A4DA /* CTPersistanceTable+Delete.h */,
				4A0E008C1F2CBD6300E6A4DA /* CTPersistanceTable+Delete.m */,
			);
			path = Delete;
			sourceTree = "<group>";
		};
		4A0E008D1F2CBD6300E6A4DA /* Find */ = {
			isa = PBXGroup;
			children = (
				4A0E008E1F2CBD6300E6A4DA /* CTPersistanceTable+Find.h */,
				4A0E008F1F2CBD6300E6A4DA /* CTPersistanceTable+Find.m */,
			);
			path = Find;
			sourceTree = "<group>";
		};
		4A0E00901F2CBD6300E6A4DA /* Insert */ = {
			isa = PBXGroup;
			children = (
				4A0E00911F2CBD6300E6A4DA /* CTPersistanceTable+Insert.h */,
				4A0E00921F2CBD6300E6A4DA /* CTPersistanceTable+Insert.m */,
			);
			path = Insert;
			sourceTree = "<group>";
		};
		4A0E00931F2CBD6300E6A4DA /* Update */ = {
			isa = PBXGroup;
			children = (
				4A0E00941F2CBD6300E6A4DA /* CTPersistanceTable+Update.h */,
				4A0E00951F2CBD6300E6A4DA /* CTPersistanceTable+Update.m */,
			);
			path = Update;
			sourceTree = "<group>";
		};
		4A0E00981F2CBD6300E6A4DA /* Transaction */ = {
			isa = PBXGroup;
			children = (
				4A0E00991F2CBD6300E6A4DA /* CTPersistanceTransaction.h */,
				4A0E009A1F2CBD6300E6A4DA /* CTPersistanceTransaction.m */,
			);
			path = Transaction;
			sourceTree = "<group>";
		};
		4A0E00B71F2CC25A00E6A4DA /* TestModel */ = {
			isa = PBXGroup;
			children = (
				4A0E00B81F2CC25A00E6A4DA /* Record */,
				4A0E00BB1F2CC25A00E6A4DA /* Table */,
			);
			path = TestModel;
			sourceTree = "<group>";
		};
		4A0E00B81F2CC25A00E6A4DA /* Record */ = {
			isa = PBXGroup;
			children = (
				4A0E00B91F2CC25A00E6A4DA /* TestRecord.h */,
				4A0E00BA1F2CC25A00E6A4DA /* TestRecord.m */,
			);
			path = Record;
			sourceTree = "<group>";
		};
		4A0E00BB1F2CC25A00E6A4DA /* Table */ = {
			isa = PBXGroup;
			children = (
				4A0E00BC1F2CC25A00E6A4DA /* Columns */,
				4A0E00BD1F2CC25A00E6A4DA /* TestTable.h */,
				4A0E00BE1F2CC25A00E6A4DA /* TestTable.m */,
			);
			path = Table;
			sourceTree = "<group>";
		};
		4A0E00BC1F2CC25A00E6A4DA /* Columns */ = {
			isa = PBXGroup;
			children = (
			);
			path = Columns;
			sourceTree = "<group>";
		};
		4A0E00C11F2D84C500E6A4DA /* NSMutableArray */ = {
			isa = PBXGroup;
			children = (
				4A0E00C21F2D84C500E6A4DA /* CTPersistanceBindValue */,
			);
			path = NSMutableArray;
			sourceTree = "<group>";
		};
		4A0E00C21F2D84C500E6A4DA /* CTPersistanceBindValue */ = {
			isa = PBXGroup;
			children = (
				4A0E00C41F2D84FB00E6A4DA /* NSMutableArray+CTPersistanceBindValue.h */,
				4A0E00C51F2D84FB00E6A4DA /* NSMutableArray+CTPersistanceBindValue.m */,
			);
			path = CTPersistanceBindValue;
			sourceTree = "<group>";
		};
		4A17A9761F32F392009356D7 /* Tables_&_Records */ = {
			isa = PBXGroup;
			children = (
				4A17A9771F32F392009356D7 /* Version1 */,
				4A17A97E1F32F392009356D7 /* Version2 */,
				4A17A9851F32F392009356D7 /* Version3 */,
				4A17A98C1F32F392009356D7 /* Version4 */,
			);
			path = "Tables_&_Records";
			sourceTree = "<group>";
		};
		4A17A9771F32F392009356D7 /* Version1 */ = {
			isa = PBXGroup;
			children = (
				4A17A9781F32F392009356D7 /* TestRecordVersion1 */,
				4A17A97B1F32F392009356D7 /* TestTableVersion1 */,
			);
			path = Version1;
			sourceTree = "<group>";
		};
		4A17A9781F32F392009356D7 /* TestRecordVersion1 */ = {
			isa = PBXGroup;
			children = (
				4A17A9791F32F392009356D7 /* TestRecordVersion1.h */,
				4A17A97A1F32F392009356D7 /* TestRecordVersion1.m */,
			);
			path = TestRecordVersion1;
			sourceTree = "<group>";
		};
		4A17A97B1F32F392009356D7 /* TestTableVersion1 */ = {
			isa = PBXGroup;
			children = (
				4A17A97C1F32F392009356D7 /* TestTableVersion1.h */,
				4A17A97D1F32F392009356D7 /* TestTableVersion1.m */,
			);
			path = TestTableVersion1;
			sourceTree = "<group>";
		};
		4A17A97E1F32F392009356D7 /* Version2 */ = {
			isa = PBXGroup;
			children = (
				4A17A97F1F32F392009356D7 /* TestRecordVersion2 */,
				4A17A9821F32F392009356D7 /* TestTableVersion2 */,
			);
			path = Version2;
			sourceTree = "<group>";
		};
		4A17A97F1F32F392009356D7 /* TestRecordVersion2 */ = {
			isa = PBXGroup;
			children = (
				4A17A9801F32F392009356D7 /* TestRecordVersion2.h */,
				4A17A9811F32F392009356D7 /* TestRecordVersion2.m */,
			);
			path = TestRecordVersion2;
			sourceTree = "<group>";
		};
		4A17A9821F32F392009356D7 /* TestTableVersion2 */ = {
			isa = PBXGroup;
			children = (
				4A17A9831F32F392009356D7 /* TestTableVersion2.h */,
				4A17A9841F32F392009356D7 /* TestTableVersion2.m */,
			);
			path = TestTableVersion2;
			sourceTree = "<group>";
		};
		4A17A9851F32F392009356D7 /* Version3 */ = {
			isa = PBXGroup;
			children = (
				4A17A9861F32F392009356D7 /* TestRecordVersion3 */,
				4A17A9891F32F392009356D7 /* TestTableVersion3 */,
			);
			path = Version3;
			sourceTree = "<group>";
		};
		4A17A9861F32F392009356D7 /* TestRecordVersion3 */ = {
			isa = PBXGroup;
			children = (
				4A17A9871F32F392009356D7 /* TestRecordVersion3.h */,
				4A17A9881F32F392009356D7 /* TestRecordVersion3.m */,
			);
			path = TestRecordVersion3;
			sourceTree = "<group>";
		};
		4A17A9891F32F392009356D7 /* TestTableVersion3 */ = {
			isa = PBXGroup;
			children = (
				4A17A98A1F32F392009356D7 /* TestTableVersion3.h */,
				4A17A98B1F32F392009356D7 /* TestTableVersion3.m */,
			);
			path = TestTableVersion3;
			sourceTree = "<group>";
		};
		4A17A98C1F32F392009356D7 /* Version4 */ = {
			isa = PBXGroup;
			children = (
				4A17A98D1F32F392009356D7 /* TestRecordVersion4 */,
				4A17A9901F32F392009356D7 /* TestTableVersion4 */,
			);
			path = Version4;
			sourceTree = "<group>";
		};
		4A17A98D1F32F392009356D7 /* TestRecordVersion4 */ = {
			isa = PBXGroup;
			children = (
				4A17A98E1F32F392009356D7 /* TestRecordVersion4.h */,
				4A17A98F1F32F392009356D7 /* TestRecordVersion4.m */,
			);
			path = TestRecordVersion4;
			sourceTree = "<group>";
		};
		4A17A9901F32F392009356D7 /* TestTableVersion4 */ = {
			isa = PBXGroup;
			children = (
				4A17A9911F32F392009356D7 /* TestTableVersion4.h */,
				4A17A9921F32F392009356D7 /* TestTableVersion4.m */,
			);
			path = TestTableVersion4;
			sourceTree = "<group>";
		};
		4A7844C41F32C1F500CF4809 /* MigrationTestModel */ = {
			isa = PBXGroup;
			children = (
				4A9A9DCF1F32CBE300090F73 /* Migrator */,
				4A17A9761F32F392009356D7 /* Tables_&_Records */,
			);
			path = MigrationTestModel;
			sourceTree = "<group>";
		};
		4A9A9DCF1F32CBE300090F73 /* Migrator */ = {
			isa = PBXGroup;
			children = (
				4A9A9DEB1F32D03700090F73 /* Migrators */,
				4A9A9DD71F32CC8C00090F73 /* MigrationSteps */,
				4A9A9DD01F32CBE300090F73 /* Target */,
			);
			path = Migrator;
			sourceTree = "<group>";
		};
		4A9A9DD01F32CBE300090F73 /* Target */ = {
			isa = PBXGroup;
			children = (
				4A9A9DDB1F32CCA100090F73 /* Version1 */,
				4A9A9DDC1F32CCA100090F73 /* Version2 */,
				4A9A9DDD1F32CCA100090F73 /* Version3 */,
			);
			path = Target;
			sourceTree = "<group>";
		};
		4A9A9DD71F32CC8C00090F73 /* MigrationSteps */ = {
			isa = PBXGroup;
			children = (
				4A9A9DD81F32CC8C00090F73 /* Version2 */,
				4A9A9DD91F32CC8C00090F73 /* Version3 */,
				4A9A9DDA1F32CC8C00090F73 /* Version4 */,
			);
			path = MigrationSteps;
			sourceTree = "<group>";
		};
		4A9A9DD81F32CC8C00090F73 /* Version2 */ = {
			isa = PBXGroup;
			children = (
				4A17A96D1F32D45A009356D7 /* MigrationStep_2.h */,
				4A17A96E1F32D45A009356D7 /* MigrationStep_2.m */,
			);
			path = Version2;
			sourceTree = "<group>";
		};
		4A9A9DD91F32CC8C00090F73 /* Version3 */ = {
			isa = PBXGroup;
			children = (
				4A17A9701F32D461009356D7 /* MigrationStep_3.h */,
				4A17A9711F32D461009356D7 /* MigrationStep_3.m */,
			);
			path = Version3;
			sourceTree = "<group>";
		};
		4A9A9DDA1F32CC8C00090F73 /* Version4 */ = {
			isa = PBXGroup;
			children = (
				4A17A9731F32D46A009356D7 /* MigrationStep_4.h */,
				4A17A9741F32D46A009356D7 /* MigrationStep_4.m */,
			);
			path = Version4;
			sourceTree = "<group>";
		};
		4A9A9DDB1F32CCA100090F73 /* Version1 */ = {
			isa = PBXGroup;
			children = (
				4A9A9DDF1F32CCC400090F73 /* Target_MigrationTestDatabase_version1_sqlite.h */,
				4A9A9DE01F32CCC400090F73 /* Target_MigrationTestDatabase_version1_sqlite.m */,
			);
			path = Version1;
			sourceTree = "<group>";
		};
		4A9A9DDC1F32CCA100090F73 /* Version2 */ = {
			isa = PBXGroup;
			children = (
				4A9A9DE21F32CCDE00090F73 /* Target_MigrationTestDatabase_version2_sqlite.h */,
				4A9A9DE31F32CCDE00090F73 /* Target_MigrationTestDatabase_version2_sqlite.m */,
			);
			path = Version2;
			sourceTree = "<group>";
		};
		4A9A9DDD1F32CCA100090F73 /* Version3 */ = {
			isa = PBXGroup;
			children = (
				4A9A9DE51F32CCEA00090F73 /* Target_MigrationTestDatabase_version3_sqlite.h */,
				4A9A9DE61F32CCEA00090F73 /* Target_MigrationTestDatabase_version3_sqlite.m */,
			);
			path = Version3;
			sourceTree = "<group>";
		};
		4A9A9DEB1F32D03700090F73 /* Migrators */ = {
			isa = PBXGroup;
			children = (
				4A9A9DEC1F32D03700090F73 /* Version_1_to_2 */,
				4A9A9DED1F32D03700090F73 /* Version_1_to_3 */,
				4A9A9DEE1F32D03700090F73 /* Version_1_to_4 */,
				4A9A9DEF1F32D03700090F73 /* Version_2_to_3 */,
				4A9A9DF01F32D03700090F73 /* Version_2_to_4 */,
				4A9A9DF11F32D03700090F73 /* Version_3_to_4 */,
			);
			path = Migrators;
			sourceTree = "<group>";
		};
		4A9A9DEC1F32D03700090F73 /* Version_1_to_2 */ = {
			isa = PBXGroup;
			children = (
				4A9A9DF21F32D06F00090F73 /* TestMiagratorVersion_1_to_2.h */,
				4A9A9DF31F32D06F00090F73 /* TestMiagratorVersion_1_to_2.m */,
			);
			path = Version_1_to_2;
			sourceTree = "<group>";
		};
		4A9A9DED1F32D03700090F73 /* Version_1_to_3 */ = {
			isa = PBXGroup;
			children = (
				4A17A95E1F32D094009356D7 /* TestMiagratorVersion_1_to_3.h */,
				4A17A95F1F32D094009356D7 /* TestMiagratorVersion_1_to_3.m */,
			);
			path = Version_1_to_3;
			sourceTree = "<group>";
		};
		4A9A9DEE1F32D03700090F73 /* Version_1_to_4 */ = {
			isa = PBXGroup;
			children = (
				4A17A9611F32D09D009356D7 /* TestMiagratorVersion_1_to_4.h */,
				4A17A9621F32D09D009356D7 /* TestMiagratorVersion_1_to_4.m */,
			);
			path = Version_1_to_4;
			sourceTree = "<group>";
		};
		4A9A9DEF1F32D03700090F73 /* Version_2_to_3 */ = {
			isa = PBXGroup;
			children = (
				4A17A9641F32D0A7009356D7 /* TestMiagratorVersion_2_to_3.h */,
				4A17A9651F32D0A7009356D7 /* TestMiagratorVersion_2_to_3.m */,
			);
			path = Version_2_to_3;
			sourceTree = "<group>";
		};
		4A9A9DF01F32D03700090F73 /* Version_2_to_4 */ = {
			isa = PBXGroup;
			children = (
				4A17A9671F32D0B5009356D7 /* TestMiagratorVersion_2_to_4.h */,
				4A17A9681F32D0B5009356D7 /* TestMiagratorVersion_2_to_4.m */,
			);
			path = Version_2_to_4;
			sourceTree = "<group>";
		};
		4A9A9DF11F32D03700090F73 /* Version_3_to_4 */ = {
			isa = PBXGroup;
			children = (
				4A17A96A1F32D0C0009356D7 /* TestMiagratorVersion_3_to_4.h */,
				4A17A96B1F32D0C0009356D7 /* TestMiagratorVersion_3_to_4.m */,
			);
			path = Version_3_to_4;
			sourceTree = "<group>";
		};
		4ACE63571F340E29007F3E6D /* NSDictionary */ = {
			isa = PBXGroup;
			children = (
				4ACE63581F340E29007F3E6D /* KeyValueBind */,
			);
			path = NSDictionary;
			sourceTree = "<group>";
		};
		4ACE63581F340E29007F3E6D /* KeyValueBind */ = {
			isa = PBXGroup;
			children = (
				4ACE63591F340E54007F3E6D /* NSDictionary+KeyValueBind.h */,
				4ACE635A1F340E54007F3E6D /* NSDictionary+KeyValueBind.m */,
			);
			path = KeyValueBind;
			sourceTree = "<group>";
		};
		4ACE635C1F3410F4007F3E6D /* Where */ = {
			isa = PBXGroup;
			children = (
				4ACE635D1F341102007F3E6D /* NSString+Where.h */,
				4ACE635E1F341102007F3E6D /* NSString+Where.m */,
			);
			path = Where;
			sourceTree = "<group>";
		};
		4ADFAB651F331685008EA281 /* Schema */ = {
			isa = PBXGroup;
			children = (
				4ADFAB661F3316A0008EA281 /* CTPersistanceTable+Schema.h */,
				4ADFAB671F3316A0008EA281 /* CTPersistanceTable+Schema.m */,
			);
			path = Schema;
			sourceTree = "<group>";
		};
/* End PBXGroup section */

/* Begin PBXNativeTarget section */
		4A0E00241F2C384E00E6A4DA /* CTPersistance */ = {
			isa = PBXNativeTarget;
			buildConfigurationList = 4A0E00471F2C384E00E6A4DA /* Build configuration list for PBXNativeTarget "CTPersistance" */;
			buildPhases = (
				810DA35DC562A3E4A0F26373 /* [CP] Check Pods Manifest.lock */,
				4A0E00211F2C384E00E6A4DA /* Sources */,
				4A0E00221F2C384E00E6A4DA /* Frameworks */,
				4A0E00231F2C384E00E6A4DA /* Resources */,
				B005E67EAC7A8E24188EAAFF /* [CP] Embed Pods Frameworks */,
				630DEDDA92D728774B460586 /* [CP] Copy Pods Resources */,
			);
			buildRules = (
			);
			dependencies = (
			);
			name = CTPersistance;
			productName = CTPersistance;
			productReference = 4A0E00251F2C384E00E6A4DA /* CTPersistance.app */;
			productType = "com.apple.product-type.application";
		};
		4A0E003D1F2C384E00E6A4DA /* CTPersistanceTests */ = {
			isa = PBXNativeTarget;
			buildConfigurationList = 4A0E004A1F2C384E00E6A4DA /* Build configuration list for PBXNativeTarget "CTPersistanceTests" */;
			buildPhases = (
				DFE4FB2A9CE5F55E85A7BA6A /* [CP] Check Pods Manifest.lock */,
				4A0E003A1F2C384E00E6A4DA /* Sources */,
				4A0E003B1F2C384E00E6A4DA /* Frameworks */,
				4A0E003C1F2C384E00E6A4DA /* Resources */,
				E89438496151546E4C4E397A /* [CP] Embed Pods Frameworks */,
				4473F37DA1D659EB1FF16887 /* [CP] Copy Pods Resources */,
			);
			buildRules = (
			);
			dependencies = (
				4A0E00401F2C384E00E6A4DA /* PBXTargetDependency */,
			);
			name = CTPersistanceTests;
			productName = CTPersistanceTests;
			productReference = 4A0E003E1F2C384E00E6A4DA /* CTPersistanceTests.xctest */;
			productType = "com.apple.product-type.bundle.unit-test";
		};
/* End PBXNativeTarget section */

/* Begin PBXProject section */
		4A0E001D1F2C384E00E6A4DA /* Project object */ = {
			isa = PBXProject;
			attributes = {
				LastUpgradeCheck = 0830;
				ORGANIZATIONNAME = casa;
				TargetAttributes = {
					4A0E00241F2C384E00E6A4DA = {
						CreatedOnToolsVersion = 8.3.2;
						DevelopmentTeam = THS9SRQVES;
						ProvisioningStyle = Automatic;
					};
					4A0E003D1F2C384E00E6A4DA = {
						CreatedOnToolsVersion = 8.3.2;
						DevelopmentTeam = EJ552L8U27;
						ProvisioningStyle = Automatic;
						TestTargetID = 4A0E00241F2C384E00E6A4DA;
					};
				};
			};
			buildConfigurationList = 4A0E00201F2C384E00E6A4DA /* Build configuration list for PBXProject "CTPersistance" */;
			compatibilityVersion = "Xcode 3.2";
			developmentRegion = English;
			hasScannedForEncodings = 0;
			knownRegions = (
				en,
				Base,
			);
			mainGroup = 4A0E001C1F2C384E00E6A4DA;
			productRefGroup = 4A0E00261F2C384E00E6A4DA /* Products */;
			projectDirPath = "";
			projectRoot = "";
			targets = (
				4A0E00241F2C384E00E6A4DA /* CTPersistance */,
				4A0E003D1F2C384E00E6A4DA /* CTPersistanceTests */,
			);
		};
/* End PBXProject section */

/* Begin PBXResourcesBuildPhase section */
		4A0E00231F2C384E00E6A4DA /* Resources */ = {
			isa = PBXResourcesBuildPhase;
			buildActionMask = 2147483647;
			files = (
				4A0E00381F2C384E00E6A4DA /* LaunchScreen.storyboard in Resources */,
				4A0E00351F2C384E00E6A4DA /* Assets.xcassets in Resources */,
				4A0E00331F2C384E00E6A4DA /* Main.storyboard in Resources */,
			);
			runOnlyForDeploymentPostprocessing = 0;
		};
		4A0E003C1F2C384E00E6A4DA /* Resources */ = {
			isa = PBXResourcesBuildPhase;
			buildActionMask = 2147483647;
			files = (
				4A0E00C81F2DAB5000E6A4DA /* TestRecord.png in Resources */,
			);
			runOnlyForDeploymentPostprocessing = 0;
		};
/* End PBXResourcesBuildPhase section */

/* Begin PBXShellScriptBuildPhase section */
		4473F37DA1D659EB1FF16887 /* [CP] Copy Pods Resources */ = {
			isa = PBXShellScriptBuildPhase;
			buildActionMask = 2147483647;
			files = (
			);
			inputPaths = (
			);
			name = "[CP] Copy Pods Resources";
			outputPaths = (
			);
			runOnlyForDeploymentPostprocessing = 0;
			shellPath = /bin/sh;
			shellScript = "\"${SRCROOT}/Pods/Target Support Files/Pods-CTPersistanceTests/Pods-CTPersistanceTests-resources.sh\"\n";
			showEnvVarsInLog = 0;
		};
		630DEDDA92D728774B460586 /* [CP] Copy Pods Resources */ = {
			isa = PBXShellScriptBuildPhase;
			buildActionMask = 2147483647;
			files = (
			);
			inputPaths = (
			);
			name = "[CP] Copy Pods Resources";
			outputPaths = (
			);
			runOnlyForDeploymentPostprocessing = 0;
			shellPath = /bin/sh;
			shellScript = "\"${SRCROOT}/Pods/Target Support Files/Pods-CTPersistance/Pods-CTPersistance-resources.sh\"\n";
			showEnvVarsInLog = 0;
		};
		810DA35DC562A3E4A0F26373 /* [CP] Check Pods Manifest.lock */ = {
			isa = PBXShellScriptBuildPhase;
			buildActionMask = 2147483647;
			files = (
			);
			inputPaths = (
				"${PODS_PODFILE_DIR_PATH}/Podfile.lock",
				"${PODS_ROOT}/Manifest.lock",
			);
			name = "[CP] Check Pods Manifest.lock";
			outputPaths = (
				"$(DERIVED_FILE_DIR)/Pods-CTPersistance-checkManifestLockResult.txt",
			);
			runOnlyForDeploymentPostprocessing = 0;
			shellPath = /bin/sh;
			shellScript = "diff \"${PODS_PODFILE_DIR_PATH}/Podfile.lock\" \"${PODS_ROOT}/Manifest.lock\" > /dev/null\nif [ $? != 0 ] ; then\n    # print error to STDERR\n    echo \"error: The sandbox is not in sync with the Podfile.lock. Run 'pod install' or update your CocoaPods installation.\" >&2\n    exit 1\nfi\n# This output is used by Xcode 'outputs' to avoid re-running this script phase.\necho \"SUCCESS\" > \"${SCRIPT_OUTPUT_FILE_0}\"\n";
			showEnvVarsInLog = 0;
		};
		B005E67EAC7A8E24188EAAFF /* [CP] Embed Pods Frameworks */ = {
			isa = PBXShellScriptBuildPhase;
			buildActionMask = 2147483647;
			files = (
			);
			inputPaths = (
			);
			name = "[CP] Embed Pods Frameworks";
			outputPaths = (
			);
			runOnlyForDeploymentPostprocessing = 0;
			shellPath = /bin/sh;
			shellScript = "\"${SRCROOT}/Pods/Target Support Files/Pods-CTPersistance/Pods-CTPersistance-frameworks.sh\"\n";
			showEnvVarsInLog = 0;
		};
		DFE4FB2A9CE5F55E85A7BA6A /* [CP] Check Pods Manifest.lock */ = {
			isa = PBXShellScriptBuildPhase;
			buildActionMask = 2147483647;
			files = (
			);
			inputPaths = (
				"${PODS_PODFILE_DIR_PATH}/Podfile.lock",
				"${PODS_ROOT}/Manifest.lock",
			);
			name = "[CP] Check Pods Manifest.lock";
			outputPaths = (
				"$(DERIVED_FILE_DIR)/Pods-CTPersistanceTests-checkManifestLockResult.txt",
			);
			runOnlyForDeploymentPostprocessing = 0;
			shellPath = /bin/sh;
			shellScript = "diff \"${PODS_PODFILE_DIR_PATH}/Podfile.lock\" \"${PODS_ROOT}/Manifest.lock\" > /dev/null\nif [ $? != 0 ] ; then\n    # print error to STDERR\n    echo \"error: The sandbox is not in sync with the Podfile.lock. Run 'pod install' or update your CocoaPods installation.\" >&2\n    exit 1\nfi\n# This output is used by Xcode 'outputs' to avoid re-running this script phase.\necho \"SUCCESS\" > \"${SCRIPT_OUTPUT_FILE_0}\"\n";
			showEnvVarsInLog = 0;
		};
		E89438496151546E4C4E397A /* [CP] Embed Pods Frameworks */ = {
			isa = PBXShellScriptBuildPhase;
			buildActionMask = 2147483647;
			files = (
			);
			inputPaths = (
			);
			name = "[CP] Embed Pods Frameworks";
			outputPaths = (
			);
			runOnlyForDeploymentPostprocessing = 0;
			shellPath = /bin/sh;
			shellScript = "\"${SRCROOT}/Pods/Target Support Files/Pods-CTPersistanceTests/Pods-CTPersistanceTests-frameworks.sh\"\n";
			showEnvVarsInLog = 0;
		};
/* End PBXShellScriptBuildPhase section */

/* Begin PBXSourcesBuildPhase section */
		4A0E00211F2C384E00E6A4DA /* Sources */ = {
			isa = PBXSourcesBuildPhase;
			buildActionMask = 2147483647;
			files = (
				4A0E00C61F2D84FB00E6A4DA /* NSMutableArray+CTPersistanceBindValue.m in Sources */,
				4A0E00A51F2CBD6300E6A4DA /* CTPersistanceQueryCommand+DataManipulations.m in Sources */,
				4A0E009B1F2CBD6300E6A4DA /* CTPersistanceAsyncExecutor.m in Sources */,
				4A0E00AA1F2CBD6300E6A4DA /* CTPersistanceRecord.m in Sources */,
				4A532CAB1F3C51250074BA46 /* Target_CTPersistanceConfiguration.m in Sources */,
				4A0E00301F2C384E00E6A4DA /* ViewController.m in Sources */,
				4A0E00A81F2CBD6300E6A4DA /* CTPersistanceQueryCommand+Status.m in Sources */,
				4A0E00A21F2CBD6300E6A4DA /* CTPersistanceMigrator.m in Sources */,
				4A0E009C1F2CBD6300E6A4DA /* NSArray+CTPersistanceRecordTransform.m in Sources */,
				4ACE635F1F341102007F3E6D /* NSString+Where.m in Sources */,
				4A0E00AB1F2CBD6300E6A4DA /* CTPersistanceTable+Delete.m in Sources */,
				4A0E00A31F2CBD6300E6A4DA /* CTPersistanceVersionTable.m in Sources */,
				4A0E00B01F2CBD6300E6A4DA /* CTPersistanceTransaction.m in Sources */,
				4A0E00A71F2CBD6300E6A4DA /* CTPersistanceQueryCommand+SchemaManipulations.m in Sources */,
				4A0E00AE1F2CBD6300E6A4DA /* CTPersistanceTable+Update.m in Sources */,
				4A0E002D1F2C384E00E6A4DA /* AppDelegate.m in Sources */,
				4A0E00A41F2CBD6300E6A4DA /* CTPersistanceVersionRecord.m in Sources */,
				4A0E009F1F2CBD6300E6A4DA /* CTPersistanceCriteria.m in Sources */,
				4A0E002A1F2C384E00E6A4DA /* main.m in Sources */,
				4ACE635B1F340E54007F3E6D /* NSDictionary+KeyValueBind.m in Sources */,
				4A0E00AD1F2CBD6300E6A4DA /* CTPersistanceTable+Insert.m in Sources */,
				4ADFAB681F3316A0008EA281 /* CTPersistanceTable+Schema.m in Sources */,
				4A0E00A11F2CBD6300E6A4DA /* CTPersistanceDatabasePool.m in Sources */,
				4A0E00AC1F2CBD6300E6A4DA /* CTPersistanceTable+Find.m in Sources */,
				4A0E00A01F2CBD6300E6A4DA /* CTPersistanceDataBase.m in Sources */,
				4A0E00A91F2CBD6300E6A4DA /* CTPersistanceQueryCommand.m in Sources */,
				4A0E00AF1F2CBD6300E6A4DA /* CTPersistanceTable.m in Sources */,
			);
			runOnlyForDeploymentPostprocessing = 0;
		};
		4A0E003A1F2C384E00E6A4DA /* Sources */ = {
			isa = PBXSourcesBuildPhase;
			buildActionMask = 2147483647;
			files = (
				4A17A96C1F32D0C0009356D7 /* TestMiagratorVersion_3_to_4.m in Sources */,
				4A17A9941F32F392009356D7 /* TestTableVersion1.m in Sources */,
				4A17A9951F32F392009356D7 /* TestRecordVersion2.m in Sources */,
				4A17A9661F32D0A7009356D7 /* TestMiagratorVersion_2_to_3.m in Sources */,
				4A17A96F1F32D45A009356D7 /* MigrationStep_2.m in Sources */,
				4A17A9631F32D09D009356D7 /* TestMiagratorVersion_1_to_4.m in Sources */,
				4A17A9601F32D094009356D7 /* TestMiagratorVersion_1_to_3.m in Sources */,
				4A17A9971F32F392009356D7 /* TestRecordVersion3.m in Sources */,
				4A0E00BF1F2CC25A00E6A4DA /* TestRecord.m in Sources */,
				4AB165E81F302AA60043E6A2 /* CTPersistanceTestFind.m in Sources */,
				4A17A9981F32F392009356D7 /* TestTableVersion3.m in Sources */,
				4A9A9DE11F32CCC400090F73 /* Target_MigrationTestDatabase_version1_sqlite.m in Sources */,
				4A7844C31F32BD6700CF4809 /* CTPersistanceTestMigration.m in Sources */,
				4A532C9B1F37FDCE0074BA46 /* CTPersistanceTestCriteria.m in Sources */,
				4A17A9721F32D461009356D7 /* MigrationStep_3.m in Sources */,
				4A9A9DF41F32D06F00090F73 /* TestMiagratorVersion_1_to_2.m in Sources */,
				4A17A9961F32F392009356D7 /* TestTableVersion2.m in Sources */,
				4A0E00B41F2CBDBD00E6A4DA /* CTPersistanceTestInsert.m in Sources */,
				4A0E00C01F2CC25A00E6A4DA /* TestTable.m in Sources */,
				4A532C9D1F3804BF0074BA46 /* CTPersistanceTestAsync.m in Sources */,
				4A17A9931F32F392009356D7 /* TestRecordVersion1.m in Sources */,
				4A17A99A1F32F392009356D7 /* TestTableVersion4.m in Sources */,
				4A51505D1F2F2402004BA79C /* CTPersistanceTestDelete.m in Sources */,
				4A17A9691F32D0B5009356D7 /* TestMiagratorVersion_2_to_4.m in Sources */,
				4A17A9751F32D46A009356D7 /* MigrationStep_4.m in Sources */,
				4A17A9991F32F392009356D7 /* TestRecordVersion4.m in Sources */,
				4A0E00CA1F2DBBB400E6A4DA /* CTPersistanceTestUpdate.m in Sources */,
				4A9A9DE41F32CCDE00090F73 /* Target_MigrationTestDatabase_version2_sqlite.m in Sources */,
				4A9A9DE71F32CCEA00090F73 /* Target_MigrationTestDatabase_version3_sqlite.m in Sources */,
			);
			runOnlyForDeploymentPostprocessing = 0;
		};
/* End PBXSourcesBuildPhase section */

/* Begin PBXTargetDependency section */
		4A0E00401F2C384E00E6A4DA /* PBXTargetDependency */ = {
			isa = PBXTargetDependency;
			target = 4A0E00241F2C384E00E6A4DA /* CTPersistance */;
			targetProxy = 4A0E003F1F2C384E00E6A4DA /* PBXContainerItemProxy */;
		};
/* End PBXTargetDependency section */

/* Begin PBXVariantGroup section */
		4A0E00311F2C384E00E6A4DA /* Main.storyboard */ = {
			isa = PBXVariantGroup;
			children = (
				4A0E00321F2C384E00E6A4DA /* Base */,
			);
			name = Main.storyboard;
			sourceTree = "<group>";
		};
		4A0E00361F2C384E00E6A4DA /* LaunchScreen.storyboard */ = {
			isa = PBXVariantGroup;
			children = (
				4A0E00371F2C384E00E6A4DA /* Base */,
			);
			name = LaunchScreen.storyboard;
			sourceTree = "<group>";
		};
/* End PBXVariantGroup section */

/* Begin XCBuildConfiguration section */
		4A0E00451F2C384E00E6A4DA /* Debug */ = {
			isa = XCBuildConfiguration;
			buildSettings = {
				ALWAYS_SEARCH_USER_PATHS = NO;
				CLANG_ANALYZER_NONNULL = YES;
				CLANG_ANALYZER_NUMBER_OBJECT_CONVERSION = YES_AGGRESSIVE;
				CLANG_CXX_LANGUAGE_STANDARD = "gnu++0x";
				CLANG_CXX_LIBRARY = "libc++";
				CLANG_ENABLE_MODULES = YES;
				CLANG_ENABLE_OBJC_ARC = YES;
				CLANG_WARN_BOOL_CONVERSION = YES;
				CLANG_WARN_CONSTANT_CONVERSION = YES;
				CLANG_WARN_DIRECT_OBJC_ISA_USAGE = YES_ERROR;
				CLANG_WARN_DOCUMENTATION_COMMENTS = YES;
				CLANG_WARN_EMPTY_BODY = YES;
				CLANG_WARN_ENUM_CONVERSION = YES;
				CLANG_WARN_INFINITE_RECURSION = YES;
				CLANG_WARN_INT_CONVERSION = YES;
				CLANG_WARN_OBJC_ROOT_CLASS = YES_ERROR;
				CLANG_WARN_SUSPICIOUS_MOVE = YES;
				CLANG_WARN_UNREACHABLE_CODE = YES;
				CLANG_WARN__DUPLICATE_METHOD_MATCH = YES;
				"CODE_SIGN_IDENTITY[sdk=iphoneos*]" = "iPhone Developer";
				COPY_PHASE_STRIP = NO;
				DEBUG_INFORMATION_FORMAT = dwarf;
				ENABLE_STRICT_OBJC_MSGSEND = YES;
				ENABLE_TESTABILITY = YES;
				GCC_C_LANGUAGE_STANDARD = gnu99;
				GCC_DYNAMIC_NO_PIC = NO;
				GCC_NO_COMMON_BLOCKS = YES;
				GCC_OPTIMIZATION_LEVEL = 0;
				GCC_PREPROCESSOR_DEFINITIONS = (
					"DEBUG=1",
					"$(inherited)",
				);
				GCC_WARN_64_TO_32_BIT_CONVERSION = YES;
				GCC_WARN_ABOUT_RETURN_TYPE = YES_ERROR;
				GCC_WARN_UNDECLARED_SELECTOR = YES;
				GCC_WARN_UNINITIALIZED_AUTOS = YES_AGGRESSIVE;
				GCC_WARN_UNUSED_FUNCTION = YES;
				GCC_WARN_UNUSED_VARIABLE = YES;
				IPHONEOS_DEPLOYMENT_TARGET = 10.3;
				MTL_ENABLE_DEBUG_INFO = YES;
				ONLY_ACTIVE_ARCH = YES;
				SDKROOT = iphoneos;
				TARGETED_DEVICE_FAMILY = "1,2";
			};
			name = Debug;
		};
		4A0E00461F2C384E00E6A4DA /* Release */ = {
			isa = XCBuildConfiguration;
			buildSettings = {
				ALWAYS_SEARCH_USER_PATHS = NO;
				CLANG_ANALYZER_NONNULL = YES;
				CLANG_ANALYZER_NUMBER_OBJECT_CONVERSION = YES_AGGRESSIVE;
				CLANG_CXX_LANGUAGE_STANDARD = "gnu++0x";
				CLANG_CXX_LIBRARY = "libc++";
				CLANG_ENABLE_MODULES = YES;
				CLANG_ENABLE_OBJC_ARC = YES;
				CLANG_WARN_BOOL_CONVERSION = YES;
				CLANG_WARN_CONSTANT_CONVERSION = YES;
				CLANG_WARN_DIRECT_OBJC_ISA_USAGE = YES_ERROR;
				CLANG_WARN_DOCUMENTATION_COMMENTS = YES;
				CLANG_WARN_EMPTY_BODY = YES;
				CLANG_WARN_ENUM_CONVERSION = YES;
				CLANG_WARN_INFINITE_RECURSION = YES;
				CLANG_WARN_INT_CONVERSION = YES;
				CLANG_WARN_OBJC_ROOT_CLASS = YES_ERROR;
				CLANG_WARN_SUSPICIOUS_MOVE = YES;
				CLANG_WARN_UNREACHABLE_CODE = YES;
				CLANG_WARN__DUPLICATE_METHOD_MATCH = YES;
				"CODE_SIGN_IDENTITY[sdk=iphoneos*]" = "iPhone Developer";
				COPY_PHASE_STRIP = NO;
				DEBUG_INFORMATION_FORMAT = "dwarf-with-dsym";
				ENABLE_NS_ASSERTIONS = NO;
				ENABLE_STRICT_OBJC_MSGSEND = YES;
				GCC_C_LANGUAGE_STANDARD = gnu99;
				GCC_NO_COMMON_BLOCKS = YES;
				GCC_WARN_64_TO_32_BIT_CONVERSION = YES;
				GCC_WARN_ABOUT_RETURN_TYPE = YES_ERROR;
				GCC_WARN_UNDECLARED_SELECTOR = YES;
				GCC_WARN_UNINITIALIZED_AUTOS = YES_AGGRESSIVE;
				GCC_WARN_UNUSED_FUNCTION = YES;
				GCC_WARN_UNUSED_VARIABLE = YES;
				IPHONEOS_DEPLOYMENT_TARGET = 10.3;
				MTL_ENABLE_DEBUG_INFO = NO;
				SDKROOT = iphoneos;
				TARGETED_DEVICE_FAMILY = "1,2";
				VALIDATE_PRODUCT = YES;
			};
			name = Release;
		};
		4A0E00481F2C384E00E6A4DA /* Debug */ = {
			isa = XCBuildConfiguration;
			baseConfigurationReference = 89D41C6489863CB58D4966E5 /* Pods-CTPersistance.debug.xcconfig */;
			buildSettings = {
				ASSETCATALOG_COMPILER_APPICON_NAME = AppIcon;
				DEVELOPMENT_TEAM = THS9SRQVES;
				INFOPLIST_FILE = CTPersistance/Info.plist;
				LD_RUNPATH_SEARCH_PATHS = "$(inherited) @executable_path/Frameworks";
				PRODUCT_BUNDLE_IDENTIFIER = casa.CTPersistance;
				PRODUCT_NAME = "$(TARGET_NAME)";
			};
			name = Debug;
		};
		4A0E00491F2C384E00E6A4DA /* Release */ = {
			isa = XCBuildConfiguration;
			baseConfigurationReference = 0E3659C0BE44F61448420F54 /* Pods-CTPersistance.release.xcconfig */;
			buildSettings = {
				ASSETCATALOG_COMPILER_APPICON_NAME = AppIcon;
				DEVELOPMENT_TEAM = THS9SRQVES;
				INFOPLIST_FILE = CTPersistance/Info.plist;
				LD_RUNPATH_SEARCH_PATHS = "$(inherited) @executable_path/Frameworks";
				PRODUCT_BUNDLE_IDENTIFIER = casa.CTPersistance;
				PRODUCT_NAME = "$(TARGET_NAME)";
			};
			name = Release;
		};
		4A0E004B1F2C384E00E6A4DA /* Debug */ = {
			isa = XCBuildConfiguration;
			baseConfigurationReference = AD102503C09A04454242FAC0 /* Pods-CTPersistanceTests.debug.xcconfig */;
			buildSettings = {
				BUNDLE_LOADER = "$(TEST_HOST)";
				DEVELOPMENT_TEAM = EJ552L8U27;
				INFOPLIST_FILE = CTPersistanceTests/Info.plist;
				LD_RUNPATH_SEARCH_PATHS = "$(inherited) @executable_path/Frameworks @loader_path/Frameworks";
				PRODUCT_BUNDLE_IDENTIFIER = casa.CTPersistanceTests;
				PRODUCT_NAME = "$(TARGET_NAME)";
				TEST_HOST = "$(BUILT_PRODUCTS_DIR)/CTPersistance.app/CTPersistance";
			};
			name = Debug;
		};
		4A0E004C1F2C384E00E6A4DA /* Release */ = {
			isa = XCBuildConfiguration;
			baseConfigurationReference = D9D5304E203B48D737D87E6F /* Pods-CTPersistanceTests.release.xcconfig */;
			buildSettings = {
				BUNDLE_LOADER = "$(TEST_HOST)";
				DEVELOPMENT_TEAM = EJ552L8U27;
				INFOPLIST_FILE = CTPersistanceTests/Info.plist;
				LD_RUNPATH_SEARCH_PATHS = "$(inherited) @executable_path/Frameworks @loader_path/Frameworks";
				PRODUCT_BUNDLE_IDENTIFIER = casa.CTPersistanceTests;
				PRODUCT_NAME = "$(TARGET_NAME)";
				TEST_HOST = "$(BUILT_PRODUCTS_DIR)/CTPersistance.app/CTPersistance";
			};
			name = Release;
		};
/* End XCBuildConfiguration section */

/* Begin XCConfigurationList section */
		4A0E00201F2C384E00E6A4DA /* Build configuration list for PBXProject "CTPersistance" */ = {
			isa = XCConfigurationList;
			buildConfigurations = (
				4A0E00451F2C384E00E6A4DA /* Debug */,
				4A0E00461F2C384E00E6A4DA /* Release */,
			);
			defaultConfigurationIsVisible = 0;
			defaultConfigurationName = Release;
		};
		4A0E00471F2C384E00E6A4DA /* Build configuration list for PBXNativeTarget "CTPersistance" */ = {
			isa = XCConfigurationList;
			buildConfigurations = (
				4A0E00481F2C384E00E6A4DA /* Debug */,
				4A0E00491F2C384E00E6A4DA /* Release */,
			);
			defaultConfigurationIsVisible = 0;
			defaultConfigurationName = Release;
		};
		4A0E004A1F2C384E00E6A4DA /* Build configuration list for PBXNativeTarget "CTPersistanceTests" */ = {
			isa = XCConfigurationList;
			buildConfigurations = (
				4A0E004B1F2C384E00E6A4DA /* Debug */,
				4A0E004C1F2C384E00E6A4DA /* Release */,
			);
			defaultConfigurationIsVisible = 0;
			defaultConfigurationName = Release;
		};
/* End XCConfigurationList section */
	};
	rootObject = 4A0E001D1F2C384E00E6A4DA /* Project object */;
}
