// !$*UTF8*$!
{
	archiveVersion = 1;
	classes = {
	};
	objectVersion = 46;
	objects = {

/* Begin PBXBuildFile section */
		4A1F7DC31BD1CB8400A7C2C4 /* CTPersistanceAsyncExecutor.m in Sources */ = {isa = PBXBuildFile; fileRef = 4A1F7DC21BD1CB8400A7C2C4 /* CTPersistanceAsyncExecutor.m */; };
		4A5DD9361BD90A1400934C27 /* TestCaseAsync.m in Sources */ = {isa = PBXBuildFile; fileRef = 4A5DD9351BD90A1400934C27 /* TestCaseAsync.m */; };
		4A7A7F611BCBD92400A480C7 /* TestDeleteData.m in Sources */ = {isa = PBXBuildFile; fileRef = 4A7A7F531BCBD92400A480C7 /* TestDeleteData.m */; };
		4A7A7F621BCBD92400A480C7 /* TestFetchData.m in Sources */ = {isa = PBXBuildFile; fileRef = 4A7A7F561BCBD92400A480C7 /* TestFetchData.m */; };
		4A7A7F631BCBD92400A480C7 /* TestInsertData.m in Sources */ = {isa = PBXBuildFile; fileRef = 4A7A7F591BCBD92400A480C7 /* TestInsertData.m */; };
		4A7A7F641BCBD92400A480C7 /* TestCaseRecord.m in Sources */ = {isa = PBXBuildFile; fileRef = 4A7A7F5C1BCBD92400A480C7 /* TestCaseRecord.m */; };
		4A7A7F651BCBD92400A480C7 /* TestUpdateData.m in Sources */ = {isa = PBXBuildFile; fileRef = 4A7A7F601BCBD92400A480C7 /* TestUpdateData.m */; };
		4A7A7F681BCBD94700A480C7 /* TestCaseTransaction.m in Sources */ = {isa = PBXBuildFile; fileRef = 4A7A7F671BCBD94700A480C7 /* TestCaseTransaction.m */; };
		4A7A7F741BCC04A900A480C7 /* CTPersistanceQueryCommand+Status.m in Sources */ = {isa = PBXBuildFile; fileRef = 4A7A7F731BCC04A900A480C7 /* CTPersistanceQueryCommand+Status.m */; };
		4A925B991BC2DFC500CC3244 /* CTPersistanceTable.m in Sources */ = {isa = PBXBuildFile; fileRef = 4A925B981BC2DFC500CC3244 /* CTPersistanceTable.m */; };
		4A925BA51BC2EDB500CC3244 /* CTPersistanceTable+Delete.m in Sources */ = {isa = PBXBuildFile; fileRef = 4A925BA41BC2EDB500CC3244 /* CTPersistanceTable+Delete.m */; };
		4A925BA81BC2EDC300CC3244 /* CTPersistanceTable+Find.m in Sources */ = {isa = PBXBuildFile; fileRef = 4A925BA71BC2EDC300CC3244 /* CTPersistanceTable+Find.m */; };
		4A925BAB1BC2EDCE00CC3244 /* CTPersistanceTable+Insert.m in Sources */ = {isa = PBXBuildFile; fileRef = 4A925BAA1BC2EDCE00CC3244 /* CTPersistanceTable+Insert.m */; };
		4A925BAE1BC2EDDA00CC3244 /* CTPersistanceTable+Update.m in Sources */ = {isa = PBXBuildFile; fileRef = 4A925BAD1BC2EDDA00CC3244 /* CTPersistanceTable+Update.m */; };
		4A925BB51BC38F5000CC3244 /* CTPersistanceRecord.m in Sources */ = {isa = PBXBuildFile; fileRef = 4A925BB41BC38F5000CC3244 /* CTPersistanceRecord.m */; };
		4A925BB91BC39CCD00CC3244 /* CTPersistanceCriteria.m in Sources */ = {isa = PBXBuildFile; fileRef = 4A925BB81BC39CCD00CC3244 /* CTPersistanceCriteria.m */; };
		4A925BBD1BC3A0C500CC3244 /* NSString+SQL.m in Sources */ = {isa = PBXBuildFile; fileRef = 4A925BBC1BC3A0C500CC3244 /* NSString+SQL.m */; };
		4A925BC21BC3AA4100CC3244 /* NSArray+CTPersistanceRecordTransform.m in Sources */ = {isa = PBXBuildFile; fileRef = 4A925BC11BC3AA4100CC3244 /* NSArray+CTPersistanceRecordTransform.m */; };
		4A925BCA1BC3E83D00CC3244 /* TestRecord.m in Sources */ = {isa = PBXBuildFile; fileRef = 4A925BC61BC3E83D00CC3244 /* TestRecord.m */; };
		4A925BCB1BC3E83D00CC3244 /* TestTable.m in Sources */ = {isa = PBXBuildFile; fileRef = 4A925BC91BC3E83D00CC3244 /* TestTable.m */; };
		4A9E4FE31BC4C3F60009E111 /* NSString+ReqularExpression.m in Sources */ = {isa = PBXBuildFile; fileRef = 4A9E4FE21BC4C3F60009E111 /* NSString+ReqularExpression.m */; };
		4A9E4FE51BC4C76D0009E111 /* CTPersistanceConfiguration.plist in Resources */ = {isa = PBXBuildFile; fileRef = 4A9E4FE41BC4C76D0009E111 /* CTPersistanceConfiguration.plist */; };
		4A9E4FE91BC4CCB90009E111 /* TestMigrator.m in Sources */ = {isa = PBXBuildFile; fileRef = 4A9E4FE81BC4CCB90009E111 /* TestMigrator.m */; };
		4A9E4FF11BC4CF770009E111 /* CTPersistanceVersionTable.m in Sources */ = {isa = PBXBuildFile; fileRef = 4A9E4FEF1BC4CF770009E111 /* CTPersistanceVersionTable.m */; };
		4A9E4FF41BC4CFA00009E111 /* CTPersistanceVersionRecord.m in Sources */ = {isa = PBXBuildFile; fileRef = 4A9E4FF31BC4CFA00009E111 /* CTPersistanceVersionRecord.m */; };
		4A9E4FFD1BC4DA850009E111 /* MigrationStep1_0.m in Sources */ = {isa = PBXBuildFile; fileRef = 4A9E4FFB1BC4DA850009E111 /* MigrationStep1_0.m */; };
		4A9E50001BC4DA980009E111 /* MigrationStep2_0.m in Sources */ = {isa = PBXBuildFile; fileRef = 4A9E4FFF1BC4DA980009E111 /* MigrationStep2_0.m */; };
		4AD2D65C1BBFCD5E00E1F37D /* main.m in Sources */ = {isa = PBXBuildFile; fileRef = 4AD2D65B1BBFCD5E00E1F37D /* main.m */; };
		4ADCE5BA1BCD462000E54458 /* CTPersistanceTransaction.m in Sources */ = {isa = PBXBuildFile; fileRef = 4ADCE5B91BCD462000E54458 /* CTPersistanceTransaction.m */; };
		4AF066171BC189A70042288C /* libsqlite3.tbd in Frameworks */ = {isa = PBXBuildFile; fileRef = 4AF066161BC189A70042288C /* libsqlite3.tbd */; };
		4AF066271BC217280042288C /* CTPersistanceDataBase.m in Sources */ = {isa = PBXBuildFile; fileRef = 4AF066211BC217280042288C /* CTPersistanceDataBase.m */; };
		4AF066281BC217280042288C /* CTPersistanceDatabasePool.m in Sources */ = {isa = PBXBuildFile; fileRef = 4AF066231BC217280042288C /* CTPersistanceDatabasePool.m */; };
		4AF066291BC217280042288C /* CTPersistanceMigrator.m in Sources */ = {isa = PBXBuildFile; fileRef = 4AF066261BC217280042288C /* CTPersistanceMigrator.m */; };
		4AF066381BC276C40042288C /* CTPersistanceQueryCommand.m in Sources */ = {isa = PBXBuildFile; fileRef = 4AF066371BC276C40042288C /* CTPersistanceQueryCommand.m */; };
		4AF066421BC2819D0042288C /* CTPersistanceQueryCommand+ReadMethods.m in Sources */ = {isa = PBXBuildFile; fileRef = 4AF066401BC2819D0042288C /* CTPersistanceQueryCommand+ReadMethods.m */; };
		4AF066451BC281F00042288C /* CTPersistanceQueryCommand+DataManipulations.m in Sources */ = {isa = PBXBuildFile; fileRef = 4AF066441BC281F00042288C /* CTPersistanceQueryCommand+DataManipulations.m */; };
		4AF0664C1BC2821B0042288C /* CTPersistanceQueryCommand+SchemaManipulations.m in Sources */ = {isa = PBXBuildFile; fileRef = 4AF0664B1BC2821B0042288C /* CTPersistanceQueryCommand+SchemaManipulations.m */; };
		4AFEFD0B1BCFE8B900751D82 /* TestCaseWhereCondition.m in Sources */ = {isa = PBXBuildFile; fileRef = 4AFEFD0A1BCFE8B900751D82 /* TestCaseWhereCondition.m */; };
		720523451D473D3F001EDBD2 /* main.swift in Sources */ = {isa = PBXBuildFile; fileRef = 720523441D473D3F001EDBD2 /* main.swift */; };
		7205234E1D473D8A001EDBD2 /* CTFramework.h in Headers */ = {isa = PBXBuildFile; fileRef = 7205234D1D473D8A001EDBD2 /* CTFramework.h */; settings = {ATTRIBUTES = (Public, ); }; };
		720523521D473D8A001EDBD2 /* CTFramework.framework in Frameworks */ = {isa = PBXBuildFile; fileRef = 7205234B1D473D8A001EDBD2 /* CTFramework.framework */; };
		720523531D473D8A001EDBD2 /* CTFramework.framework in Embed Frameworks */ = {isa = PBXBuildFile; fileRef = 7205234B1D473D8A001EDBD2 /* CTFramework.framework */; settings = {ATTRIBUTES = (CodeSignOnCopy, RemoveHeadersOnCopy, ); }; };
		720523591D473DB2001EDBD2 /* CTPersistanceAsyncExecutor.m in Sources */ = {isa = PBXBuildFile; fileRef = 4A1F7DC21BD1CB8400A7C2C4 /* CTPersistanceAsyncExecutor.m */; };
		7205235B1D473DB2001EDBD2 /* CTPersistanceTransaction.m in Sources */ = {isa = PBXBuildFile; fileRef = 4ADCE5B91BCD462000E54458 /* CTPersistanceTransaction.m */; };
		7205235D1D473DB2001EDBD2 /* NSArray+CTPersistanceRecordTransform.m in Sources */ = {isa = PBXBuildFile; fileRef = 4A925BC11BC3AA4100CC3244 /* NSArray+CTPersistanceRecordTransform.m */; };
		7205235F1D473DB2001EDBD2 /* NSString+ReqularExpression.m in Sources */ = {isa = PBXBuildFile; fileRef = 4A9E4FE21BC4C3F60009E111 /* NSString+ReqularExpression.m */; };
		720523611D473DB2001EDBD2 /* NSString+SQL.m in Sources */ = {isa = PBXBuildFile; fileRef = 4A925BBC1BC3A0C500CC3244 /* NSString+SQL.m */; };
		720523631D473DB2001EDBD2 /* CTPersistanceDataBase.m in Sources */ = {isa = PBXBuildFile; fileRef = 4AF066211BC217280042288C /* CTPersistanceDataBase.m */; };
		720523651D473DB2001EDBD2 /* CTPersistanceDatabasePool.m in Sources */ = {isa = PBXBuildFile; fileRef = 4AF066231BC217280042288C /* CTPersistanceDatabasePool.m */; };
		720523671D473DB2001EDBD2 /* CTPersistanceTable+Delete.m in Sources */ = {isa = PBXBuildFile; fileRef = 4A925BA41BC2EDB500CC3244 /* CTPersistanceTable+Delete.m */; };
		720523691D473DB2001EDBD2 /* CTPersistanceTable+Find.m in Sources */ = {isa = PBXBuildFile; fileRef = 4A925BA71BC2EDC300CC3244 /* CTPersistanceTable+Find.m */; };
		7205236B1D473DB2001EDBD2 /* CTPersistanceTable+Insert.m in Sources */ = {isa = PBXBuildFile; fileRef = 4A925BAA1BC2EDCE00CC3244 /* CTPersistanceTable+Insert.m */; };
		7205236D1D473DB2001EDBD2 /* CTPersistanceTable+Update.m in Sources */ = {isa = PBXBuildFile; fileRef = 4A925BAD1BC2EDDA00CC3244 /* CTPersistanceTable+Update.m */; };
		7205236F1D473DB2001EDBD2 /* CTPersistanceTable.m in Sources */ = {isa = PBXBuildFile; fileRef = 4A925B981BC2DFC500CC3244 /* CTPersistanceTable.m */; };
		720523721D473DB2001EDBD2 /* CTPersistanceRecord.m in Sources */ = {isa = PBXBuildFile; fileRef = 4A925BB41BC38F5000CC3244 /* CTPersistanceRecord.m */; };
		720523741D473DB2001EDBD2 /* CTPersistanceQueryCommand+Status.m in Sources */ = {isa = PBXBuildFile; fileRef = 4A7A7F731BCC04A900A480C7 /* CTPersistanceQueryCommand+Status.m */; };
		720523761D473DB2001EDBD2 /* CTPersistanceQueryCommand+SchemaManipulations.m in Sources */ = {isa = PBXBuildFile; fileRef = 4AF0664B1BC2821B0042288C /* CTPersistanceQueryCommand+SchemaManipulations.m */; };
		720523781D473DB2001EDBD2 /* CTPersistanceQueryCommand+DataManipulations.m in Sources */ = {isa = PBXBuildFile; fileRef = 4AF066441BC281F00042288C /* CTPersistanceQueryCommand+DataManipulations.m */; };
		7205237A1D473DB2001EDBD2 /* CTPersistanceQueryCommand+ReadMethods.m in Sources */ = {isa = PBXBuildFile; fileRef = 4AF066401BC2819D0042288C /* CTPersistanceQueryCommand+ReadMethods.m */; };
		7205237C1D473DB2001EDBD2 /* CTPersistanceQueryCommand.m in Sources */ = {isa = PBXBuildFile; fileRef = 4AF066371BC276C40042288C /* CTPersistanceQueryCommand.m */; };
		7205237E1D473DB2001EDBD2 /* CTPersistanceVersionRecord.m in Sources */ = {isa = PBXBuildFile; fileRef = 4A9E4FF31BC4CFA00009E111 /* CTPersistanceVersionRecord.m */; };
		720523801D473DB2001EDBD2 /* CTPersistanceVersionTable.m in Sources */ = {isa = PBXBuildFile; fileRef = 4A9E4FEF1BC4CF770009E111 /* CTPersistanceVersionTable.m */; };
		720523821D473DB2001EDBD2 /* CTPersistanceMigrator.m in Sources */ = {isa = PBXBuildFile; fileRef = 4AF066261BC217280042288C /* CTPersistanceMigrator.m */; };
		720523841D473DB2001EDBD2 /* CTPersistanceCriteria.m in Sources */ = {isa = PBXBuildFile; fileRef = 4A925BB81BC39CCD00CC3244 /* CTPersistanceCriteria.m */; };
		720523881D473DCE001EDBD2 /* libsqlite3.tbd in Frameworks */ = {isa = PBXBuildFile; fileRef = 4AF066161BC189A70042288C /* libsqlite3.tbd */; };
		720523891D473E66001EDBD2 /* CTPersistanceAsyncExecutor.h in Headers */ = {isa = PBXBuildFile; fileRef = 4A1F7DC11BD1CB8400A7C2C4 /* CTPersistanceAsyncExecutor.h */; settings = {ATTRIBUTES = (Public, ); }; };
		7205238A1D473E66001EDBD2 /* CTPersistanceTransaction.h in Headers */ = {isa = PBXBuildFile; fileRef = 4ADCE5B81BCD462000E54458 /* CTPersistanceTransaction.h */; settings = {ATTRIBUTES = (Public, ); }; };
		7205238B1D473E66001EDBD2 /* NSArray+CTPersistanceRecordTransform.h in Headers */ = {isa = PBXBuildFile; fileRef = 4A925BC01BC3AA4100CC3244 /* NSArray+CTPersistanceRecordTransform.h */; settings = {ATTRIBUTES = (Public, ); }; };
		7205238C1D473E66001EDBD2 /* NSString+ReqularExpression.h in Headers */ = {isa = PBXBuildFile; fileRef = 4A9E4FE11BC4C3F60009E111 /* NSString+ReqularExpression.h */; settings = {ATTRIBUTES = (Public, ); }; };
		7205238D1D473E66001EDBD2 /* NSString+SQL.h in Headers */ = {isa = PBXBuildFile; fileRef = 4A925BBB1BC3A0C500CC3244 /* NSString+SQL.h */; settings = {ATTRIBUTES = (Public, ); }; };
		7205238E1D473E66001EDBD2 /* CTPersistanceDataBase.h in Headers */ = {isa = PBXBuildFile; fileRef = 4AF066201BC217280042288C /* CTPersistanceDataBase.h */; settings = {ATTRIBUTES = (Public, ); }; };
		7205238F1D473E66001EDBD2 /* CTPersistanceDatabasePool.h in Headers */ = {isa = PBXBuildFile; fileRef = 4AF066221BC217280042288C /* CTPersistanceDatabasePool.h */; settings = {ATTRIBUTES = (Public, ); }; };
		720523901D473E66001EDBD2 /* CTPersistanceTable+Delete.h in Headers */ = {isa = PBXBuildFile; fileRef = 4A925BA31BC2EDB500CC3244 /* CTPersistanceTable+Delete.h */; settings = {ATTRIBUTES = (Public, ); }; };
		720523911D473E66001EDBD2 /* CTPersistanceTable+Find.h in Headers */ = {isa = PBXBuildFile; fileRef = 4A925BA61BC2EDC300CC3244 /* CTPersistanceTable+Find.h */; settings = {ATTRIBUTES = (Public, ); }; };
		720523921D473E66001EDBD2 /* CTPersistanceTable+Insert.h in Headers */ = {isa = PBXBuildFile; fileRef = 4A925BA91BC2EDCE00CC3244 /* CTPersistanceTable+Insert.h */; settings = {ATTRIBUTES = (Public, ); }; };
		720523931D473E66001EDBD2 /* CTPersistanceTable+Update.h in Headers */ = {isa = PBXBuildFile; fileRef = 4A925BAC1BC2EDDA00CC3244 /* CTPersistanceTable+Update.h */; settings = {ATTRIBUTES = (Public, ); }; };
		720523941D473E66001EDBD2 /* CTPersistanceTable.h in Headers */ = {isa = PBXBuildFile; fileRef = 4A925B971BC2DFC500CC3244 /* CTPersistanceTable.h */; settings = {ATTRIBUTES = (Public, ); }; };
		720523951D473E66001EDBD2 /* CTPersistanceRecordProtocol.h in Headers */ = {isa = PBXBuildFile; fileRef = 4A925BD81BC4016A00CC3244 /* CTPersistanceRecordProtocol.h */; settings = {ATTRIBUTES = (Public, ); }; };
		720523961D473E66001EDBD2 /* CTPersistanceRecord.h in Headers */ = {isa = PBXBuildFile; fileRef = 4A925BB31BC38F5000CC3244 /* CTPersistanceRecord.h */; settings = {ATTRIBUTES = (Public, ); }; };
		720523971D473E66001EDBD2 /* CTPersistanceQueryCommand+Status.h in Headers */ = {isa = PBXBuildFile; fileRef = 4A7A7F721BCC04A900A480C7 /* CTPersistanceQueryCommand+Status.h */; settings = {ATTRIBUTES = (Public, ); }; };
		720523981D473E66001EDBD2 /* CTPersistanceQueryCommand+SchemaManipulations.h in Headers */ = {isa = PBXBuildFile; fileRef = 4AF0664A1BC2821B0042288C /* CTPersistanceQueryCommand+SchemaManipulations.h */; settings = {ATTRIBUTES = (Public, ); }; };
		720523991D473E66001EDBD2 /* CTPersistanceQueryCommand+DataManipulations.h in Headers */ = {isa = PBXBuildFile; fileRef = 4AF066431BC281F00042288C /* CTPersistanceQueryCommand+DataManipulations.h */; settings = {ATTRIBUTES = (Public, ); }; };
		7205239A1D473E66001EDBD2 /* CTPersistanceQueryCommand+ReadMethods.h in Headers */ = {isa = PBXBuildFile; fileRef = 4AF0663F1BC2819D0042288C /* CTPersistanceQueryCommand+ReadMethods.h */; settings = {ATTRIBUTES = (Public, ); }; };
		7205239B1D473E66001EDBD2 /* CTPersistanceQueryCommand.h in Headers */ = {isa = PBXBuildFile; fileRef = 4AF066361BC276C40042288C /* CTPersistanceQueryCommand.h */; settings = {ATTRIBUTES = (Public, ); }; };
		7205239C1D473E66001EDBD2 /* CTPersistanceVersionRecord.h in Headers */ = {isa = PBXBuildFile; fileRef = 4A9E4FF21BC4CFA00009E111 /* CTPersistanceVersionRecord.h */; settings = {ATTRIBUTES = (Public, ); }; };
		7205239D1D473E66001EDBD2 /* CTPersistanceVersionTable.h in Headers */ = {isa = PBXBuildFile; fileRef = 4A9E4FEE1BC4CF770009E111 /* CTPersistanceVersionTable.h */; settings = {ATTRIBUTES = (Public, ); }; };
		7205239E1D473E66001EDBD2 /* CTPersistanceMigrator.h in Headers */ = {isa = PBXBuildFile; fileRef = 4AF066251BC217280042288C /* CTPersistanceMigrator.h */; settings = {ATTRIBUTES = (Public, ); }; };
		7205239F1D473E66001EDBD2 /* CTPersistanceCriteria.h in Headers */ = {isa = PBXBuildFile; fileRef = 4A925BB71BC39CCD00CC3244 /* CTPersistanceCriteria.h */; settings = {ATTRIBUTES = (Public, ); }; };
		720523A01D473E66001EDBD2 /* CTPersistance.h in Headers */ = {isa = PBXBuildFile; fileRef = 4AF066111BC00D020042288C /* CTPersistance.h */; settings = {ATTRIBUTES = (Public, ); }; };
		720523A11D473E66001EDBD2 /* CTPersistanceConfiguration.h in Headers */ = {isa = PBXBuildFile; fileRef = 4AF066121BC00E660042288C /* CTPersistanceConfiguration.h */; settings = {ATTRIBUTES = (Public, ); }; };
		720523A21D473E66001EDBD2 /* CTPersistanceMarcos.h in Headers */ = {isa = PBXBuildFile; fileRef = 4A925B911BC2AD1A00CC3244 /* CTPersistanceMarcos.h */; settings = {ATTRIBUTES = (Public, ); }; };
		721CEE7E1D47497800EBE9CC /* CTFrameworkTest.h in Headers */ = {isa = PBXBuildFile; fileRef = 721CEE7D1D47497800EBE9CC /* CTFrameworkTest.h */; settings = {ATTRIBUTES = (Public, ); }; };
		721CEE821D47497800EBE9CC /* CTFrameworkTest.framework in Frameworks */ = {isa = PBXBuildFile; fileRef = 721CEE7B1D47497800EBE9CC /* CTFrameworkTest.framework */; };
		721CEE831D47497800EBE9CC /* CTFrameworkTest.framework in Embed Frameworks */ = {isa = PBXBuildFile; fileRef = 721CEE7B1D47497800EBE9CC /* CTFrameworkTest.framework */; settings = {ATTRIBUTES = (CodeSignOnCopy, RemoveHeadersOnCopy, ); }; };
		721CEE871D474D1300EBE9CC /* CTFramework.framework in Frameworks */ = {isa = PBXBuildFile; fileRef = 7205234B1D473D8A001EDBD2 /* CTFramework.framework */; };
		721CEE881D474D3400EBE9CC /* TestCaseAsync.m in Sources */ = {isa = PBXBuildFile; fileRef = 4A5DD9351BD90A1400934C27 /* TestCaseAsync.m */; };
		721CEE891D474D3400EBE9CC /* TestCaseWhereCondition.m in Sources */ = {isa = PBXBuildFile; fileRef = 4AFEFD0A1BCFE8B900751D82 /* TestCaseWhereCondition.m */; };
		721CEE8A1D474D3400EBE9CC /* MigrationStep1_0.m in Sources */ = {isa = PBXBuildFile; fileRef = 4A9E4FFB1BC4DA850009E111 /* MigrationStep1_0.m */; };
		721CEE8B1D474D3400EBE9CC /* MigrationStep2_0.m in Sources */ = {isa = PBXBuildFile; fileRef = 4A9E4FFF1BC4DA980009E111 /* MigrationStep2_0.m */; };
		721CEE8C1D474D3400EBE9CC /* TestMigrator.m in Sources */ = {isa = PBXBuildFile; fileRef = 4A9E4FE81BC4CCB90009E111 /* TestMigrator.m */; };
		721CEE8D1D474D3400EBE9CC /* TestRecord.m in Sources */ = {isa = PBXBuildFile; fileRef = 4A925BC61BC3E83D00CC3244 /* TestRecord.m */; };
		721CEE8E1D474D3400EBE9CC /* TestTable.m in Sources */ = {isa = PBXBuildFile; fileRef = 4A925BC91BC3E83D00CC3244 /* TestTable.m */; };
		721CEE8F1D474D3400EBE9CC /* TestUpdateData.m in Sources */ = {isa = PBXBuildFile; fileRef = 4A7A7F601BCBD92400A480C7 /* TestUpdateData.m */; };
		721CEE901D474D3400EBE9CC /* TestDeleteData.m in Sources */ = {isa = PBXBuildFile; fileRef = 4A7A7F531BCBD92400A480C7 /* TestDeleteData.m */; };
		721CEE911D474D3400EBE9CC /* TestFetchData.m in Sources */ = {isa = PBXBuildFile; fileRef = 4A7A7F561BCBD92400A480C7 /* TestFetchData.m */; };
		721CEE921D474D3400EBE9CC /* TestInsertData.m in Sources */ = {isa = PBXBuildFile; fileRef = 4A7A7F591BCBD92400A480C7 /* TestInsertData.m */; };
		721CEE931D474D3400EBE9CC /* TestCaseRecord.m in Sources */ = {isa = PBXBuildFile; fileRef = 4A7A7F5C1BCBD92400A480C7 /* TestCaseRecord.m */; };
		721CEE941D474D3400EBE9CC /* TestCaseTransaction.m in Sources */ = {isa = PBXBuildFile; fileRef = 4A7A7F671BCBD94700A480C7 /* TestCaseTransaction.m */; };
		721CEE951D474D5800EBE9CC /* TestCaseAsync.h in Headers */ = {isa = PBXBuildFile; fileRef = 4A5DD9341BD90A1400934C27 /* TestCaseAsync.h */; settings = {ATTRIBUTES = (Private, ); }; };
		721CEE961D474D5800EBE9CC /* TestCaseWhereCondition.h in Headers */ = {isa = PBXBuildFile; fileRef = 4AFEFD091BCFE8B900751D82 /* TestCaseWhereCondition.h */; settings = {ATTRIBUTES = (Private, ); }; };
		721CEE971D474D5800EBE9CC /* MigrationStep1_0.h in Headers */ = {isa = PBXBuildFile; fileRef = 4A9E4FFA1BC4DA850009E111 /* MigrationStep1_0.h */; settings = {ATTRIBUTES = (Private, ); }; };
		721CEE981D474D5800EBE9CC /* MigrationStep2_0.h in Headers */ = {isa = PBXBuildFile; fileRef = 4A9E4FFE1BC4DA980009E111 /* MigrationStep2_0.h */; settings = {ATTRIBUTES = (Private, ); }; };
		721CEE991D474D5800EBE9CC /* TestMigrator.h in Headers */ = {isa = PBXBuildFile; fileRef = 4A9E4FE71BC4CCB90009E111 /* TestMigrator.h */; settings = {ATTRIBUTES = (Private, ); }; };
		721CEE9A1D474D5800EBE9CC /* TestRecord.h in Headers */ = {isa = PBXBuildFile; fileRef = 4A925BC51BC3E83D00CC3244 /* TestRecord.h */; settings = {ATTRIBUTES = (Public, ); }; };
		721CEE9B1D474D5800EBE9CC /* TestTable.h in Headers */ = {isa = PBXBuildFile; fileRef = 4A925BC81BC3E83D00CC3244 /* TestTable.h */; settings = {ATTRIBUTES = (Public, ); }; };
		721CEE9C1D474D5800EBE9CC /* TestUpdateData.h in Headers */ = {isa = PBXBuildFile; fileRef = 4A7A7F5F1BCBD92400A480C7 /* TestUpdateData.h */; settings = {ATTRIBUTES = (Private, ); }; };
		721CEE9D1D474D5800EBE9CC /* TestDeleteData.h in Headers */ = {isa = PBXBuildFile; fileRef = 4A7A7F521BCBD92400A480C7 /* TestDeleteData.h */; settings = {ATTRIBUTES = (Private, ); }; };
		721CEE9E1D474D5800EBE9CC /* TestFetchData.h in Headers */ = {isa = PBXBuildFile; fileRef = 4A7A7F551BCBD92400A480C7 /* TestFetchData.h */; settings = {ATTRIBUTES = (Private, ); }; };
		721CEE9F1D474D5800EBE9CC /* TestInsertData.h in Headers */ = {isa = PBXBuildFile; fileRef = 4A7A7F581BCBD92400A480C7 /* TestInsertData.h */; settings = {ATTRIBUTES = (Public, ); }; };
		721CEEA01D474D5800EBE9CC /* TestCaseRecord.h in Headers */ = {isa = PBXBuildFile; fileRef = 4A7A7F5B1BCBD92400A480C7 /* TestCaseRecord.h */; settings = {ATTRIBUTES = (Private, ); }; };
		721CEEA11D474D5800EBE9CC /* TestCaseTransaction.h in Headers */ = {isa = PBXBuildFile; fileRef = 4A7A7F661BCBD94700A480C7 /* TestCaseTransaction.h */; settings = {ATTRIBUTES = (Private, ); }; };
		721CEEA21D474D7C00EBE9CC /* CTPersistanceConfiguration.plist in Resources */ = {isa = PBXBuildFile; fileRef = 4A9E4FE41BC4C76D0009E111 /* CTPersistanceConfiguration.plist */; };
/* End PBXBuildFile section */

/* Begin PBXContainerItemProxy section */
		720523501D473D8A001EDBD2 /* PBXContainerItemProxy */ = {
			isa = PBXContainerItemProxy;
			containerPortal = 4AD2D64F1BBFCD5E00E1F37D /* Project object */;
			proxyType = 1;
			remoteGlobalIDString = 7205234A1D473D8A001EDBD2;
			remoteInfo = CTFramework;
		};
		721CEE801D47497800EBE9CC /* PBXContainerItemProxy */ = {
			isa = PBXContainerItemProxy;
			containerPortal = 4AD2D64F1BBFCD5E00E1F37D /* Project object */;
			proxyType = 1;
			remoteGlobalIDString = 721CEE7A1D47497800EBE9CC;
			remoteInfo = CTFrameworkTest;
		};
/* End PBXContainerItemProxy section */

/* Begin PBXCopyFilesBuildPhase section */
		720523571D473D8A001EDBD2 /* Embed Frameworks */ = {
			isa = PBXCopyFilesBuildPhase;
			buildActionMask = 12;
			dstPath = "";
			dstSubfolderSpec = 10;
			files = (
				721CEE831D47497800EBE9CC /* CTFrameworkTest.framework in Embed Frameworks */,
				720523531D473D8A001EDBD2 /* CTFramework.framework in Embed Frameworks */,
			);
			name = "Embed Frameworks";
			runOnlyForDeploymentPostprocessing = 0;
		};
		720523B61D4743A2001EDBD2 /* Embed Frameworks */ = {
			isa = PBXCopyFilesBuildPhase;
			buildActionMask = 2147483647;
			dstPath = "";
			dstSubfolderSpec = 10;
			files = (
			);
			name = "Embed Frameworks";
			runOnlyForDeploymentPostprocessing = 0;
		};
/* End PBXCopyFilesBuildPhase section */

/* Begin PBXFileReference section */
		4A1F7DC11BD1CB8400A7C2C4 /* CTPersistanceAsyncExecutor.h */ = {isa = PBXFileReference; fileEncoding = 4; lastKnownFileType = sourcecode.c.h; path = CTPersistanceAsyncExecutor.h; sourceTree = "<group>"; };
		4A1F7DC21BD1CB8400A7C2C4 /* CTPersistanceAsyncExecutor.m */ = {isa = PBXFileReference; fileEncoding = 4; lastKnownFileType = sourcecode.c.objc; path = CTPersistanceAsyncExecutor.m; sourceTree = "<group>"; };
		4A5DD9341BD90A1400934C27 /* TestCaseAsync.h */ = {isa = PBXFileReference; fileEncoding = 4; lastKnownFileType = sourcecode.c.h; path = TestCaseAsync.h; sourceTree = "<group>"; };
		4A5DD9351BD90A1400934C27 /* TestCaseAsync.m */ = {isa = PBXFileReference; fileEncoding = 4; lastKnownFileType = sourcecode.c.objc; path = TestCaseAsync.m; sourceTree = "<group>"; };
		4A7A7F521BCBD92400A480C7 /* TestDeleteData.h */ = {isa = PBXFileReference; fileEncoding = 4; lastKnownFileType = sourcecode.c.h; path = TestDeleteData.h; sourceTree = "<group>"; };
		4A7A7F531BCBD92400A480C7 /* TestDeleteData.m */ = {isa = PBXFileReference; fileEncoding = 4; lastKnownFileType = sourcecode.c.objc; path = TestDeleteData.m; sourceTree = "<group>"; };
		4A7A7F551BCBD92400A480C7 /* TestFetchData.h */ = {isa = PBXFileReference; fileEncoding = 4; lastKnownFileType = sourcecode.c.h; path = TestFetchData.h; sourceTree = "<group>"; };
		4A7A7F561BCBD92400A480C7 /* TestFetchData.m */ = {isa = PBXFileReference; fileEncoding = 4; lastKnownFileType = sourcecode.c.objc; path = TestFetchData.m; sourceTree = "<group>"; };
		4A7A7F581BCBD92400A480C7 /* TestInsertData.h */ = {isa = PBXFileReference; fileEncoding = 4; lastKnownFileType = sourcecode.c.h; path = TestInsertData.h; sourceTree = "<group>"; };
		4A7A7F591BCBD92400A480C7 /* TestInsertData.m */ = {isa = PBXFileReference; fileEncoding = 4; lastKnownFileType = sourcecode.c.objc; path = TestInsertData.m; sourceTree = "<group>"; };
		4A7A7F5B1BCBD92400A480C7 /* TestCaseRecord.h */ = {isa = PBXFileReference; fileEncoding = 4; lastKnownFileType = sourcecode.c.h; path = TestCaseRecord.h; sourceTree = "<group>"; };
		4A7A7F5C1BCBD92400A480C7 /* TestCaseRecord.m */ = {isa = PBXFileReference; fileEncoding = 4; lastKnownFileType = sourcecode.c.objc; path = TestCaseRecord.m; sourceTree = "<group>"; };
		4A7A7F5F1BCBD92400A480C7 /* TestUpdateData.h */ = {isa = PBXFileReference; fileEncoding = 4; lastKnownFileType = sourcecode.c.h; path = TestUpdateData.h; sourceTree = "<group>"; };
		4A7A7F601BCBD92400A480C7 /* TestUpdateData.m */ = {isa = PBXFileReference; fileEncoding = 4; lastKnownFileType = sourcecode.c.objc; path = TestUpdateData.m; sourceTree = "<group>"; };
		4A7A7F661BCBD94700A480C7 /* TestCaseTransaction.h */ = {isa = PBXFileReference; fileEncoding = 4; lastKnownFileType = sourcecode.c.h; path = TestCaseTransaction.h; sourceTree = "<group>"; };
		4A7A7F671BCBD94700A480C7 /* TestCaseTransaction.m */ = {isa = PBXFileReference; fileEncoding = 4; lastKnownFileType = sourcecode.c.objc; path = TestCaseTransaction.m; sourceTree = "<group>"; };
		4A7A7F721BCC04A900A480C7 /* CTPersistanceQueryCommand+Status.h */ = {isa = PBXFileReference; fileEncoding = 4; lastKnownFileType = sourcecode.c.h; path = "CTPersistanceQueryCommand+Status.h"; sourceTree = "<group>"; };
		4A7A7F731BCC04A900A480C7 /* CTPersistanceQueryCommand+Status.m */ = {isa = PBXFileReference; fileEncoding = 4; lastKnownFileType = sourcecode.c.objc; path = "CTPersistanceQueryCommand+Status.m"; sourceTree = "<group>"; };
		4A925B911BC2AD1A00CC3244 /* CTPersistanceMarcos.h */ = {isa = PBXFileReference; lastKnownFileType = sourcecode.c.h; path = CTPersistanceMarcos.h; sourceTree = "<group>"; };
		4A925B971BC2DFC500CC3244 /* CTPersistanceTable.h */ = {isa = PBXFileReference; fileEncoding = 4; lastKnownFileType = sourcecode.c.h; path = CTPersistanceTable.h; sourceTree = "<group>"; };
		4A925B981BC2DFC500CC3244 /* CTPersistanceTable.m */ = {isa = PBXFileReference; fileEncoding = 4; lastKnownFileType = sourcecode.c.objc; path = CTPersistanceTable.m; sourceTree = "<group>"; };
		4A925BA31BC2EDB500CC3244 /* CTPersistanceTable+Delete.h */ = {isa = PBXFileReference; fileEncoding = 4; lastKnownFileType = sourcecode.c.h; path = "CTPersistanceTable+Delete.h"; sourceTree = "<group>"; };
		4A925BA41BC2EDB500CC3244 /* CTPersistanceTable+Delete.m */ = {isa = PBXFileReference; fileEncoding = 4; lastKnownFileType = sourcecode.c.objc; path = "CTPersistanceTable+Delete.m"; sourceTree = "<group>"; };
		4A925BA61BC2EDC300CC3244 /* CTPersistanceTable+Find.h */ = {isa = PBXFileReference; fileEncoding = 4; lastKnownFileType = sourcecode.c.h; path = "CTPersistanceTable+Find.h"; sourceTree = "<group>"; };
		4A925BA71BC2EDC300CC3244 /* CTPersistanceTable+Find.m */ = {isa = PBXFileReference; fileEncoding = 4; lastKnownFileType = sourcecode.c.objc; path = "CTPersistanceTable+Find.m"; sourceTree = "<group>"; };
		4A925BA91BC2EDCE00CC3244 /* CTPersistanceTable+Insert.h */ = {isa = PBXFileReference; fileEncoding = 4; lastKnownFileType = sourcecode.c.h; path = "CTPersistanceTable+Insert.h"; sourceTree = "<group>"; };
		4A925BAA1BC2EDCE00CC3244 /* CTPersistanceTable+Insert.m */ = {isa = PBXFileReference; fileEncoding = 4; lastKnownFileType = sourcecode.c.objc; path = "CTPersistanceTable+Insert.m"; sourceTree = "<group>"; };
		4A925BAC1BC2EDDA00CC3244 /* CTPersistanceTable+Update.h */ = {isa = PBXFileReference; fileEncoding = 4; lastKnownFileType = sourcecode.c.h; path = "CTPersistanceTable+Update.h"; sourceTree = "<group>"; };
		4A925BAD1BC2EDDA00CC3244 /* CTPersistanceTable+Update.m */ = {isa = PBXFileReference; fileEncoding = 4; lastKnownFileType = sourcecode.c.objc; path = "CTPersistanceTable+Update.m"; sourceTree = "<group>"; };
		4A925BB31BC38F5000CC3244 /* CTPersistanceRecord.h */ = {isa = PBXFileReference; fileEncoding = 4; lastKnownFileType = sourcecode.c.h; path = CTPersistanceRecord.h; sourceTree = "<group>"; };
		4A925BB41BC38F5000CC3244 /* CTPersistanceRecord.m */ = {isa = PBXFileReference; fileEncoding = 4; lastKnownFileType = sourcecode.c.objc; path = CTPersistanceRecord.m; sourceTree = "<group>"; };
		4A925BB71BC39CCD00CC3244 /* CTPersistanceCriteria.h */ = {isa = PBXFileReference; fileEncoding = 4; lastKnownFileType = sourcecode.c.h; path = CTPersistanceCriteria.h; sourceTree = "<group>"; };
		4A925BB81BC39CCD00CC3244 /* CTPersistanceCriteria.m */ = {isa = PBXFileReference; fileEncoding = 4; lastKnownFileType = sourcecode.c.objc; path = CTPersistanceCriteria.m; sourceTree = "<group>"; };
		4A925BBB1BC3A0C500CC3244 /* NSString+SQL.h */ = {isa = PBXFileReference; fileEncoding = 4; lastKnownFileType = sourcecode.c.h; path = "NSString+SQL.h"; sourceTree = "<group>"; };
		4A925BBC1BC3A0C500CC3244 /* NSString+SQL.m */ = {isa = PBXFileReference; fileEncoding = 4; lastKnownFileType = sourcecode.c.objc; path = "NSString+SQL.m"; sourceTree = "<group>"; };
		4A925BC01BC3AA4100CC3244 /* NSArray+CTPersistanceRecordTransform.h */ = {isa = PBXFileReference; fileEncoding = 4; lastKnownFileType = sourcecode.c.h; path = "NSArray+CTPersistanceRecordTransform.h"; sourceTree = "<group>"; };
		4A925BC11BC3AA4100CC3244 /* NSArray+CTPersistanceRecordTransform.m */ = {isa = PBXFileReference; fileEncoding = 4; lastKnownFileType = sourcecode.c.objc; path = "NSArray+CTPersistanceRecordTransform.m"; sourceTree = "<group>"; };
		4A925BC51BC3E83D00CC3244 /* TestRecord.h */ = {isa = PBXFileReference; fileEncoding = 4; lastKnownFileType = sourcecode.c.h; path = TestRecord.h; sourceTree = "<group>"; };
		4A925BC61BC3E83D00CC3244 /* TestRecord.m */ = {isa = PBXFileReference; fileEncoding = 4; lastKnownFileType = sourcecode.c.objc; path = TestRecord.m; sourceTree = "<group>"; };
		4A925BC81BC3E83D00CC3244 /* TestTable.h */ = {isa = PBXFileReference; fileEncoding = 4; lastKnownFileType = sourcecode.c.h; path = TestTable.h; sourceTree = "<group>"; };
		4A925BC91BC3E83D00CC3244 /* TestTable.m */ = {isa = PBXFileReference; fileEncoding = 4; lastKnownFileType = sourcecode.c.objc; path = TestTable.m; sourceTree = "<group>"; };
		4A925BD81BC4016A00CC3244 /* CTPersistanceRecordProtocol.h */ = {isa = PBXFileReference; lastKnownFileType = sourcecode.c.h; path = CTPersistanceRecordProtocol.h; sourceTree = "<group>"; };
		4A9E4FE11BC4C3F60009E111 /* NSString+ReqularExpression.h */ = {isa = PBXFileReference; fileEncoding = 4; lastKnownFileType = sourcecode.c.h; path = "NSString+ReqularExpression.h"; sourceTree = "<group>"; };
		4A9E4FE21BC4C3F60009E111 /* NSString+ReqularExpression.m */ = {isa = PBXFileReference; fileEncoding = 4; lastKnownFileType = sourcecode.c.objc; path = "NSString+ReqularExpression.m"; sourceTree = "<group>"; };
		4A9E4FE41BC4C76D0009E111 /* CTPersistanceConfiguration.plist */ = {isa = PBXFileReference; fileEncoding = 4; lastKnownFileType = text.plist.xml; path = CTPersistanceConfiguration.plist; sourceTree = "<group>"; };
		4A9E4FE71BC4CCB90009E111 /* TestMigrator.h */ = {isa = PBXFileReference; fileEncoding = 4; lastKnownFileType = sourcecode.c.h; path = TestMigrator.h; sourceTree = "<group>"; };
		4A9E4FE81BC4CCB90009E111 /* TestMigrator.m */ = {isa = PBXFileReference; fileEncoding = 4; lastKnownFileType = sourcecode.c.objc; path = TestMigrator.m; sourceTree = "<group>"; };
		4A9E4FEE1BC4CF770009E111 /* CTPersistanceVersionTable.h */ = {isa = PBXFileReference; fileEncoding = 4; lastKnownFileType = sourcecode.c.h; path = CTPersistanceVersionTable.h; sourceTree = "<group>"; };
		4A9E4FEF1BC4CF770009E111 /* CTPersistanceVersionTable.m */ = {isa = PBXFileReference; fileEncoding = 4; lastKnownFileType = sourcecode.c.objc; path = CTPersistanceVersionTable.m; sourceTree = "<group>"; };
		4A9E4FF21BC4CFA00009E111 /* CTPersistanceVersionRecord.h */ = {isa = PBXFileReference; fileEncoding = 4; lastKnownFileType = sourcecode.c.h; path = CTPersistanceVersionRecord.h; sourceTree = "<group>"; };
		4A9E4FF31BC4CFA00009E111 /* CTPersistanceVersionRecord.m */ = {isa = PBXFileReference; fileEncoding = 4; lastKnownFileType = sourcecode.c.objc; path = CTPersistanceVersionRecord.m; sourceTree = "<group>"; };
		4A9E4FFA1BC4DA850009E111 /* MigrationStep1_0.h */ = {isa = PBXFileReference; fileEncoding = 4; lastKnownFileType = sourcecode.c.h; path = MigrationStep1_0.h; sourceTree = "<group>"; };
		4A9E4FFB1BC4DA850009E111 /* MigrationStep1_0.m */ = {isa = PBXFileReference; fileEncoding = 4; lastKnownFileType = sourcecode.c.objc; path = MigrationStep1_0.m; sourceTree = "<group>"; };
		4A9E4FFE1BC4DA980009E111 /* MigrationStep2_0.h */ = {isa = PBXFileReference; fileEncoding = 4; lastKnownFileType = sourcecode.c.h; path = MigrationStep2_0.h; sourceTree = "<group>"; };
		4A9E4FFF1BC4DA980009E111 /* MigrationStep2_0.m */ = {isa = PBXFileReference; fileEncoding = 4; lastKnownFileType = sourcecode.c.objc; path = MigrationStep2_0.m; sourceTree = "<group>"; };
		4AD2D6571BBFCD5E00E1F37D /* CTPersistance.app */ = {isa = PBXFileReference; explicitFileType = wrapper.application; includeInIndex = 0; path = CTPersistance.app; sourceTree = BUILT_PRODUCTS_DIR; };
		4AD2D65B1BBFCD5E00E1F37D /* main.m */ = {isa = PBXFileReference; lastKnownFileType = sourcecode.c.objc; path = main.m; sourceTree = "<group>"; };
		4AD2D66B1BBFCD5E00E1F37D /* Info.plist */ = {isa = PBXFileReference; lastKnownFileType = text.plist.xml; path = Info.plist; sourceTree = "<group>"; };
		4ADCE5B81BCD462000E54458 /* CTPersistanceTransaction.h */ = {isa = PBXFileReference; fileEncoding = 4; lastKnownFileType = sourcecode.c.h; path = CTPersistanceTransaction.h; sourceTree = "<group>"; };
		4ADCE5B91BCD462000E54458 /* CTPersistanceTransaction.m */ = {isa = PBXFileReference; fileEncoding = 4; lastKnownFileType = sourcecode.c.objc; path = CTPersistanceTransaction.m; sourceTree = "<group>"; };
		4AF066111BC00D020042288C /* CTPersistance.h */ = {isa = PBXFileReference; lastKnownFileType = sourcecode.c.h; path = CTPersistance.h; sourceTree = "<group>"; };
		4AF066121BC00E660042288C /* CTPersistanceConfiguration.h */ = {isa = PBXFileReference; lastKnownFileType = sourcecode.c.h; path = CTPersistanceConfiguration.h; sourceTree = "<group>"; };
		4AF066161BC189A70042288C /* libsqlite3.tbd */ = {isa = PBXFileReference; lastKnownFileType = "sourcecode.text-based-dylib-definition"; name = libsqlite3.tbd; path = usr/lib/libsqlite3.tbd; sourceTree = SDKROOT; };
		4AF066201BC217280042288C /* CTPersistanceDataBase.h */ = {isa = PBXFileReference; fileEncoding = 4; lastKnownFileType = sourcecode.c.h; path = CTPersistanceDataBase.h; sourceTree = "<group>"; };
		4AF066211BC217280042288C /* CTPersistanceDataBase.m */ = {isa = PBXFileReference; fileEncoding = 4; lastKnownFileType = sourcecode.c.objc; path = CTPersistanceDataBase.m; sourceTree = "<group>"; };
		4AF066221BC217280042288C /* CTPersistanceDatabasePool.h */ = {isa = PBXFileReference; fileEncoding = 4; lastKnownFileType = sourcecode.c.h; path = CTPersistanceDatabasePool.h; sourceTree = "<group>"; };
		4AF066231BC217280042288C /* CTPersistanceDatabasePool.m */ = {isa = PBXFileReference; fileEncoding = 4; lastKnownFileType = sourcecode.c.objc; path = CTPersistanceDatabasePool.m; sourceTree = "<group>"; };
		4AF066251BC217280042288C /* CTPersistanceMigrator.h */ = {isa = PBXFileReference; fileEncoding = 4; lastKnownFileType = sourcecode.c.h; path = CTPersistanceMigrator.h; sourceTree = "<group>"; };
		4AF066261BC217280042288C /* CTPersistanceMigrator.m */ = {isa = PBXFileReference; fileEncoding = 4; lastKnownFileType = sourcecode.c.objc; path = CTPersistanceMigrator.m; sourceTree = "<group>"; };
		4AF066361BC276C40042288C /* CTPersistanceQueryCommand.h */ = {isa = PBXFileReference; fileEncoding = 4; lastKnownFileType = sourcecode.c.h; path = CTPersistanceQueryCommand.h; sourceTree = "<group>"; };
		4AF066371BC276C40042288C /* CTPersistanceQueryCommand.m */ = {isa = PBXFileReference; fileEncoding = 4; lastKnownFileType = sourcecode.c.objc; path = CTPersistanceQueryCommand.m; sourceTree = "<group>"; };
		4AF0663F1BC2819D0042288C /* CTPersistanceQueryCommand+ReadMethods.h */ = {isa = PBXFileReference; fileEncoding = 4; lastKnownFileType = sourcecode.c.h; path = "CTPersistanceQueryCommand+ReadMethods.h"; sourceTree = "<group>"; };
		4AF066401BC2819D0042288C /* CTPersistanceQueryCommand+ReadMethods.m */ = {isa = PBXFileReference; fileEncoding = 4; lastKnownFileType = sourcecode.c.objc; path = "CTPersistanceQueryCommand+ReadMethods.m"; sourceTree = "<group>"; };
		4AF066431BC281F00042288C /* CTPersistanceQueryCommand+DataManipulations.h */ = {isa = PBXFileReference; fileEncoding = 4; lastKnownFileType = sourcecode.c.h; path = "CTPersistanceQueryCommand+DataManipulations.h"; sourceTree = "<group>"; };
		4AF066441BC281F00042288C /* CTPersistanceQueryCommand+DataManipulations.m */ = {isa = PBXFileReference; fileEncoding = 4; lastKnownFileType = sourcecode.c.objc; path = "CTPersistanceQueryCommand+DataManipulations.m"; sourceTree = "<group>"; };
		4AF0664A1BC2821B0042288C /* CTPersistanceQueryCommand+SchemaManipulations.h */ = {isa = PBXFileReference; fileEncoding = 4; lastKnownFileType = sourcecode.c.h; path = "CTPersistanceQueryCommand+SchemaManipulations.h"; sourceTree = "<group>"; };
		4AF0664B1BC2821B0042288C /* CTPersistanceQueryCommand+SchemaManipulations.m */ = {isa = PBXFileReference; fileEncoding = 4; lastKnownFileType = sourcecode.c.objc; path = "CTPersistanceQueryCommand+SchemaManipulations.m"; sourceTree = "<group>"; };
		4AFEFD091BCFE8B900751D82 /* TestCaseWhereCondition.h */ = {isa = PBXFileReference; fileEncoding = 4; lastKnownFileType = sourcecode.c.h; path = TestCaseWhereCondition.h; sourceTree = "<group>"; };
		4AFEFD0A1BCFE8B900751D82 /* TestCaseWhereCondition.m */ = {isa = PBXFileReference; fileEncoding = 4; lastKnownFileType = sourcecode.c.objc; path = TestCaseWhereCondition.m; sourceTree = "<group>"; };
		720523321D473D30001EDBD2 /* SwiftDemo.app */ = {isa = PBXFileReference; explicitFileType = wrapper.application; includeInIndex = 0; path = SwiftDemo.app; sourceTree = BUILT_PRODUCTS_DIR; };
		720523401D473D30001EDBD2 /* Info.plist */ = {isa = PBXFileReference; lastKnownFileType = text.plist.xml; path = Info.plist; sourceTree = "<group>"; };
		720523441D473D3F001EDBD2 /* main.swift */ = {isa = PBXFileReference; fileEncoding = 4; lastKnownFileType = sourcecode.swift; path = main.swift; sourceTree = "<group>"; };
		7205234B1D473D8A001EDBD2 /* CTFramework.framework */ = {isa = PBXFileReference; explicitFileType = wrapper.framework; includeInIndex = 0; path = CTFramework.framework; sourceTree = BUILT_PRODUCTS_DIR; };
		7205234D1D473D8A001EDBD2 /* CTFramework.h */ = {isa = PBXFileReference; lastKnownFileType = sourcecode.c.h; path = CTFramework.h; sourceTree = "<group>"; };
		7205234F1D473D8A001EDBD2 /* Info.plist */ = {isa = PBXFileReference; lastKnownFileType = text.plist.xml; path = Info.plist; sourceTree = "<group>"; };
		721CEE7B1D47497800EBE9CC /* CTFrameworkTest.framework */ = {isa = PBXFileReference; explicitFileType = wrapper.framework; includeInIndex = 0; path = CTFrameworkTest.framework; sourceTree = BUILT_PRODUCTS_DIR; };
		721CEE7D1D47497800EBE9CC /* CTFrameworkTest.h */ = {isa = PBXFileReference; lastKnownFileType = sourcecode.c.h; path = CTFrameworkTest.h; sourceTree = "<group>"; };
		721CEE7F1D47497800EBE9CC /* Info.plist */ = {isa = PBXFileReference; lastKnownFileType = text.plist.xml; path = Info.plist; sourceTree = "<group>"; };
/* End PBXFileReference section */

/* Begin PBXFrameworksBuildPhase section */
		4AD2D6541BBFCD5E00E1F37D /* Frameworks */ = {
			isa = PBXFrameworksBuildPhase;
			buildActionMask = 2147483647;
			files = (
				4AF066171BC189A70042288C /* libsqlite3.tbd in Frameworks */,
			);
			runOnlyForDeploymentPostprocessing = 0;
		};
		7205232F1D473D30001EDBD2 /* Frameworks */ = {
			isa = PBXFrameworksBuildPhase;
			buildActionMask = 2147483647;
			files = (
				721CEE821D47497800EBE9CC /* CTFrameworkTest.framework in Frameworks */,
				720523521D473D8A001EDBD2 /* CTFramework.framework in Frameworks */,
			);
			runOnlyForDeploymentPostprocessing = 0;
		};
		720523471D473D8A001EDBD2 /* Frameworks */ = {
			isa = PBXFrameworksBuildPhase;
			buildActionMask = 2147483647;
			files = (
				720523881D473DCE001EDBD2 /* libsqlite3.tbd in Frameworks */,
			);
			runOnlyForDeploymentPostprocessing = 0;
		};
		721CEE771D47497800EBE9CC /* Frameworks */ = {
			isa = PBXFrameworksBuildPhase;
			buildActionMask = 2147483647;
			files = (
				721CEE871D474D1300EBE9CC /* CTFramework.framework in Frameworks */,
			);
			runOnlyForDeploymentPostprocessing = 0;
		};
/* End PBXFrameworksBuildPhase section */

/* Begin PBXGroup section */
		4A1F7DC01BD147D200A7C2C4 /* Async */ = {
			isa = PBXGroup;
			children = (
				4A1F7DC11BD1CB8400A7C2C4 /* CTPersistanceAsyncExecutor.h */,
				4A1F7DC21BD1CB8400A7C2C4 /* CTPersistanceAsyncExecutor.m */,
			);
			path = Async;
			sourceTree = "<group>";
		};
		4A5DD9331BD909F100934C27 /* Async */ = {
			isa = PBXGroup;
			children = (
				4A5DD9341BD90A1400934C27 /* TestCaseAsync.h */,
				4A5DD9351BD90A1400934C27 /* TestCaseAsync.m */,
			);
			path = Async;
			sourceTree = "<group>";
		};
		4A7A7F511BCBD92400A480C7 /* Delete */ = {
			isa = PBXGroup;
			children = (
				4A7A7F521BCBD92400A480C7 /* TestDeleteData.h */,
				4A7A7F531BCBD92400A480C7 /* TestDeleteData.m */,
			);
			path = Delete;
			sourceTree = "<group>";
		};
		4A7A7F541BCBD92400A480C7 /* Fetch */ = {
			isa = PBXGroup;
			children = (
				4A7A7F551BCBD92400A480C7 /* TestFetchData.h */,
				4A7A7F561BCBD92400A480C7 /* TestFetchData.m */,
			);
			path = Fetch;
			sourceTree = "<group>";
		};
		4A7A7F571BCBD92400A480C7 /* Insert */ = {
			isa = PBXGroup;
			children = (
				4A7A7F581BCBD92400A480C7 /* TestInsertData.h */,
				4A7A7F591BCBD92400A480C7 /* TestInsertData.m */,
			);
			path = Insert;
			sourceTree = "<group>";
		};
		4A7A7F5A1BCBD92400A480C7 /* Record */ = {
			isa = PBXGroup;
			children = (
				4A7A7F5B1BCBD92400A480C7 /* TestCaseRecord.h */,
				4A7A7F5C1BCBD92400A480C7 /* TestCaseRecord.m */,
			);
			path = Record;
			sourceTree = "<group>";
		};
		4A7A7F5D1BCBD92400A480C7 /* Transaction */ = {
			isa = PBXGroup;
			children = (
				4A7A7F661BCBD94700A480C7 /* TestCaseTransaction.h */,
				4A7A7F671BCBD94700A480C7 /* TestCaseTransaction.m */,
			);
			path = Transaction;
			sourceTree = "<group>";
		};
		4A7A7F5E1BCBD92400A480C7 /* Update */ = {
			isa = PBXGroup;
			children = (
				4A7A7F5F1BCBD92400A480C7 /* TestUpdateData.h */,
				4A7A7F601BCBD92400A480C7 /* TestUpdateData.m */,
			);
			path = Update;
			sourceTree = "<group>";
		};
		4A7A7F711BCC047E00A480C7 /* StatusMethods */ = {
			isa = PBXGroup;
			children = (
				4A7A7F721BCC04A900A480C7 /* CTPersistanceQueryCommand+Status.h */,
				4A7A7F731BCC04A900A480C7 /* CTPersistanceQueryCommand+Status.m */,
			);
			path = StatusMethods;
			sourceTree = "<group>";
		};
		4A925B871BC295C600CC3244 /* Categories */ = {
			isa = PBXGroup;
			children = (
				4A925BBE1BC3AA2800CC3244 /* NSArray */,
				4A925B881BC295C600CC3244 /* NSString */,
			);
			path = Categories;
			sourceTree = "<group>";
		};
		4A925B881BC295C600CC3244 /* NSString */ = {
			isa = PBXGroup;
			children = (
				4A9E4FE01BC4C3CF0009E111 /* ReqularExpression */,
				4A925BBA1BC3A0C500CC3244 /* SQL */,
			);
			path = NSString;
			sourceTree = "<group>";
		};
		4A925B961BC2DFC500CC3244 /* Table */ = {
			isa = PBXGroup;
			children = (
				4A925B9E1BC2ED3A00CC3244 /* Categories */,
				4A925B971BC2DFC500CC3244 /* CTPersistanceTable.h */,
				4A925B981BC2DFC500CC3244 /* CTPersistanceTable.m */,
			);
			path = Table;
			sourceTree = "<group>";
		};
		4A925B9E1BC2ED3A00CC3244 /* Categories */ = {
			isa = PBXGroup;
			children = (
				4A925B9F1BC2ED5F00CC3244 /* Delete */,
				4A925BA01BC2ED5F00CC3244 /* Find */,
				4A925BA11BC2ED5F00CC3244 /* Insert */,
				4A925BA21BC2ED5F00CC3244 /* Update */,
			);
			path = Categories;
			sourceTree = "<group>";
		};
		4A925B9F1BC2ED5F00CC3244 /* Delete */ = {
			isa = PBXGroup;
			children = (
				4A925BA31BC2EDB500CC3244 /* CTPersistanceTable+Delete.h */,
				4A925BA41BC2EDB500CC3244 /* CTPersistanceTable+Delete.m */,
			);
			path = Delete;
			sourceTree = "<group>";
		};
		4A925BA01BC2ED5F00CC3244 /* Find */ = {
			isa = PBXGroup;
			children = (
				4A925BA61BC2EDC300CC3244 /* CTPersistanceTable+Find.h */,
				4A925BA71BC2EDC300CC3244 /* CTPersistanceTable+Find.m */,
			);
			path = Find;
			sourceTree = "<group>";
		};
		4A925BA11BC2ED5F00CC3244 /* Insert */ = {
			isa = PBXGroup;
			children = (
				4A925BA91BC2EDCE00CC3244 /* CTPersistanceTable+Insert.h */,
				4A925BAA1BC2EDCE00CC3244 /* CTPersistanceTable+Insert.m */,
			);
			path = Insert;
			sourceTree = "<group>";
		};
		4A925BA21BC2ED5F00CC3244 /* Update */ = {
			isa = PBXGroup;
			children = (
				4A925BAC1BC2EDDA00CC3244 /* CTPersistanceTable+Update.h */,
				4A925BAD1BC2EDDA00CC3244 /* CTPersistanceTable+Update.m */,
			);
			path = Update;
			sourceTree = "<group>";
		};
		4A925BB21BC38F3C00CC3244 /* Record */ = {
			isa = PBXGroup;
			children = (
				4A925BD81BC4016A00CC3244 /* CTPersistanceRecordProtocol.h */,
				4A925BB31BC38F5000CC3244 /* CTPersistanceRecord.h */,
				4A925BB41BC38F5000CC3244 /* CTPersistanceRecord.m */,
			);
			path = Record;
			sourceTree = "<group>";
		};
		4A925BB61BC39CBB00CC3244 /* Criteria */ = {
			isa = PBXGroup;
			children = (
				4A925BB71BC39CCD00CC3244 /* CTPersistanceCriteria.h */,
				4A925BB81BC39CCD00CC3244 /* CTPersistanceCriteria.m */,
			);
			path = Criteria;
			sourceTree = "<group>";
		};
		4A925BBA1BC3A0C500CC3244 /* SQL */ = {
			isa = PBXGroup;
			children = (
				4A925BBB1BC3A0C500CC3244 /* NSString+SQL.h */,
				4A925BBC1BC3A0C500CC3244 /* NSString+SQL.m */,
			);
			path = SQL;
			sourceTree = "<group>";
		};
		4A925BBE1BC3AA2800CC3244 /* NSArray */ = {
			isa = PBXGroup;
			children = (
				4A925BBF1BC3AA2800CC3244 /* CTPersistanceRecordTransform */,
			);
			path = NSArray;
			sourceTree = "<group>";
		};
		4A925BBF1BC3AA2800CC3244 /* CTPersistanceRecordTransform */ = {
			isa = PBXGroup;
			children = (
				4A925BC01BC3AA4100CC3244 /* NSArray+CTPersistanceRecordTransform.h */,
				4A925BC11BC3AA4100CC3244 /* NSArray+CTPersistanceRecordTransform.m */,
			);
			path = CTPersistanceRecordTransform;
			sourceTree = "<group>";
		};
		4A925BC31BC3E83D00CC3244 /* TestModel */ = {
			isa = PBXGroup;
			children = (
				4A9E4FE61BC4CCA10009E111 /* Migrator */,
				4A925BC41BC3E83D00CC3244 /* Record */,
				4A925BC71BC3E83D00CC3244 /* Table */,
			);
			path = TestModel;
			sourceTree = "<group>";
		};
		4A925BC41BC3E83D00CC3244 /* Record */ = {
			isa = PBXGroup;
			children = (
				4A925BC51BC3E83D00CC3244 /* TestRecord.h */,
				4A925BC61BC3E83D00CC3244 /* TestRecord.m */,
			);
			path = Record;
			sourceTree = "<group>";
		};
		4A925BC71BC3E83D00CC3244 /* Table */ = {
			isa = PBXGroup;
			children = (
				4A925BC81BC3E83D00CC3244 /* TestTable.h */,
				4A925BC91BC3E83D00CC3244 /* TestTable.m */,
			);
			path = Table;
			sourceTree = "<group>";
		};
		4A9E4FE01BC4C3CF0009E111 /* ReqularExpression */ = {
			isa = PBXGroup;
			children = (
				4A9E4FE11BC4C3F60009E111 /* NSString+ReqularExpression.h */,
				4A9E4FE21BC4C3F60009E111 /* NSString+ReqularExpression.m */,
			);
			path = ReqularExpression;
			sourceTree = "<group>";
		};
		4A9E4FE61BC4CCA10009E111 /* Migrator */ = {
			isa = PBXGroup;
			children = (
				4A9E4FF51BC4D98E0009E111 /* MigrationSteps */,
				4A9E4FE71BC4CCB90009E111 /* TestMigrator.h */,
				4A9E4FE81BC4CCB90009E111 /* TestMigrator.m */,
			);
			path = Migrator;
			sourceTree = "<group>";
		};
		4A9E4FED1BC4CF770009E111 /* MigrationVersionTable */ = {
			isa = PBXGroup;
			children = (
				4A9E4FF01BC4CF770009E111 /* Record */,
				4A9E4FEE1BC4CF770009E111 /* CTPersistanceVersionTable.h */,
				4A9E4FEF1BC4CF770009E111 /* CTPersistanceVersionTable.m */,
			);
			path = MigrationVersionTable;
			sourceTree = "<group>";
		};
		4A9E4FF01BC4CF770009E111 /* Record */ = {
			isa = PBXGroup;
			children = (
				4A9E4FF21BC4CFA00009E111 /* CTPersistanceVersionRecord.h */,
				4A9E4FF31BC4CFA00009E111 /* CTPersistanceVersionRecord.m */,
			);
			path = Record;
			sourceTree = "<group>";
		};
		4A9E4FF51BC4D98E0009E111 /* MigrationSteps */ = {
			isa = PBXGroup;
			children = (
				4A9E4FF91BC4DA850009E111 /* 1_0 */,
				4A9E4FFC1BC4DA850009E111 /* 2_0 */,
			);
			path = MigrationSteps;
			sourceTree = "<group>";
		};
		4A9E4FF91BC4DA850009E111 /* 1_0 */ = {
			isa = PBXGroup;
			children = (
				4A9E4FFA1BC4DA850009E111 /* MigrationStep1_0.h */,
				4A9E4FFB1BC4DA850009E111 /* MigrationStep1_0.m */,
			);
			path = 1_0;
			sourceTree = "<group>";
		};
		4A9E4FFC1BC4DA850009E111 /* 2_0 */ = {
			isa = PBXGroup;
			children = (
				4A9E4FFE1BC4DA980009E111 /* MigrationStep2_0.h */,
				4A9E4FFF1BC4DA980009E111 /* MigrationStep2_0.m */,
			);
			path = 2_0;
			sourceTree = "<group>";
		};
		4AD2D64E1BBFCD5E00E1F37D = {
			isa = PBXGroup;
			children = (
				4AD2D6591BBFCD5E00E1F37D /* CTPersistance */,
				720523331D473D30001EDBD2 /* SwiftDemo */,
				7205234C1D473D8A001EDBD2 /* CTFramework */,
				721CEE7C1D47497800EBE9CC /* CTFrameworkTest */,
				4AD2D6581BBFCD5E00E1F37D /* Products */,
			);
			sourceTree = "<group>";
		};
		4AD2D6581BBFCD5E00E1F37D /* Products */ = {
			isa = PBXGroup;
			children = (
				4AD2D6571BBFCD5E00E1F37D /* CTPersistance.app */,
				720523321D473D30001EDBD2 /* SwiftDemo.app */,
				7205234B1D473D8A001EDBD2 /* CTFramework.framework */,
				721CEE7B1D47497800EBE9CC /* CTFrameworkTest.framework */,
			);
			name = Products;
			sourceTree = "<group>";
		};
		4AD2D6591BBFCD5E00E1F37D /* CTPersistance */ = {
			isa = PBXGroup;
			children = (
				4AD2D6711BBFCD7200E1F37D /* CTPersistance */,
				4AF0662E1BC21EF80042288C /* Test */,
				4AD2D65A1BBFCD5E00E1F37D /* Supporting Files */,
				4A9E4FE41BC4C76D0009E111 /* CTPersistanceConfiguration.plist */,
			);
			path = CTPersistance;
			sourceTree = "<group>";
		};
		4AD2D65A1BBFCD5E00E1F37D /* Supporting Files */ = {
			isa = PBXGroup;
			children = (
				4AD2D66B1BBFCD5E00E1F37D /* Info.plist */,
				4AF066161BC189A70042288C /* libsqlite3.tbd */,
				4AD2D65B1BBFCD5E00E1F37D /* main.m */,
			);
			name = "Supporting Files";
			sourceTree = "<group>";
		};
		4AD2D6711BBFCD7200E1F37D /* CTPersistance */ = {
			isa = PBXGroup;
			children = (
				4A1F7DC01BD147D200A7C2C4 /* Async */,
				4ADCE5B71BCD460A00E54458 /* Transaction */,
				4A925B871BC295C600CC3244 /* Categories */,
				4AF0661F1BC217280042288C /* Database */,
				4A925B961BC2DFC500CC3244 /* Table */,
				4A925BB21BC38F3C00CC3244 /* Record */,
				4AF066351BC276C40042288C /* QueryCommand */,
				4AF066241BC217280042288C /* Migration */,
				4A925BB61BC39CBB00CC3244 /* Criteria */,
				4AF066111BC00D020042288C /* CTPersistance.h */,
				4AF066121BC00E660042288C /* CTPersistanceConfiguration.h */,
				4A925B911BC2AD1A00CC3244 /* CTPersistanceMarcos.h */,
			);
			path = CTPersistance;
			sourceTree = "<group>";
		};
		4ADCE5B71BCD460A00E54458 /* Transaction */ = {
			isa = PBXGroup;
			children = (
				4ADCE5B81BCD462000E54458 /* CTPersistanceTransaction.h */,
				4ADCE5B91BCD462000E54458 /* CTPersistanceTransaction.m */,
			);
			path = Transaction;
			sourceTree = "<group>";
		};
		4AF0661F1BC217280042288C /* Database */ = {
			isa = PBXGroup;
			children = (
				4AF066201BC217280042288C /* CTPersistanceDataBase.h */,
				4AF066211BC217280042288C /* CTPersistanceDataBase.m */,
				4AF066221BC217280042288C /* CTPersistanceDatabasePool.h */,
				4AF066231BC217280042288C /* CTPersistanceDatabasePool.m */,
			);
			path = Database;
			sourceTree = "<group>";
		};
		4AF066241BC217280042288C /* Migration */ = {
			isa = PBXGroup;
			children = (
				4A9E4FED1BC4CF770009E111 /* MigrationVersionTable */,
				4AF066251BC217280042288C /* CTPersistanceMigrator.h */,
				4AF066261BC217280042288C /* CTPersistanceMigrator.m */,
			);
			path = Migration;
			sourceTree = "<group>";
		};
		4AF0662E1BC21EF80042288C /* Test */ = {
			isa = PBXGroup;
			children = (
				4A5DD9331BD909F100934C27 /* Async */,
				4AFEFD081BCFE8A300751D82 /* WhereCondition */,
				4A925BC31BC3E83D00CC3244 /* TestModel */,
				4A7A7F5E1BCBD92400A480C7 /* Update */,
				4A7A7F511BCBD92400A480C7 /* Delete */,
				4A7A7F541BCBD92400A480C7 /* Fetch */,
				4A7A7F571BCBD92400A480C7 /* Insert */,
				4A7A7F5A1BCBD92400A480C7 /* Record */,
				4A7A7F5D1BCBD92400A480C7 /* Transaction */,
			);
			path = Test;
			sourceTree = "<group>";
		};
		4AF066351BC276C40042288C /* QueryCommand */ = {
			isa = PBXGroup;
			children = (
				4AF066391BC27F8B0042288C /* Categories */,
				4AF066361BC276C40042288C /* CTPersistanceQueryCommand.h */,
				4AF066371BC276C40042288C /* CTPersistanceQueryCommand.m */,
			);
			path = QueryCommand;
			sourceTree = "<group>";
		};
		4AF066391BC27F8B0042288C /* Categories */ = {
			isa = PBXGroup;
			children = (
				4A7A7F711BCC047E00A480C7 /* StatusMethods */,
				4AF066491BC2821B0042288C /* SchemaManipulations */,
				4AF0663D1BC2819D0042288C /* DataManipulations */,
				4AF0663E1BC2819D0042288C /* ReadingMethods */,
			);
			path = Categories;
			sourceTree = "<group>";
		};
		4AF0663D1BC2819D0042288C /* DataManipulations */ = {
			isa = PBXGroup;
			children = (
				4AF066431BC281F00042288C /* CTPersistanceQueryCommand+DataManipulations.h */,
				4AF066441BC281F00042288C /* CTPersistanceQueryCommand+DataManipulations.m */,
			);
			path = DataManipulations;
			sourceTree = "<group>";
		};
		4AF0663E1BC2819D0042288C /* ReadingMethods */ = {
			isa = PBXGroup;
			children = (
				4AF0663F1BC2819D0042288C /* CTPersistanceQueryCommand+ReadMethods.h */,
				4AF066401BC2819D0042288C /* CTPersistanceQueryCommand+ReadMethods.m */,
			);
			path = ReadingMethods;
			sourceTree = "<group>";
		};
		4AF066491BC2821B0042288C /* SchemaManipulations */ = {
			isa = PBXGroup;
			children = (
				4AF0664A1BC2821B0042288C /* CTPersistanceQueryCommand+SchemaManipulations.h */,
				4AF0664B1BC2821B0042288C /* CTPersistanceQueryCommand+SchemaManipulations.m */,
			);
			path = SchemaManipulations;
			sourceTree = "<group>";
		};
		4AFEFD081BCFE8A300751D82 /* WhereCondition */ = {
			isa = PBXGroup;
			children = (
				4AFEFD091BCFE8B900751D82 /* TestCaseWhereCondition.h */,
				4AFEFD0A1BCFE8B900751D82 /* TestCaseWhereCondition.m */,
			);
			path = WhereCondition;
			sourceTree = "<group>";
		};
		720523331D473D30001EDBD2 /* SwiftDemo */ = {
			isa = PBXGroup;
			children = (
				720523401D473D30001EDBD2 /* Info.plist */,
				720523441D473D3F001EDBD2 /* main.swift */,
			);
			path = SwiftDemo;
			sourceTree = "<group>";
		};
		7205234C1D473D8A001EDBD2 /* CTFramework */ = {
			isa = PBXGroup;
			children = (
				7205234D1D473D8A001EDBD2 /* CTFramework.h */,
				7205234F1D473D8A001EDBD2 /* Info.plist */,
			);
			path = CTFramework;
			sourceTree = "<group>";
		};
		721CEE7C1D47497800EBE9CC /* CTFrameworkTest */ = {
			isa = PBXGroup;
			children = (
				721CEE7D1D47497800EBE9CC /* CTFrameworkTest.h */,
				721CEE7F1D47497800EBE9CC /* Info.plist */,
			);
			path = CTFrameworkTest;
			sourceTree = "<group>";
		};
/* End PBXGroup section */

/* Begin PBXHeadersBuildPhase section */
		720523481D473D8A001EDBD2 /* Headers */ = {
			isa = PBXHeadersBuildPhase;
			buildActionMask = 2147483647;
			files = (
				7205234E1D473D8A001EDBD2 /* CTFramework.h in Headers */,
				720523891D473E66001EDBD2 /* CTPersistanceAsyncExecutor.h in Headers */,
				7205238A1D473E66001EDBD2 /* CTPersistanceTransaction.h in Headers */,
				7205238B1D473E66001EDBD2 /* NSArray+CTPersistanceRecordTransform.h in Headers */,
				7205238C1D473E66001EDBD2 /* NSString+ReqularExpression.h in Headers */,
				7205238D1D473E66001EDBD2 /* NSString+SQL.h in Headers */,
				7205238E1D473E66001EDBD2 /* CTPersistanceDataBase.h in Headers */,
				7205238F1D473E66001EDBD2 /* CTPersistanceDatabasePool.h in Headers */,
				720523901D473E66001EDBD2 /* CTPersistanceTable+Delete.h in Headers */,
				720523911D473E66001EDBD2 /* CTPersistanceTable+Find.h in Headers */,
				720523921D473E66001EDBD2 /* CTPersistanceTable+Insert.h in Headers */,
				720523931D473E66001EDBD2 /* CTPersistanceTable+Update.h in Headers */,
				720523941D473E66001EDBD2 /* CTPersistanceTable.h in Headers */,
				720523951D473E66001EDBD2 /* CTPersistanceRecordProtocol.h in Headers */,
				720523961D473E66001EDBD2 /* CTPersistanceRecord.h in Headers */,
				720523971D473E66001EDBD2 /* CTPersistanceQueryCommand+Status.h in Headers */,
				720523981D473E66001EDBD2 /* CTPersistanceQueryCommand+SchemaManipulations.h in Headers */,
				720523991D473E66001EDBD2 /* CTPersistanceQueryCommand+DataManipulations.h in Headers */,
				7205239A1D473E66001EDBD2 /* CTPersistanceQueryCommand+ReadMethods.h in Headers */,
				7205239B1D473E66001EDBD2 /* CTPersistanceQueryCommand.h in Headers */,
				7205239C1D473E66001EDBD2 /* CTPersistanceVersionRecord.h in Headers */,
				7205239D1D473E66001EDBD2 /* CTPersistanceVersionTable.h in Headers */,
				7205239E1D473E66001EDBD2 /* CTPersistanceMigrator.h in Headers */,
				7205239F1D473E66001EDBD2 /* CTPersistanceCriteria.h in Headers */,
				720523A01D473E66001EDBD2 /* CTPersistance.h in Headers */,
				720523A11D473E66001EDBD2 /* CTPersistanceConfiguration.h in Headers */,
				720523A21D473E66001EDBD2 /* CTPersistanceMarcos.h in Headers */,
			);
			runOnlyForDeploymentPostprocessing = 0;
		};
		721CEE781D47497800EBE9CC /* Headers */ = {
			isa = PBXHeadersBuildPhase;
			buildActionMask = 2147483647;
			files = (
				721CEE7E1D47497800EBE9CC /* CTFrameworkTest.h in Headers */,
				721CEE9A1D474D5800EBE9CC /* TestRecord.h in Headers */,
				721CEE9B1D474D5800EBE9CC /* TestTable.h in Headers */,
				721CEE9F1D474D5800EBE9CC /* TestInsertData.h in Headers */,
				721CEE9E1D474D5800EBE9CC /* TestFetchData.h in Headers */,
				721CEEA01D474D5800EBE9CC /* TestCaseRecord.h in Headers */,
				721CEEA11D474D5800EBE9CC /* TestCaseTransaction.h in Headers */,
				721CEE9C1D474D5800EBE9CC /* TestUpdateData.h in Headers */,
				721CEE9D1D474D5800EBE9CC /* TestDeleteData.h in Headers */,
				721CEE991D474D5800EBE9CC /* TestMigrator.h in Headers */,
				721CEE951D474D5800EBE9CC /* TestCaseAsync.h in Headers */,
				721CEE961D474D5800EBE9CC /* TestCaseWhereCondition.h in Headers */,
				721CEE971D474D5800EBE9CC /* MigrationStep1_0.h in Headers */,
				721CEE981D474D5800EBE9CC /* MigrationStep2_0.h in Headers */,
			);
			runOnlyForDeploymentPostprocessing = 0;
		};
/* End PBXHeadersBuildPhase section */

/* Begin PBXNativeTarget section */
		4AD2D6561BBFCD5E00E1F37D /* CTPersistance */ = {
			isa = PBXNativeTarget;
			buildConfigurationList = 4AD2D66E1BBFCD5E00E1F37D /* Build configuration list for PBXNativeTarget "CTPersistance" */;
			buildPhases = (
				4AD2D6531BBFCD5E00E1F37D /* Sources */,
				4AD2D6541BBFCD5E00E1F37D /* Frameworks */,
				4AD2D6551BBFCD5E00E1F37D /* Resources */,
				720523B61D4743A2001EDBD2 /* Embed Frameworks */,
			);
			buildRules = (
			);
			dependencies = (
			);
			name = CTPersistance;
			productName = CTPersistance;
			productReference = 4AD2D6571BBFCD5E00E1F37D /* CTPersistance.app */;
			productType = "com.apple.product-type.application";
		};
		720523311D473D30001EDBD2 /* SwiftDemo */ = {
			isa = PBXNativeTarget;
			buildConfigurationList = 720523431D473D30001EDBD2 /* Build configuration list for PBXNativeTarget "SwiftDemo" */;
			buildPhases = (
				7205232E1D473D30001EDBD2 /* Sources */,
				7205232F1D473D30001EDBD2 /* Frameworks */,
				720523301D473D30001EDBD2 /* Resources */,
				720523571D473D8A001EDBD2 /* Embed Frameworks */,
			);
			buildRules = (
			);
			dependencies = (
				720523511D473D8A001EDBD2 /* PBXTargetDependency */,
				721CEE811D47497800EBE9CC /* PBXTargetDependency */,
			);
			name = SwiftDemo;
			productName = SwiftDemo;
			productReference = 720523321D473D30001EDBD2 /* SwiftDemo.app */;
			productType = "com.apple.product-type.application";
		};
		7205234A1D473D8A001EDBD2 /* CTFramework */ = {
			isa = PBXNativeTarget;
			buildConfigurationList = 720523541D473D8A001EDBD2 /* Build configuration list for PBXNativeTarget "CTFramework" */;
			buildPhases = (
				720523461D473D8A001EDBD2 /* Sources */,
				720523471D473D8A001EDBD2 /* Frameworks */,
				720523481D473D8A001EDBD2 /* Headers */,
				720523491D473D8A001EDBD2 /* Resources */,
			);
			buildRules = (
			);
			dependencies = (
			);
			name = CTFramework;
			productName = CTFramework;
			productReference = 7205234B1D473D8A001EDBD2 /* CTFramework.framework */;
			productType = "com.apple.product-type.framework";
		};
		721CEE7A1D47497800EBE9CC /* CTFrameworkTest */ = {
			isa = PBXNativeTarget;
			buildConfigurationList = 721CEE841D47497800EBE9CC /* Build configuration list for PBXNativeTarget "CTFrameworkTest" */;
			buildPhases = (
				721CEE761D47497800EBE9CC /* Sources */,
				721CEE771D47497800EBE9CC /* Frameworks */,
				721CEE781D47497800EBE9CC /* Headers */,
				721CEE791D47497800EBE9CC /* Resources */,
			);
			buildRules = (
			);
			dependencies = (
			);
			name = CTFrameworkTest;
			productName = CTFrameworkTest;
			productReference = 721CEE7B1D47497800EBE9CC /* CTFrameworkTest.framework */;
			productType = "com.apple.product-type.framework";
		};
/* End PBXNativeTarget section */

/* Begin PBXProject section */
		4AD2D64F1BBFCD5E00E1F37D /* Project object */ = {
			isa = PBXProject;
			attributes = {
				LastSwiftUpdateCheck = 0730;
				LastUpgradeCheck = 0810;
				ORGANIZATIONNAME = casa;
				TargetAttributes = {
					4AD2D6561BBFCD5E00E1F37D = {
						CreatedOnToolsVersion = 7.0.1;
					};
					720523311D473D30001EDBD2 = {
						CreatedOnToolsVersion = 7.3;
					};
					7205234A1D473D8A001EDBD2 = {
						CreatedOnToolsVersion = 7.3;
					};
					721CEE7A1D47497800EBE9CC = {
						CreatedOnToolsVersion = 7.3;
					};
				};
			};
			buildConfigurationList = 4AD2D6521BBFCD5E00E1F37D /* Build configuration list for PBXProject "CTPersistance" */;
			compatibilityVersion = "Xcode 3.2";
			developmentRegion = English;
			hasScannedForEncodings = 0;
			knownRegions = (
				en,
				Base,
			);
			mainGroup = 4AD2D64E1BBFCD5E00E1F37D;
			productRefGroup = 4AD2D6581BBFCD5E00E1F37D /* Products */;
			projectDirPath = "";
			projectRoot = "";
			targets = (
				4AD2D6561BBFCD5E00E1F37D /* CTPersistance */,
				720523311D473D30001EDBD2 /* SwiftDemo */,
				7205234A1D473D8A001EDBD2 /* CTFramework */,
				721CEE7A1D47497800EBE9CC /* CTFrameworkTest */,
			);
		};
/* End PBXProject section */

/* Begin PBXResourcesBuildPhase section */
		4AD2D6551BBFCD5E00E1F37D /* Resources */ = {
			isa = PBXResourcesBuildPhase;
			buildActionMask = 2147483647;
			files = (
				4A9E4FE51BC4C76D0009E111 /* CTPersistanceConfiguration.plist in Resources */,
			);
			runOnlyForDeploymentPostprocessing = 0;
		};
		720523301D473D30001EDBD2 /* Resources */ = {
			isa = PBXResourcesBuildPhase;
			buildActionMask = 2147483647;
			files = (
			);
			runOnlyForDeploymentPostprocessing = 0;
		};
		720523491D473D8A001EDBD2 /* Resources */ = {
			isa = PBXResourcesBuildPhase;
			buildActionMask = 2147483647;
			files = (
			);
			runOnlyForDeploymentPostprocessing = 0;
		};
		721CEE791D47497800EBE9CC /* Resources */ = {
			isa = PBXResourcesBuildPhase;
			buildActionMask = 2147483647;
			files = (
				721CEEA21D474D7C00EBE9CC /* CTPersistanceConfiguration.plist in Resources */,
			);
			runOnlyForDeploymentPostprocessing = 0;
		};
/* End PBXResourcesBuildPhase section */

/* Begin PBXSourcesBuildPhase section */
		4AD2D6531BBFCD5E00E1F37D /* Sources */ = {
			isa = PBXSourcesBuildPhase;
			buildActionMask = 2147483647;
			files = (
				4AFEFD0B1BCFE8B900751D82 /* TestCaseWhereCondition.m in Sources */,
				4A9E4FFD1BC4DA850009E111 /* MigrationStep1_0.m in Sources */,
				4AF066451BC281F00042288C /* CTPersistanceQueryCommand+DataManipulations.m in Sources */,
				4AF066421BC2819D0042288C /* CTPersistanceQueryCommand+ReadMethods.m in Sources */,
				4A9E4FF11BC4CF770009E111 /* CTPersistanceVersionTable.m in Sources */,
				4A925BA51BC2EDB500CC3244 /* CTPersistanceTable+Delete.m in Sources */,
				4ADCE5BA1BCD462000E54458 /* CTPersistanceTransaction.m in Sources */,
				4A925BB51BC38F5000CC3244 /* CTPersistanceRecord.m in Sources */,
				4A925B991BC2DFC500CC3244 /* CTPersistanceTable.m in Sources */,
				4A925BAB1BC2EDCE00CC3244 /* CTPersistanceTable+Insert.m in Sources */,
				4AF066281BC217280042288C /* CTPersistanceDatabasePool.m in Sources */,
				4A9E4FE91BC4CCB90009E111 /* TestMigrator.m in Sources */,
				4A5DD9361BD90A1400934C27 /* TestCaseAsync.m in Sources */,
				4AD2D65C1BBFCD5E00E1F37D /* main.m in Sources */,
				4A925BA81BC2EDC300CC3244 /* CTPersistanceTable+Find.m in Sources */,
				4A7A7F621BCBD92400A480C7 /* TestFetchData.m in Sources */,
				4A7A7F641BCBD92400A480C7 /* TestCaseRecord.m in Sources */,
				4A925BBD1BC3A0C500CC3244 /* NSString+SQL.m in Sources */,
				4A9E50001BC4DA980009E111 /* MigrationStep2_0.m in Sources */,
				4A925BCB1BC3E83D00CC3244 /* TestTable.m in Sources */,
				4AF066271BC217280042288C /* CTPersistanceDataBase.m in Sources */,
				4A7A7F651BCBD92400A480C7 /* TestUpdateData.m in Sources */,
				4AF066291BC217280042288C /* CTPersistanceMigrator.m in Sources */,
				4A7A7F631BCBD92400A480C7 /* TestInsertData.m in Sources */,
				4A925BC21BC3AA4100CC3244 /* NSArray+CTPersistanceRecordTransform.m in Sources */,
				4AF066381BC276C40042288C /* CTPersistanceQueryCommand.m in Sources */,
				4A1F7DC31BD1CB8400A7C2C4 /* CTPersistanceAsyncExecutor.m in Sources */,
				4A925BB91BC39CCD00CC3244 /* CTPersistanceCriteria.m in Sources */,
				4AF0664C1BC2821B0042288C /* CTPersistanceQueryCommand+SchemaManipulations.m in Sources */,
				4A925BCA1BC3E83D00CC3244 /* TestRecord.m in Sources */,
				4A7A7F741BCC04A900A480C7 /* CTPersistanceQueryCommand+Status.m in Sources */,
				4A9E4FE31BC4C3F60009E111 /* NSString+ReqularExpression.m in Sources */,
				4A9E4FF41BC4CFA00009E111 /* CTPersistanceVersionRecord.m in Sources */,
				4A7A7F611BCBD92400A480C7 /* TestDeleteData.m in Sources */,
				4A7A7F681BCBD94700A480C7 /* TestCaseTransaction.m in Sources */,
				4A925BAE1BC2EDDA00CC3244 /* CTPersistanceTable+Update.m in Sources */,
			);
			runOnlyForDeploymentPostprocessing = 0;
		};
		7205232E1D473D30001EDBD2 /* Sources */ = {
			isa = PBXSourcesBuildPhase;
			buildActionMask = 2147483647;
			files = (
				720523451D473D3F001EDBD2 /* main.swift in Sources */,
			);
			runOnlyForDeploymentPostprocessing = 0;
		};
		720523461D473D8A001EDBD2 /* Sources */ = {
			isa = PBXSourcesBuildPhase;
			buildActionMask = 2147483647;
			files = (
				720523591D473DB2001EDBD2 /* CTPersistanceAsyncExecutor.m in Sources */,
				7205235B1D473DB2001EDBD2 /* CTPersistanceTransaction.m in Sources */,
				7205235D1D473DB2001EDBD2 /* NSArray+CTPersistanceRecordTransform.m in Sources */,
				7205235F1D473DB2001EDBD2 /* NSString+ReqularExpression.m in Sources */,
				720523611D473DB2001EDBD2 /* NSString+SQL.m in Sources */,
				720523631D473DB2001EDBD2 /* CTPersistanceDataBase.m in Sources */,
				720523651D473DB2001EDBD2 /* CTPersistanceDatabasePool.m in Sources */,
				720523671D473DB2001EDBD2 /* CTPersistanceTable+Delete.m in Sources */,
				720523691D473DB2001EDBD2 /* CTPersistanceTable+Find.m in Sources */,
				7205236B1D473DB2001EDBD2 /* CTPersistanceTable+Insert.m in Sources */,
				7205236D1D473DB2001EDBD2 /* CTPersistanceTable+Update.m in Sources */,
				7205236F1D473DB2001EDBD2 /* CTPersistanceTable.m in Sources */,
				720523721D473DB2001EDBD2 /* CTPersistanceRecord.m in Sources */,
				720523741D473DB2001EDBD2 /* CTPersistanceQueryCommand+Status.m in Sources */,
				720523761D473DB2001EDBD2 /* CTPersistanceQueryCommand+SchemaManipulations.m in Sources */,
				720523781D473DB2001EDBD2 /* CTPersistanceQueryCommand+DataManipulations.m in Sources */,
				7205237A1D473DB2001EDBD2 /* CTPersistanceQueryCommand+ReadMethods.m in Sources */,
				7205237C1D473DB2001EDBD2 /* CTPersistanceQueryCommand.m in Sources */,
				7205237E1D473DB2001EDBD2 /* CTPersistanceVersionRecord.m in Sources */,
				720523801D473DB2001EDBD2 /* CTPersistanceVersionTable.m in Sources */,
				720523821D473DB2001EDBD2 /* CTPersistanceMigrator.m in Sources */,
				720523841D473DB2001EDBD2 /* CTPersistanceCriteria.m in Sources */,
			);
			runOnlyForDeploymentPostprocessing = 0;
		};
		721CEE761D47497800EBE9CC /* Sources */ = {
			isa = PBXSourcesBuildPhase;
			buildActionMask = 2147483647;
			files = (
				721CEE881D474D3400EBE9CC /* TestCaseAsync.m in Sources */,
				721CEE891D474D3400EBE9CC /* TestCaseWhereCondition.m in Sources */,
				721CEE8A1D474D3400EBE9CC /* MigrationStep1_0.m in Sources */,
				721CEE8B1D474D3400EBE9CC /* MigrationStep2_0.m in Sources */,
				721CEE8C1D474D3400EBE9CC /* TestMigrator.m in Sources */,
				721CEE8D1D474D3400EBE9CC /* TestRecord.m in Sources */,
				721CEE8E1D474D3400EBE9CC /* TestTable.m in Sources */,
				721CEE8F1D474D3400EBE9CC /* TestUpdateData.m in Sources */,
				721CEE901D474D3400EBE9CC /* TestDeleteData.m in Sources */,
				721CEE911D474D3400EBE9CC /* TestFetchData.m in Sources */,
				721CEE921D474D3400EBE9CC /* TestInsertData.m in Sources */,
				721CEE931D474D3400EBE9CC /* TestCaseRecord.m in Sources */,
				721CEE941D474D3400EBE9CC /* TestCaseTransaction.m in Sources */,
			);
			runOnlyForDeploymentPostprocessing = 0;
		};
/* End PBXSourcesBuildPhase section */

/* Begin PBXTargetDependency section */
		720523511D473D8A001EDBD2 /* PBXTargetDependency */ = {
			isa = PBXTargetDependency;
			target = 7205234A1D473D8A001EDBD2 /* CTFramework */;
			targetProxy = 720523501D473D8A001EDBD2 /* PBXContainerItemProxy */;
		};
		721CEE811D47497800EBE9CC /* PBXTargetDependency */ = {
			isa = PBXTargetDependency;
			target = 721CEE7A1D47497800EBE9CC /* CTFrameworkTest */;
			targetProxy = 721CEE801D47497800EBE9CC /* PBXContainerItemProxy */;
		};
/* End PBXTargetDependency section */

/* Begin XCBuildConfiguration section */
		4AD2D66C1BBFCD5E00E1F37D /* Debug */ = {
			isa = XCBuildConfiguration;
			buildSettings = {
				ALWAYS_SEARCH_USER_PATHS = NO;
				CLANG_CXX_LANGUAGE_STANDARD = "gnu++0x";
				CLANG_CXX_LIBRARY = "libc++";
				CLANG_ENABLE_MODULES = YES;
				CLANG_ENABLE_OBJC_ARC = YES;
				CLANG_WARN_BOOL_CONVERSION = YES;
				CLANG_WARN_CONSTANT_CONVERSION = YES;
				CLANG_WARN_DIRECT_OBJC_ISA_USAGE = YES_ERROR;
				CLANG_WARN_EMPTY_BODY = YES;
				CLANG_WARN_ENUM_CONVERSION = YES;
				CLANG_WARN_INFINITE_RECURSION = YES;
				CLANG_WARN_INT_CONVERSION = YES;
				CLANG_WARN_OBJC_ROOT_CLASS = YES_ERROR;
				CLANG_WARN_SUSPICIOUS_MOVE = YES;
				CLANG_WARN_UNREACHABLE_CODE = YES;
				CLANG_WARN__DUPLICATE_METHOD_MATCH = YES;
				"CODE_SIGN_IDENTITY[sdk=iphoneos*]" = "iPhone Developer";
				COPY_PHASE_STRIP = NO;
				DEBUG_INFORMATION_FORMAT = dwarf;
				ENABLE_STRICT_OBJC_MSGSEND = YES;
				ENABLE_TESTABILITY = YES;
				GCC_C_LANGUAGE_STANDARD = gnu99;
				GCC_DYNAMIC_NO_PIC = NO;
				GCC_NO_COMMON_BLOCKS = YES;
				GCC_OPTIMIZATION_LEVEL = 0;
				GCC_PREPROCESSOR_DEFINITIONS = (
					"DEBUG=1",
					"$(inherited)",
				);
				GCC_WARN_64_TO_32_BIT_CONVERSION = YES;
				GCC_WARN_ABOUT_RETURN_TYPE = YES_ERROR;
				GCC_WARN_UNDECLARED_SELECTOR = YES;
				GCC_WARN_UNINITIALIZED_AUTOS = YES_AGGRESSIVE;
				GCC_WARN_UNUSED_FUNCTION = YES;
				GCC_WARN_UNUSED_VARIABLE = YES;
				IPHONEOS_DEPLOYMENT_TARGET = 9.0;
				MTL_ENABLE_DEBUG_INFO = YES;
				ONLY_ACTIVE_ARCH = YES;
				SDKROOT = iphoneos;
			};
			name = Debug;
		};
		4AD2D66D1BBFCD5E00E1F37D /* Release */ = {
			isa = XCBuildConfiguration;
			buildSettings = {
				ALWAYS_SEARCH_USER_PATHS = NO;
				CLANG_CXX_LANGUAGE_STANDARD = "gnu++0x";
				CLANG_CXX_LIBRARY = "libc++";
				CLANG_ENABLE_MODULES = YES;
				CLANG_ENABLE_OBJC_ARC = YES;
				CLANG_WARN_BOOL_CONVERSION = YES;
				CLANG_WARN_CONSTANT_CONVERSION = YES;
				CLANG_WARN_DIRECT_OBJC_ISA_USAGE = YES_ERROR;
				CLANG_WARN_EMPTY_BODY = YES;
				CLANG_WARN_ENUM_CONVERSION = YES;
				CLANG_WARN_INFINITE_RECURSION = YES;
				CLANG_WARN_INT_CONVERSION = YES;
				CLANG_WARN_OBJC_ROOT_CLASS = YES_ERROR;
				CLANG_WARN_SUSPICIOUS_MOVE = YES;
				CLANG_WARN_UNREACHABLE_CODE = YES;
				CLANG_WARN__DUPLICATE_METHOD_MATCH = YES;
				"CODE_SIGN_IDENTITY[sdk=iphoneos*]" = "iPhone Developer";
				COPY_PHASE_STRIP = NO;
				DEBUG_INFORMATION_FORMAT = "dwarf-with-dsym";
				ENABLE_NS_ASSERTIONS = NO;
				ENABLE_STRICT_OBJC_MSGSEND = YES;
				GCC_C_LANGUAGE_STANDARD = gnu99;
				GCC_NO_COMMON_BLOCKS = YES;
				GCC_WARN_64_TO_32_BIT_CONVERSION = YES;
				GCC_WARN_ABOUT_RETURN_TYPE = YES_ERROR;
				GCC_WARN_UNDECLARED_SELECTOR = YES;
				GCC_WARN_UNINITIALIZED_AUTOS = YES_AGGRESSIVE;
				GCC_WARN_UNUSED_FUNCTION = YES;
				GCC_WARN_UNUSED_VARIABLE = YES;
				IPHONEOS_DEPLOYMENT_TARGET = 9.0;
				MTL_ENABLE_DEBUG_INFO = NO;
				SDKROOT = iphoneos;
				SWIFT_OPTIMIZATION_LEVEL = "-Owholemodule";
				VALIDATE_PRODUCT = YES;
			};
			name = Release;
		};
		4AD2D66F1BBFCD5E00E1F37D /* Debug */ = {
			isa = XCBuildConfiguration;
			buildSettings = {
				ASSETCATALOG_COMPILER_APPICON_NAME = AppIcon;
				INFOPLIST_FILE = CTPersistance/Info.plist;
				IPHONEOS_DEPLOYMENT_TARGET = 9.3;
				LD_RUNPATH_SEARCH_PATHS = "$(inherited) @executable_path/Frameworks";
				PRODUCT_BUNDLE_IDENTIFIER = casa.CTPersistance;
				PRODUCT_NAME = "$(TARGET_NAME)";
			};
			name = Debug;
		};
		4AD2D6701BBFCD5E00E1F37D /* Release */ = {
			isa = XCBuildConfiguration;
			buildSettings = {
				ASSETCATALOG_COMPILER_APPICON_NAME = AppIcon;
				INFOPLIST_FILE = CTPersistance/Info.plist;
				IPHONEOS_DEPLOYMENT_TARGET = 9.3;
				LD_RUNPATH_SEARCH_PATHS = "$(inherited) @executable_path/Frameworks";
				PRODUCT_BUNDLE_IDENTIFIER = casa.CTPersistance;
				PRODUCT_NAME = "$(TARGET_NAME)";
			};
			name = Release;
		};
		720523411D473D30001EDBD2 /* Debug */ = {
			isa = XCBuildConfiguration;
			buildSettings = {
				CLANG_ANALYZER_NONNULL = YES;
				CLANG_ENABLE_MODULES = YES;
				INFOPLIST_FILE = SwiftDemo/Info.plist;
				IPHONEOS_DEPLOYMENT_TARGET = 9.3;
				LD_RUNPATH_SEARCH_PATHS = "$(inherited) @executable_path/Frameworks";
				PRODUCT_BUNDLE_IDENTIFIER = welkiner.SwiftDemo;
				PRODUCT_NAME = "$(TARGET_NAME)";
				SWIFT_OPTIMIZATION_LEVEL = "-Onone";
			};
			name = Debug;
		};
		720523421D473D30001EDBD2 /* Release */ = {
			isa = XCBuildConfiguration;
			buildSettings = {
				CLANG_ANALYZER_NONNULL = YES;
				CLANG_ENABLE_MODULES = YES;
				INFOPLIST_FILE = SwiftDemo/Info.plist;
				IPHONEOS_DEPLOYMENT_TARGET = 9.3;
				LD_RUNPATH_SEARCH_PATHS = "$(inherited) @executable_path/Frameworks";
				PRODUCT_BUNDLE_IDENTIFIER = welkiner.SwiftDemo;
				PRODUCT_NAME = "$(TARGET_NAME)";
			};
			name = Release;
		};
		720523551D473D8A001EDBD2 /* Debug */ = {
			isa = XCBuildConfiguration;
			buildSettings = {
				CLANG_ANALYZER_NONNULL = YES;
				"CODE_SIGN_IDENTITY[sdk=iphoneos*]" = "";
				CURRENT_PROJECT_VERSION = 1;
				DEFINES_MODULE = YES;
				DYLIB_COMPATIBILITY_VERSION = 1;
				DYLIB_CURRENT_VERSION = 1;
				DYLIB_INSTALL_NAME_BASE = "@rpath";
				INFOPLIST_FILE = CTFramework/Info.plist;
				INSTALL_PATH = "$(LOCAL_LIBRARY_DIR)/Frameworks";
				IPHONEOS_DEPLOYMENT_TARGET = 9.3;
				LD_RUNPATH_SEARCH_PATHS = "$(inherited) @executable_path/Frameworks @loader_path/Frameworks";
				PRODUCT_BUNDLE_IDENTIFIER = welkiner.CTFramework;
				PRODUCT_NAME = "$(TARGET_NAME)";
				SKIP_INSTALL = YES;
				SWIFT_OPTIMIZATION_LEVEL = "-Onone";
				TARGETED_DEVICE_FAMILY = "1,2";
				VERSIONING_SYSTEM = "apple-generic";
				VERSION_INFO_PREFIX = "";
			};
			name = Debug;
		};
		720523561D473D8A001EDBD2 /* Release */ = {
			isa = XCBuildConfiguration;
			buildSettings = {
				CLANG_ANALYZER_NONNULL = YES;
				"CODE_SIGN_IDENTITY[sdk=iphoneos*]" = "";
				CURRENT_PROJECT_VERSION = 1;
				DEFINES_MODULE = YES;
				DYLIB_COMPATIBILITY_VERSION = 1;
				DYLIB_CURRENT_VERSION = 1;
				DYLIB_INSTALL_NAME_BASE = "@rpath";
				INFOPLIST_FILE = CTFramework/Info.plist;
				INSTALL_PATH = "$(LOCAL_LIBRARY_DIR)/Frameworks";
				IPHONEOS_DEPLOYMENT_TARGET = 9.3;
				LD_RUNPATH_SEARCH_PATHS = "$(inherited) @executable_path/Frameworks @loader_path/Frameworks";
				PRODUCT_BUNDLE_IDENTIFIER = welkiner.CTFramework;
				PRODUCT_NAME = "$(TARGET_NAME)";
				SKIP_INSTALL = YES;
				TARGETED_DEVICE_FAMILY = "1,2";
				VERSIONING_SYSTEM = "apple-generic";
				VERSION_INFO_PREFIX = "";
			};
			name = Release;
		};
		721CEE851D47497800EBE9CC /* Debug */ = {
			isa = XCBuildConfiguration;
			buildSettings = {
				CLANG_ANALYZER_NONNULL = YES;
				"CODE_SIGN_IDENTITY[sdk=iphoneos*]" = "";
				CURRENT_PROJECT_VERSION = 1;
				DEFINES_MODULE = YES;
				DYLIB_COMPATIBILITY_VERSION = 1;
				DYLIB_CURRENT_VERSION = 1;
				DYLIB_INSTALL_NAME_BASE = "@rpath";
				INFOPLIST_FILE = CTFrameworkTest/Info.plist;
				INSTALL_PATH = "$(LOCAL_LIBRARY_DIR)/Frameworks";
				IPHONEOS_DEPLOYMENT_TARGET = 9.3;
				LD_RUNPATH_SEARCH_PATHS = "$(inherited) @executable_path/Frameworks @loader_path/Frameworks";
				PRODUCT_BUNDLE_IDENTIFIER = welkiner.CTFrameworkTest;
				PRODUCT_NAME = "$(TARGET_NAME)";
				SKIP_INSTALL = YES;
				SWIFT_OPTIMIZATION_LEVEL = "-Onone";
				TARGETED_DEVICE_FAMILY = "1,2";
				VERSIONING_SYSTEM = "apple-generic";
				VERSION_INFO_PREFIX = "";
			};
			name = Debug;
		};
		721CEE861D47497800EBE9CC /* Release */ = {
			isa = XCBuildConfiguration;
			buildSettings = {
				CLANG_ANALYZER_NONNULL = YES;
				"CODE_SIGN_IDENTITY[sdk=iphoneos*]" = "";
				CURRENT_PROJECT_VERSION = 1;
				DEFINES_MODULE = YES;
				DYLIB_COMPATIBILITY_VERSION = 1;
				DYLIB_CURRENT_VERSION = 1;
				DYLIB_INSTALL_NAME_BASE = "@rpath";
				INFOPLIST_FILE = CTFrameworkTest/Info.plist;
				INSTALL_PATH = "$(LOCAL_LIBRARY_DIR)/Frameworks";
				IPHONEOS_DEPLOYMENT_TARGET = 9.3;
				LD_RUNPATH_SEARCH_PATHS = "$(inherited) @executable_path/Frameworks @loader_path/Frameworks";
				PRODUCT_BUNDLE_IDENTIFIER = welkiner.CTFrameworkTest;
				PRODUCT_NAME = "$(TARGET_NAME)";
				SKIP_INSTALL = YES;
				TARGETED_DEVICE_FAMILY = "1,2";
				VERSIONING_SYSTEM = "apple-generic";
				VERSION_INFO_PREFIX = "";
			};
			name = Release;
		};
/* End XCBuildConfiguration section */

/* Begin XCConfigurationList section */
		4AD2D6521BBFCD5E00E1F37D /* Build configuration list for PBXProject "CTPersistance" */ = {
			isa = XCConfigurationList;
			buildConfigurations = (
				4AD2D66C1BBFCD5E00E1F37D /* Debug */,
				4AD2D66D1BBFCD5E00E1F37D /* Release */,
			);
			defaultConfigurationIsVisible = 0;
			defaultConfigurationName = Release;
		};
		4AD2D66E1BBFCD5E00E1F37D /* Build configuration list for PBXNativeTarget "CTPersistance" */ = {
			isa = XCConfigurationList;
			buildConfigurations = (
				4AD2D66F1BBFCD5E00E1F37D /* Debug */,
				4AD2D6701BBFCD5E00E1F37D /* Release */,
			);
			defaultConfigurationIsVisible = 0;
			defaultConfigurationName = Release;
		};
		720523431D473D30001EDBD2 /* Build configuration list for PBXNativeTarget "SwiftDemo" */ = {
			isa = XCConfigurationList;
			buildConfigurations = (
				720523411D473D30001EDBD2 /* Debug */,
				720523421D473D30001EDBD2 /* Release */,
			);
			defaultConfigurationIsVisible = 0;
			defaultConfigurationName = Release;
		};
		720523541D473D8A001EDBD2 /* Build configuration list for PBXNativeTarget "CTFramework" */ = {
			isa = XCConfigurationList;
			buildConfigurations = (
				720523551D473D8A001EDBD2 /* Debug */,
				720523561D473D8A001EDBD2 /* Release */,
			);
			defaultConfigurationIsVisible = 0;
			defaultConfigurationName = Release;
		};
		721CEE841D47497800EBE9CC /* Build configuration list for PBXNativeTarget "CTFrameworkTest" */ = {
			isa = XCConfigurationList;
			buildConfigurations = (
				721CEE851D47497800EBE9CC /* Debug */,
				721CEE861D47497800EBE9CC /* Release */,
			);
			defaultConfigurationIsVisible = 0;
			defaultConfigurationName = Release;
		};
/* End XCConfigurationList section */
	};
	rootObject = 4AD2D64F1BBFCD5E00E1F37D /* Project object */;
}
